
Microsoft Visual Studio Solution File, Format Version 12.00
# Visual Studio 15
VisualStudioVersion = 15.0.27703.2042
MinimumVisualStudioVersion = 10.0.40219.1
Project("{FAE04EC0-301F-11D3-BF4B-00C04F79EFBC}") = "Doods.Xam.MonitorMyServer.Android", "Doods.Xam.MonitorMyServer\Doods.Xam.MonitorMyServer.Android\Doods.Xam.MonitorMyServer.Android.csproj", "{252F347B-DBB7-43C8-8E96-4590B1173C14}"
EndProject
Project("{FAE04EC0-301F-11D3-BF4B-00C04F79EFBC}") = "Doods.Xam.MonitorMyServer.iOS", "Doods.Xam.MonitorMyServer\Doods.Xam.MonitorMyServer.iOS\Doods.Xam.MonitorMyServer.iOS.csproj", "{4CCDB501-0DDD-40BC-87E1-8DD7A54DB362}"
EndProject
Project("{FAE04EC0-301F-11D3-BF4B-00C04F79EFBC}") = "Doods.Xam.MonitorMyServer.UWP", "Doods.Xam.MonitorMyServer\Doods.Xam.MonitorMyServer.UWP\Doods.Xam.MonitorMyServer.UWP.csproj", "{B3AD7300-442D-492E-B653-7362C42EEFDE}"
EndProject
Project("{9A19103F-16F7-4668-BE54-9A1E7A4F7556}") = "Doods.Xam.MonitorMyServer", "Doods.Xam.MonitorMyServer\Doods.Xam.MonitorMyServer\Doods.Xam.MonitorMyServer.csproj", "{C34D6358-CA52-41CB-BB4C-DBCA6B103B99}"
EndProject
Project("{2150E333-8FDC-42A3-9474-1A3956D46DE8}") = "Framework", "Framework", "{C9FE465C-71B9-4637-B434-71DB4E535935}"
EndProject
Project("{9A19103F-16F7-4668-BE54-9A1E7A4F7556}") = "Doods.Framework.Std", "..\Doods.Frameworks.Std\Doods.Framework.Std\Doods.Framework.Std.csproj", "{59006901-8EA2-4CD1-A283-301563A9BCC9}"
EndProject
Project("{9A19103F-16F7-4668-BE54-9A1E7A4F7556}") = "Doods.Framework.Repository.Std", "..\Doods.Frameworks.Std\Doods.Framework.Repository.Std\Doods.Framework.Repository.Std.csproj", "{3E255E79-4E55-45A8-B086-912A23DEBA7C}"
EndProject
Project("{9A19103F-16F7-4668-BE54-9A1E7A4F7556}") = "Doods.Framework.Mobile.Std", "..\Doods.Frameworks.Std\Doods.Framework.Mobile.Std\Doods.Framework.Mobile.Std.csproj", "{B2A65829-856A-4134-8F1F-3E18243EBF2F}"
EndProject
Project("{FAE04EC0-301F-11D3-BF4B-00C04F79EFBC}") = "Doods.Framework.Ssh.Std", "tmp\Doods.Framework.Ssh.Std.csproj", "{798A380D-A201-4965-B652-1C73D24EEF6E}"
EndProject
Global
	GlobalSection(SolutionConfigurationPlatforms) = preSolution
		Ad-Hoc|Any CPU = Ad-Hoc|Any CPU
		Ad-Hoc|ARM = Ad-Hoc|ARM
		Ad-Hoc|iPhone = Ad-Hoc|iPhone
		Ad-Hoc|iPhoneSimulator = Ad-Hoc|iPhoneSimulator
		Ad-Hoc|x64 = Ad-Hoc|x64
		Ad-Hoc|x86 = Ad-Hoc|x86
		AppStore|Any CPU = AppStore|Any CPU
		AppStore|ARM = AppStore|ARM
		AppStore|iPhone = AppStore|iPhone
		AppStore|iPhoneSimulator = AppStore|iPhoneSimulator
		AppStore|x64 = AppStore|x64
		AppStore|x86 = AppStore|x86
		Debug|Any CPU = Debug|Any CPU
		Debug|ARM = Debug|ARM
		Debug|iPhone = Debug|iPhone
		Debug|iPhoneSimulator = Debug|iPhoneSimulator
		Debug|x64 = Debug|x64
		Debug|x86 = Debug|x86
		Release|Any CPU = Release|Any CPU
		Release|ARM = Release|ARM
		Release|iPhone = Release|iPhone
		Release|iPhoneSimulator = Release|iPhoneSimulator
		Release|x64 = Release|x64
		Release|x86 = Release|x86
	EndGlobalSection
	GlobalSection(ProjectConfigurationPlatforms) = postSolution
		{252F347B-DBB7-43C8-8E96-4590B1173C14}.Ad-Hoc|Any CPU.ActiveCfg = Release|Any CPU
		{252F347B-DBB7-43C8-8E96-4590B1173C14}.Ad-Hoc|Any CPU.Build.0 = Release|Any CPU
		{252F347B-DBB7-43C8-8E96-4590B1173C14}.Ad-Hoc|Any CPU.Deploy.0 = Release|Any CPU
		{252F347B-DBB7-43C8-8E96-4590B1173C14}.Ad-Hoc|ARM.ActiveCfg = Release|Any CPU
		{252F347B-DBB7-43C8-8E96-4590B1173C14}.Ad-Hoc|ARM.Build.0 = Release|Any CPU
		{252F347B-DBB7-43C8-8E96-4590B1173C14}.Ad-Hoc|ARM.Deploy.0 = Release|Any CPU
		{252F347B-DBB7-43C8-8E96-4590B1173C14}.Ad-Hoc|iPhone.ActiveCfg = Release|Any CPU
		{252F347B-DBB7-43C8-8E96-4590B1173C14}.Ad-Hoc|iPhone.Build.0 = Release|Any CPU
		{252F347B-DBB7-43C8-8E96-4590B1173C14}.Ad-Hoc|iPhone.Deploy.0 = Release|Any CPU
		{252F347B-DBB7-43C8-8E96-4590B1173C14}.Ad-Hoc|iPhoneSimulator.ActiveCfg = Release|Any CPU
		{252F347B-DBB7-43C8-8E96-4590B1173C14}.Ad-Hoc|iPhoneSimulator.Build.0 = Release|Any CPU
		{252F347B-DBB7-43C8-8E96-4590B1173C14}.Ad-Hoc|iPhoneSimulator.Deploy.0 = Release|Any CPU
		{252F347B-DBB7-43C8-8E96-4590B1173C14}.Ad-Hoc|x64.ActiveCfg = Release|Any CPU
		{252F347B-DBB7-43C8-8E96-4590B1173C14}.Ad-Hoc|x64.Build.0 = Release|Any CPU
		{252F347B-DBB7-43C8-8E96-4590B1173C14}.Ad-Hoc|x64.Deploy.0 = Release|Any CPU
		{252F347B-DBB7-43C8-8E96-4590B1173C14}.Ad-Hoc|x86.ActiveCfg = Release|Any CPU
		{252F347B-DBB7-43C8-8E96-4590B1173C14}.Ad-Hoc|x86.Build.0 = Release|Any CPU
		{252F347B-DBB7-43C8-8E96-4590B1173C14}.Ad-Hoc|x86.Deploy.0 = Release|Any CPU
		{252F347B-DBB7-43C8-8E96-4590B1173C14}.AppStore|Any CPU.ActiveCfg = Release|Any CPU
		{252F347B-DBB7-43C8-8E96-4590B1173C14}.AppStore|Any CPU.Build.0 = Release|Any CPU
		{252F347B-DBB7-43C8-8E96-4590B1173C14}.AppStore|Any CPU.Deploy.0 = Release|Any CPU
		{252F347B-DBB7-43C8-8E96-4590B1173C14}.AppStore|ARM.ActiveCfg = Release|Any CPU
		{252F347B-DBB7-43C8-8E96-4590B1173C14}.AppStore|ARM.Build.0 = Release|Any CPU
		{252F347B-DBB7-43C8-8E96-4590B1173C14}.AppStore|ARM.Deploy.0 = Release|Any CPU
		{252F347B-DBB7-43C8-8E96-4590B1173C14}.AppStore|iPhone.ActiveCfg = Release|Any CPU
		{252F347B-DBB7-43C8-8E96-4590B1173C14}.AppStore|iPhone.Build.0 = Release|Any CPU
		{252F347B-DBB7-43C8-8E96-4590B1173C14}.AppStore|iPhone.Deploy.0 = Release|Any CPU
		{252F347B-DBB7-43C8-8E96-4590B1173C14}.AppStore|iPhoneSimulator.ActiveCfg = Release|Any CPU
		{252F347B-DBB7-43C8-8E96-4590B1173C14}.AppStore|iPhoneSimulator.Build.0 = Release|Any CPU
		{252F347B-DBB7-43C8-8E96-4590B1173C14}.AppStore|iPhoneSimulator.Deploy.0 = Release|Any CPU
		{252F347B-DBB7-43C8-8E96-4590B1173C14}.AppStore|x64.ActiveCfg = Release|Any CPU
		{252F347B-DBB7-43C8-8E96-4590B1173C14}.AppStore|x64.Build.0 = Release|Any CPU
		{252F347B-DBB7-43C8-8E96-4590B1173C14}.AppStore|x64.Deploy.0 = Release|Any CPU
		{252F347B-DBB7-43C8-8E96-4590B1173C14}.AppStore|x86.ActiveCfg = Release|Any CPU
		{252F347B-DBB7-43C8-8E96-4590B1173C14}.AppStore|x86.Build.0 = Release|Any CPU
		{252F347B-DBB7-43C8-8E96-4590B1173C14}.AppStore|x86.Deploy.0 = Release|Any CPU
		{252F347B-DBB7-43C8-8E96-4590B1173C14}.Debug|Any CPU.ActiveCfg = Debug|Any CPU
		{252F347B-DBB7-43C8-8E96-4590B1173C14}.Debug|Any CPU.Build.0 = Debug|Any CPU
		{252F347B-DBB7-43C8-8E96-4590B1173C14}.Debug|Any CPU.Deploy.0 = Debug|Any CPU
		{252F347B-DBB7-43C8-8E96-4590B1173C14}.Debug|ARM.ActiveCfg = Debug|Any CPU
		{252F347B-DBB7-43C8-8E96-4590B1173C14}.Debug|ARM.Build.0 = Debug|Any CPU
		{252F347B-DBB7-43C8-8E96-4590B1173C14}.Debug|ARM.Deploy.0 = Debug|Any CPU
		{252F347B-DBB7-43C8-8E96-4590B1173C14}.Debug|iPhone.ActiveCfg = Debug|Any CPU
		{252F347B-DBB7-43C8-8E96-4590B1173C14}.Debug|iPhone.Build.0 = Debug|Any CPU
		{252F347B-DBB7-43C8-8E96-4590B1173C14}.Debug|iPhone.Deploy.0 = Debug|Any CPU
		{252F347B-DBB7-43C8-8E96-4590B1173C14}.Debug|iPhoneSimulator.ActiveCfg = Debug|Any CPU
		{252F347B-DBB7-43C8-8E96-4590B1173C14}.Debug|iPhoneSimulator.Build.0 = Debug|Any CPU
		{252F347B-DBB7-43C8-8E96-4590B1173C14}.Debug|iPhoneSimulator.Deploy.0 = Debug|Any CPU
		{252F347B-DBB7-43C8-8E96-4590B1173C14}.Debug|x64.ActiveCfg = Debug|Any CPU
		{252F347B-DBB7-43C8-8E96-4590B1173C14}.Debug|x64.Build.0 = Debug|Any CPU
		{252F347B-DBB7-43C8-8E96-4590B1173C14}.Debug|x64.Deploy.0 = Debug|Any CPU
		{252F347B-DBB7-43C8-8E96-4590B1173C14}.Debug|x86.ActiveCfg = Debug|Any CPU
		{252F347B-DBB7-43C8-8E96-4590B1173C14}.Debug|x86.Build.0 = Debug|Any CPU
		{252F347B-DBB7-43C8-8E96-4590B1173C14}.Debug|x86.Deploy.0 = Debug|Any CPU
		{252F347B-DBB7-43C8-8E96-4590B1173C14}.Release|Any CPU.ActiveCfg = Release|Any CPU
		{252F347B-DBB7-43C8-8E96-4590B1173C14}.Release|Any CPU.Build.0 = Release|Any CPU
		{252F347B-DBB7-43C8-8E96-4590B1173C14}.Release|Any CPU.Deploy.0 = Release|Any CPU
		{252F347B-DBB7-43C8-8E96-4590B1173C14}.Release|ARM.ActiveCfg = Release|Any CPU
		{252F347B-DBB7-43C8-8E96-4590B1173C14}.Release|ARM.Build.0 = Release|Any CPU
		{252F347B-DBB7-43C8-8E96-4590B1173C14}.Release|ARM.Deploy.0 = Release|Any CPU
		{252F347B-DBB7-43C8-8E96-4590B1173C14}.Release|iPhone.ActiveCfg = Release|Any CPU
		{252F347B-DBB7-43C8-8E96-4590B1173C14}.Release|iPhone.Build.0 = Release|Any CPU
		{252F347B-DBB7-43C8-8E96-4590B1173C14}.Release|iPhone.Deploy.0 = Release|Any CPU
		{252F347B-DBB7-43C8-8E96-4590B1173C14}.Release|iPhoneSimulator.ActiveCfg = Release|Any CPU
		{252F347B-DBB7-43C8-8E96-4590B1173C14}.Release|iPhoneSimulator.Build.0 = Release|Any CPU
		{252F347B-DBB7-43C8-8E96-4590B1173C14}.Release|iPhoneSimulator.Deploy.0 = Release|Any CPU
		{252F347B-DBB7-43C8-8E96-4590B1173C14}.Release|x64.ActiveCfg = Release|Any CPU
		{252F347B-DBB7-43C8-8E96-4590B1173C14}.Release|x64.Build.0 = Release|Any CPU
		{252F347B-DBB7-43C8-8E96-4590B1173C14}.Release|x64.Deploy.0 = Release|Any CPU
		{252F347B-DBB7-43C8-8E96-4590B1173C14}.Release|x86.ActiveCfg = Release|Any CPU
		{252F347B-DBB7-43C8-8E96-4590B1173C14}.Release|x86.Build.0 = Release|Any CPU
		{252F347B-DBB7-43C8-8E96-4590B1173C14}.Release|x86.Deploy.0 = Release|Any CPU
		{4CCDB501-0DDD-40BC-87E1-8DD7A54DB362}.Ad-Hoc|Any CPU.ActiveCfg = Ad-Hoc|iPhone
		{4CCDB501-0DDD-40BC-87E1-8DD7A54DB362}.Ad-Hoc|Any CPU.Build.0 = Ad-Hoc|iPhone
		{4CCDB501-0DDD-40BC-87E1-8DD7A54DB362}.Ad-Hoc|Any CPU.Deploy.0 = Ad-Hoc|iPhone
		{4CCDB501-0DDD-40BC-87E1-8DD7A54DB362}.Ad-Hoc|ARM.ActiveCfg = Ad-Hoc|iPhone
		{4CCDB501-0DDD-40BC-87E1-8DD7A54DB362}.Ad-Hoc|ARM.Build.0 = Ad-Hoc|iPhone
		{4CCDB501-0DDD-40BC-87E1-8DD7A54DB362}.Ad-Hoc|ARM.Deploy.0 = Ad-Hoc|iPhone
		{4CCDB501-0DDD-40BC-87E1-8DD7A54DB362}.Ad-Hoc|iPhone.ActiveCfg = Ad-Hoc|iPhone
		{4CCDB501-0DDD-40BC-87E1-8DD7A54DB362}.Ad-Hoc|iPhone.Build.0 = Ad-Hoc|iPhone
		{4CCDB501-0DDD-40BC-87E1-8DD7A54DB362}.Ad-Hoc|iPhone.Deploy.0 = Ad-Hoc|iPhone
		{4CCDB501-0DDD-40BC-87E1-8DD7A54DB362}.Ad-Hoc|iPhoneSimulator.ActiveCfg = Ad-Hoc|iPhoneSimulator
		{4CCDB501-0DDD-40BC-87E1-8DD7A54DB362}.Ad-Hoc|iPhoneSimulator.Build.0 = Ad-Hoc|iPhoneSimulator
		{4CCDB501-0DDD-40BC-87E1-8DD7A54DB362}.Ad-Hoc|iPhoneSimulator.Deploy.0 = Ad-Hoc|iPhoneSimulator
		{4CCDB501-0DDD-40BC-87E1-8DD7A54DB362}.Ad-Hoc|x64.ActiveCfg = Ad-Hoc|iPhone
		{4CCDB501-0DDD-40BC-87E1-8DD7A54DB362}.Ad-Hoc|x64.Build.0 = Ad-Hoc|iPhone
		{4CCDB501-0DDD-40BC-87E1-8DD7A54DB362}.Ad-Hoc|x64.Deploy.0 = Ad-Hoc|iPhone
		{4CCDB501-0DDD-40BC-87E1-8DD7A54DB362}.Ad-Hoc|x86.ActiveCfg = Ad-Hoc|iPhone
		{4CCDB501-0DDD-40BC-87E1-8DD7A54DB362}.Ad-Hoc|x86.Build.0 = Ad-Hoc|iPhone
		{4CCDB501-0DDD-40BC-87E1-8DD7A54DB362}.Ad-Hoc|x86.Deploy.0 = Ad-Hoc|iPhone
		{4CCDB501-0DDD-40BC-87E1-8DD7A54DB362}.AppStore|Any CPU.ActiveCfg = AppStore|iPhone
		{4CCDB501-0DDD-40BC-87E1-8DD7A54DB362}.AppStore|Any CPU.Build.0 = AppStore|iPhone
		{4CCDB501-0DDD-40BC-87E1-8DD7A54DB362}.AppStore|Any CPU.Deploy.0 = AppStore|iPhone
		{4CCDB501-0DDD-40BC-87E1-8DD7A54DB362}.AppStore|ARM.ActiveCfg = AppStore|iPhone
		{4CCDB501-0DDD-40BC-87E1-8DD7A54DB362}.AppStore|ARM.Build.0 = AppStore|iPhone
		{4CCDB501-0DDD-40BC-87E1-8DD7A54DB362}.AppStore|ARM.Deploy.0 = AppStore|iPhone
		{4CCDB501-0DDD-40BC-87E1-8DD7A54DB362}.AppStore|iPhone.ActiveCfg = AppStore|iPhone
		{4CCDB501-0DDD-40BC-87E1-8DD7A54DB362}.AppStore|iPhone.Build.0 = AppStore|iPhone
		{4CCDB501-0DDD-40BC-87E1-8DD7A54DB362}.AppStore|iPhone.Deploy.0 = AppStore|iPhone
		{4CCDB501-0DDD-40BC-87E1-8DD7A54DB362}.AppStore|iPhoneSimulator.ActiveCfg = AppStore|iPhoneSimulator
		{4CCDB501-0DDD-40BC-87E1-8DD7A54DB362}.AppStore|iPhoneSimulator.Build.0 = AppStore|iPhoneSimulator
		{4CCDB501-0DDD-40BC-87E1-8DD7A54DB362}.AppStore|iPhoneSimulator.Deploy.0 = AppStore|iPhoneSimulator
		{4CCDB501-0DDD-40BC-87E1-8DD7A54DB362}.AppStore|x64.ActiveCfg = AppStore|iPhone
		{4CCDB501-0DDD-40BC-87E1-8DD7A54DB362}.AppStore|x64.Build.0 = AppStore|iPhone
		{4CCDB501-0DDD-40BC-87E1-8DD7A54DB362}.AppStore|x64.Deploy.0 = AppStore|iPhone
		{4CCDB501-0DDD-40BC-87E1-8DD7A54DB362}.AppStore|x86.ActiveCfg = AppStore|iPhone
		{4CCDB501-0DDD-40BC-87E1-8DD7A54DB362}.AppStore|x86.Build.0 = AppStore|iPhone
		{4CCDB501-0DDD-40BC-87E1-8DD7A54DB362}.AppStore|x86.Deploy.0 = AppStore|iPhone
		{4CCDB501-0DDD-40BC-87E1-8DD7A54DB362}.Debug|Any CPU.ActiveCfg = Debug|iPhoneSimulator
		{4CCDB501-0DDD-40BC-87E1-8DD7A54DB362}.Debug|Any CPU.Build.0 = Debug|iPhoneSimulator
		{4CCDB501-0DDD-40BC-87E1-8DD7A54DB362}.Debug|Any CPU.Deploy.0 = Debug|iPhoneSimulator
		{4CCDB501-0DDD-40BC-87E1-8DD7A54DB362}.Debug|ARM.ActiveCfg = Debug|iPhone
		{4CCDB501-0DDD-40BC-87E1-8DD7A54DB362}.Debug|ARM.Build.0 = Debug|iPhone
		{4CCDB501-0DDD-40BC-87E1-8DD7A54DB362}.Debug|ARM.Deploy.0 = Debug|iPhone
		{4CCDB501-0DDD-40BC-87E1-8DD7A54DB362}.Debug|iPhone.ActiveCfg = Debug|iPhone
		{4CCDB501-0DDD-40BC-87E1-8DD7A54DB362}.Debug|iPhone.Build.0 = Debug|iPhone
		{4CCDB501-0DDD-40BC-87E1-8DD7A54DB362}.Debug|iPhone.Deploy.0 = Debug|iPhone
		{4CCDB501-0DDD-40BC-87E1-8DD7A54DB362}.Debug|iPhoneSimulator.ActiveCfg = Debug|iPhoneSimulator
		{4CCDB501-0DDD-40BC-87E1-8DD7A54DB362}.Debug|iPhoneSimulator.Build.0 = Debug|iPhoneSimulator
		{4CCDB501-0DDD-40BC-87E1-8DD7A54DB362}.Debug|iPhoneSimulator.Deploy.0 = Debug|iPhoneSimulator
		{4CCDB501-0DDD-40BC-87E1-8DD7A54DB362}.Debug|x64.ActiveCfg = Debug|iPhone
		{4CCDB501-0DDD-40BC-87E1-8DD7A54DB362}.Debug|x64.Build.0 = Debug|iPhone
		{4CCDB501-0DDD-40BC-87E1-8DD7A54DB362}.Debug|x64.Deploy.0 = Debug|iPhone
		{4CCDB501-0DDD-40BC-87E1-8DD7A54DB362}.Debug|x86.ActiveCfg = Debug|iPhone
		{4CCDB501-0DDD-40BC-87E1-8DD7A54DB362}.Debug|x86.Build.0 = Debug|iPhone
		{4CCDB501-0DDD-40BC-87E1-8DD7A54DB362}.Debug|x86.Deploy.0 = Debug|iPhone
		{4CCDB501-0DDD-40BC-87E1-8DD7A54DB362}.Release|Any CPU.ActiveCfg = Release|iPhone
		{4CCDB501-0DDD-40BC-87E1-8DD7A54DB362}.Release|Any CPU.Build.0 = Release|iPhone
		{4CCDB501-0DDD-40BC-87E1-8DD7A54DB362}.Release|Any CPU.Deploy.0 = Release|iPhone
		{4CCDB501-0DDD-40BC-87E1-8DD7A54DB362}.Release|ARM.ActiveCfg = Release|iPhone
		{4CCDB501-0DDD-40BC-87E1-8DD7A54DB362}.Release|ARM.Build.0 = Release|iPhone
		{4CCDB501-0DDD-40BC-87E1-8DD7A54DB362}.Release|ARM.Deploy.0 = Release|iPhone
		{4CCDB501-0DDD-40BC-87E1-8DD7A54DB362}.Release|iPhone.ActiveCfg = Release|iPhone
		{4CCDB501-0DDD-40BC-87E1-8DD7A54DB362}.Release|iPhone.Build.0 = Release|iPhone
		{4CCDB501-0DDD-40BC-87E1-8DD7A54DB362}.Release|iPhone.Deploy.0 = Release|iPhone
		{4CCDB501-0DDD-40BC-87E1-8DD7A54DB362}.Release|iPhoneSimulator.ActiveCfg = Release|iPhoneSimulator
		{4CCDB501-0DDD-40BC-87E1-8DD7A54DB362}.Release|iPhoneSimulator.Build.0 = Release|iPhoneSimulator
		{4CCDB501-0DDD-40BC-87E1-8DD7A54DB362}.Release|iPhoneSimulator.Deploy.0 = Release|iPhoneSimulator
		{4CCDB501-0DDD-40BC-87E1-8DD7A54DB362}.Release|x64.ActiveCfg = Release|iPhone
		{4CCDB501-0DDD-40BC-87E1-8DD7A54DB362}.Release|x64.Build.0 = Release|iPhone
		{4CCDB501-0DDD-40BC-87E1-8DD7A54DB362}.Release|x64.Deploy.0 = Release|iPhone
		{4CCDB501-0DDD-40BC-87E1-8DD7A54DB362}.Release|x86.ActiveCfg = Release|iPhone
		{4CCDB501-0DDD-40BC-87E1-8DD7A54DB362}.Release|x86.Build.0 = Release|iPhone
		{4CCDB501-0DDD-40BC-87E1-8DD7A54DB362}.Release|x86.Deploy.0 = Release|iPhone
		{B3AD7300-442D-492E-B653-7362C42EEFDE}.Ad-Hoc|Any CPU.ActiveCfg = Release|x86
		{B3AD7300-442D-492E-B653-7362C42EEFDE}.Ad-Hoc|Any CPU.Build.0 = Release|x86
		{B3AD7300-442D-492E-B653-7362C42EEFDE}.Ad-Hoc|Any CPU.Deploy.0 = Release|x86
		{B3AD7300-442D-492E-B653-7362C42EEFDE}.Ad-Hoc|ARM.ActiveCfg = Release|ARM
		{B3AD7300-442D-492E-B653-7362C42EEFDE}.Ad-Hoc|ARM.Build.0 = Release|ARM
		{B3AD7300-442D-492E-B653-7362C42EEFDE}.Ad-Hoc|ARM.Deploy.0 = Release|ARM
		{B3AD7300-442D-492E-B653-7362C42EEFDE}.Ad-Hoc|iPhone.ActiveCfg = Release|x86
		{B3AD7300-442D-492E-B653-7362C42EEFDE}.Ad-Hoc|iPhone.Build.0 = Release|x86
		{B3AD7300-442D-492E-B653-7362C42EEFDE}.Ad-Hoc|iPhone.Deploy.0 = Release|x86
		{B3AD7300-442D-492E-B653-7362C42EEFDE}.Ad-Hoc|iPhoneSimulator.ActiveCfg = Release|x86
		{B3AD7300-442D-492E-B653-7362C42EEFDE}.Ad-Hoc|iPhoneSimulator.Build.0 = Release|x86
		{B3AD7300-442D-492E-B653-7362C42EEFDE}.Ad-Hoc|iPhoneSimulator.Deploy.0 = Release|x86
		{B3AD7300-442D-492E-B653-7362C42EEFDE}.Ad-Hoc|x64.ActiveCfg = Release|x64
		{B3AD7300-442D-492E-B653-7362C42EEFDE}.Ad-Hoc|x64.Build.0 = Release|x64
		{B3AD7300-442D-492E-B653-7362C42EEFDE}.Ad-Hoc|x64.Deploy.0 = Release|x64
		{B3AD7300-442D-492E-B653-7362C42EEFDE}.Ad-Hoc|x86.ActiveCfg = Release|x86
		{B3AD7300-442D-492E-B653-7362C42EEFDE}.Ad-Hoc|x86.Build.0 = Release|x86
		{B3AD7300-442D-492E-B653-7362C42EEFDE}.Ad-Hoc|x86.Deploy.0 = Release|x86
		{B3AD7300-442D-492E-B653-7362C42EEFDE}.AppStore|Any CPU.ActiveCfg = Release|x86
		{B3AD7300-442D-492E-B653-7362C42EEFDE}.AppStore|Any CPU.Build.0 = Release|x86
		{B3AD7300-442D-492E-B653-7362C42EEFDE}.AppStore|Any CPU.Deploy.0 = Release|x86
		{B3AD7300-442D-492E-B653-7362C42EEFDE}.AppStore|ARM.ActiveCfg = Release|ARM
		{B3AD7300-442D-492E-B653-7362C42EEFDE}.AppStore|ARM.Build.0 = Release|ARM
		{B3AD7300-442D-492E-B653-7362C42EEFDE}.AppStore|ARM.Deploy.0 = Release|ARM
		{B3AD7300-442D-492E-B653-7362C42EEFDE}.AppStore|iPhone.ActiveCfg = Release|x86
		{B3AD7300-442D-492E-B653-7362C42EEFDE}.AppStore|iPhone.Build.0 = Release|x86
		{B3AD7300-442D-492E-B653-7362C42EEFDE}.AppStore|iPhone.Deploy.0 = Release|x86
		{B3AD7300-442D-492E-B653-7362C42EEFDE}.AppStore|iPhoneSimulator.ActiveCfg = Release|x86
		{B3AD7300-442D-492E-B653-7362C42EEFDE}.AppStore|iPhoneSimulator.Build.0 = Release|x86
		{B3AD7300-442D-492E-B653-7362C42EEFDE}.AppStore|iPhoneSimulator.Deploy.0 = Release|x86
		{B3AD7300-442D-492E-B653-7362C42EEFDE}.AppStore|x64.ActiveCfg = Release|x64
		{B3AD7300-442D-492E-B653-7362C42EEFDE}.AppStore|x64.Build.0 = Release|x64
		{B3AD7300-442D-492E-B653-7362C42EEFDE}.AppStore|x64.Deploy.0 = Release|x64
		{B3AD7300-442D-492E-B653-7362C42EEFDE}.AppStore|x86.ActiveCfg = Release|x86
		{B3AD7300-442D-492E-B653-7362C42EEFDE}.AppStore|x86.Build.0 = Release|x86
		{B3AD7300-442D-492E-B653-7362C42EEFDE}.AppStore|x86.Deploy.0 = Release|x86
		{B3AD7300-442D-492E-B653-7362C42EEFDE}.Debug|Any CPU.ActiveCfg = Debug|x86
		{B3AD7300-442D-492E-B653-7362C42EEFDE}.Debug|Any CPU.Build.0 = Debug|x86
		{B3AD7300-442D-492E-B653-7362C42EEFDE}.Debug|Any CPU.Deploy.0 = Debug|x86
		{B3AD7300-442D-492E-B653-7362C42EEFDE}.Debug|ARM.ActiveCfg = Debug|ARM
		{B3AD7300-442D-492E-B653-7362C42EEFDE}.Debug|ARM.Build.0 = Debug|ARM
		{B3AD7300-442D-492E-B653-7362C42EEFDE}.Debug|ARM.Deploy.0 = Debug|ARM
		{B3AD7300-442D-492E-B653-7362C42EEFDE}.Debug|iPhone.ActiveCfg = Debug|x86
		{B3AD7300-442D-492E-B653-7362C42EEFDE}.Debug|iPhone.Build.0 = Debug|x86
		{B3AD7300-442D-492E-B653-7362C42EEFDE}.Debug|iPhone.Deploy.0 = Debug|x86
		{B3AD7300-442D-492E-B653-7362C42EEFDE}.Debug|iPhoneSimulator.ActiveCfg = Debug|x86
		{B3AD7300-442D-492E-B653-7362C42EEFDE}.Debug|iPhoneSimulator.Build.0 = Debug|x86
		{B3AD7300-442D-492E-B653-7362C42EEFDE}.Debug|iPhoneSimulator.Deploy.0 = Debug|x86
		{B3AD7300-442D-492E-B653-7362C42EEFDE}.Debug|x64.ActiveCfg = Debug|x64
		{B3AD7300-442D-492E-B653-7362C42EEFDE}.Debug|x64.Build.0 = Debug|x64
		{B3AD7300-442D-492E-B653-7362C42EEFDE}.Debug|x64.Deploy.0 = Debug|x64
		{B3AD7300-442D-492E-B653-7362C42EEFDE}.Debug|x86.ActiveCfg = Debug|x86
		{B3AD7300-442D-492E-B653-7362C42EEFDE}.Debug|x86.Build.0 = Debug|x86
		{B3AD7300-442D-492E-B653-7362C42EEFDE}.Debug|x86.Deploy.0 = Debug|x86
		{B3AD7300-442D-492E-B653-7362C42EEFDE}.Release|Any CPU.ActiveCfg = Release|x86
		{B3AD7300-442D-492E-B653-7362C42EEFDE}.Release|Any CPU.Build.0 = Release|x86
		{B3AD7300-442D-492E-B653-7362C42EEFDE}.Release|Any CPU.Deploy.0 = Release|x86
		{B3AD7300-442D-492E-B653-7362C42EEFDE}.Release|ARM.ActiveCfg = Release|ARM
		{B3AD7300-442D-492E-B653-7362C42EEFDE}.Release|ARM.Build.0 = Release|ARM
		{B3AD7300-442D-492E-B653-7362C42EEFDE}.Release|ARM.Deploy.0 = Release|ARM
		{B3AD7300-442D-492E-B653-7362C42EEFDE}.Release|iPhone.ActiveCfg = Release|x86
		{B3AD7300-442D-492E-B653-7362C42EEFDE}.Release|iPhone.Build.0 = Release|x86
		{B3AD7300-442D-492E-B653-7362C42EEFDE}.Release|iPhone.Deploy.0 = Release|x86
		{B3AD7300-442D-492E-B653-7362C42EEFDE}.Release|iPhoneSimulator.ActiveCfg = Release|x86
		{B3AD7300-442D-492E-B653-7362C42EEFDE}.Release|iPhoneSimulator.Build.0 = Release|x86
		{B3AD7300-442D-492E-B653-7362C42EEFDE}.Release|iPhoneSimulator.Deploy.0 = Release|x86
		{B3AD7300-442D-492E-B653-7362C42EEFDE}.Release|x64.ActiveCfg = Release|x64
		{B3AD7300-442D-492E-B653-7362C42EEFDE}.Release|x64.Build.0 = Release|x64
		{B3AD7300-442D-492E-B653-7362C42EEFDE}.Release|x64.Deploy.0 = Release|x64
		{B3AD7300-442D-492E-B653-7362C42EEFDE}.Release|x86.ActiveCfg = Release|x86
		{B3AD7300-442D-492E-B653-7362C42EEFDE}.Release|x86.Build.0 = Release|x86
		{B3AD7300-442D-492E-B653-7362C42EEFDE}.Release|x86.Deploy.0 = Release|x86
		{C34D6358-CA52-41CB-BB4C-DBCA6B103B99}.Ad-Hoc|Any CPU.ActiveCfg = Debug|Any CPU
		{C34D6358-CA52-41CB-BB4C-DBCA6B103B99}.Ad-Hoc|Any CPU.Build.0 = Debug|Any CPU
		{C34D6358-CA52-41CB-BB4C-DBCA6B103B99}.Ad-Hoc|Any CPU.Deploy.0 = Debug|Any CPU
		{C34D6358-CA52-41CB-BB4C-DBCA6B103B99}.Ad-Hoc|ARM.ActiveCfg = Debug|Any CPU
		{C34D6358-CA52-41CB-BB4C-DBCA6B103B99}.Ad-Hoc|ARM.Build.0 = Debug|Any CPU
		{C34D6358-CA52-41CB-BB4C-DBCA6B103B99}.Ad-Hoc|ARM.Deploy.0 = Debug|Any CPU
		{C34D6358-CA52-41CB-BB4C-DBCA6B103B99}.Ad-Hoc|iPhone.ActiveCfg = Debug|Any CPU
		{C34D6358-CA52-41CB-BB4C-DBCA6B103B99}.Ad-Hoc|iPhone.Build.0 = Debug|Any CPU
		{C34D6358-CA52-41CB-BB4C-DBCA6B103B99}.Ad-Hoc|iPhone.Deploy.0 = Debug|Any CPU
		{C34D6358-CA52-41CB-BB4C-DBCA6B103B99}.Ad-Hoc|iPhoneSimulator.ActiveCfg = Debug|Any CPU
		{C34D6358-CA52-41CB-BB4C-DBCA6B103B99}.Ad-Hoc|iPhoneSimulator.Build.0 = Debug|Any CPU
		{C34D6358-CA52-41CB-BB4C-DBCA6B103B99}.Ad-Hoc|iPhoneSimulator.Deploy.0 = Debug|Any CPU
		{C34D6358-CA52-41CB-BB4C-DBCA6B103B99}.Ad-Hoc|x64.ActiveCfg = Debug|Any CPU
		{C34D6358-CA52-41CB-BB4C-DBCA6B103B99}.Ad-Hoc|x64.Build.0 = Debug|Any CPU
		{C34D6358-CA52-41CB-BB4C-DBCA6B103B99}.Ad-Hoc|x64.Deploy.0 = Debug|Any CPU
		{C34D6358-CA52-41CB-BB4C-DBCA6B103B99}.Ad-Hoc|x86.ActiveCfg = Debug|Any CPU
		{C34D6358-CA52-41CB-BB4C-DBCA6B103B99}.Ad-Hoc|x86.Build.0 = Debug|Any CPU
		{C34D6358-CA52-41CB-BB4C-DBCA6B103B99}.Ad-Hoc|x86.Deploy.0 = Debug|Any CPU
		{C34D6358-CA52-41CB-BB4C-DBCA6B103B99}.AppStore|Any CPU.ActiveCfg = Debug|Any CPU
		{C34D6358-CA52-41CB-BB4C-DBCA6B103B99}.AppStore|Any CPU.Build.0 = Debug|Any CPU
		{C34D6358-CA52-41CB-BB4C-DBCA6B103B99}.AppStore|Any CPU.Deploy.0 = Debug|Any CPU
		{C34D6358-CA52-41CB-BB4C-DBCA6B103B99}.AppStore|ARM.ActiveCfg = Debug|Any CPU
		{C34D6358-CA52-41CB-BB4C-DBCA6B103B99}.AppStore|ARM.Build.0 = Debug|Any CPU
		{C34D6358-CA52-41CB-BB4C-DBCA6B103B99}.AppStore|ARM.Deploy.0 = Debug|Any CPU
		{C34D6358-CA52-41CB-BB4C-DBCA6B103B99}.AppStore|iPhone.ActiveCfg = Debug|Any CPU
		{C34D6358-CA52-41CB-BB4C-DBCA6B103B99}.AppStore|iPhone.Build.0 = Debug|Any CPU
		{C34D6358-CA52-41CB-BB4C-DBCA6B103B99}.AppStore|iPhone.Deploy.0 = Debug|Any CPU
		{C34D6358-CA52-41CB-BB4C-DBCA6B103B99}.AppStore|iPhoneSimulator.ActiveCfg = Debug|Any CPU
		{C34D6358-CA52-41CB-BB4C-DBCA6B103B99}.AppStore|iPhoneSimulator.Build.0 = Debug|Any CPU
		{C34D6358-CA52-41CB-BB4C-DBCA6B103B99}.AppStore|iPhoneSimulator.Deploy.0 = Debug|Any CPU
		{C34D6358-CA52-41CB-BB4C-DBCA6B103B99}.AppStore|x64.ActiveCfg = Debug|Any CPU
		{C34D6358-CA52-41CB-BB4C-DBCA6B103B99}.AppStore|x64.Build.0 = Debug|Any CPU
		{C34D6358-CA52-41CB-BB4C-DBCA6B103B99}.AppStore|x64.Deploy.0 = Debug|Any CPU
		{C34D6358-CA52-41CB-BB4C-DBCA6B103B99}.AppStore|x86.ActiveCfg = Debug|Any CPU
		{C34D6358-CA52-41CB-BB4C-DBCA6B103B99}.AppStore|x86.Build.0 = Debug|Any CPU
		{C34D6358-CA52-41CB-BB4C-DBCA6B103B99}.AppStore|x86.Deploy.0 = Debug|Any CPU
		{C34D6358-CA52-41CB-BB4C-DBCA6B103B99}.Debug|Any CPU.ActiveCfg = Debug|Any CPU
		{C34D6358-CA52-41CB-BB4C-DBCA6B103B99}.Debug|Any CPU.Build.0 = Debug|Any CPU
		{C34D6358-CA52-41CB-BB4C-DBCA6B103B99}.Debug|Any CPU.Deploy.0 = Debug|Any CPU
		{C34D6358-CA52-41CB-BB4C-DBCA6B103B99}.Debug|ARM.ActiveCfg = Debug|Any CPU
		{C34D6358-CA52-41CB-BB4C-DBCA6B103B99}.Debug|ARM.Build.0 = Debug|Any CPU
		{C34D6358-CA52-41CB-BB4C-DBCA6B103B99}.Debug|ARM.Deploy.0 = Debug|Any CPU
		{C34D6358-CA52-41CB-BB4C-DBCA6B103B99}.Debug|iPhone.ActiveCfg = Debug|Any CPU
		{C34D6358-CA52-41CB-BB4C-DBCA6B103B99}.Debug|iPhone.Build.0 = Debug|Any CPU
		{C34D6358-CA52-41CB-BB4C-DBCA6B103B99}.Debug|iPhone.Deploy.0 = Debug|Any CPU
		{C34D6358-CA52-41CB-BB4C-DBCA6B103B99}.Debug|iPhoneSimulator.ActiveCfg = Debug|Any CPU
		{C34D6358-CA52-41CB-BB4C-DBCA6B103B99}.Debug|iPhoneSimulator.Build.0 = Debug|Any CPU
		{C34D6358-CA52-41CB-BB4C-DBCA6B103B99}.Debug|iPhoneSimulator.Deploy.0 = Debug|Any CPU
		{C34D6358-CA52-41CB-BB4C-DBCA6B103B99}.Debug|x64.ActiveCfg = Debug|Any CPU
		{C34D6358-CA52-41CB-BB4C-DBCA6B103B99}.Debug|x64.Build.0 = Debug|Any CPU
		{C34D6358-CA52-41CB-BB4C-DBCA6B103B99}.Debug|x64.Deploy.0 = Debug|Any CPU
		{C34D6358-CA52-41CB-BB4C-DBCA6B103B99}.Debug|x86.ActiveCfg = Debug|Any CPU
		{C34D6358-CA52-41CB-BB4C-DBCA6B103B99}.Debug|x86.Build.0 = Debug|Any CPU
		{C34D6358-CA52-41CB-BB4C-DBCA6B103B99}.Debug|x86.Deploy.0 = Debug|Any CPU
		{C34D6358-CA52-41CB-BB4C-DBCA6B103B99}.Release|Any CPU.ActiveCfg = Release|Any CPU
		{C34D6358-CA52-41CB-BB4C-DBCA6B103B99}.Release|Any CPU.Build.0 = Release|Any CPU
		{C34D6358-CA52-41CB-BB4C-DBCA6B103B99}.Release|Any CPU.Deploy.0 = Release|Any CPU
		{C34D6358-CA52-41CB-BB4C-DBCA6B103B99}.Release|ARM.ActiveCfg = Release|Any CPU
		{C34D6358-CA52-41CB-BB4C-DBCA6B103B99}.Release|ARM.Build.0 = Release|Any CPU
		{C34D6358-CA52-41CB-BB4C-DBCA6B103B99}.Release|ARM.Deploy.0 = Release|Any CPU
		{C34D6358-CA52-41CB-BB4C-DBCA6B103B99}.Release|iPhone.ActiveCfg = Release|Any CPU
		{C34D6358-CA52-41CB-BB4C-DBCA6B103B99}.Release|iPhone.Build.0 = Release|Any CPU
		{C34D6358-CA52-41CB-BB4C-DBCA6B103B99}.Release|iPhone.Deploy.0 = Release|Any CPU
		{C34D6358-CA52-41CB-BB4C-DBCA6B103B99}.Release|iPhoneSimulator.ActiveCfg = Release|Any CPU
		{C34D6358-CA52-41CB-BB4C-DBCA6B103B99}.Release|iPhoneSimulator.Build.0 = Release|Any CPU
		{C34D6358-CA52-41CB-BB4C-DBCA6B103B99}.Release|iPhoneSimulator.Deploy.0 = Release|Any CPU
		{C34D6358-CA52-41CB-BB4C-DBCA6B103B99}.Release|x64.ActiveCfg = Release|Any CPU
		{C34D6358-CA52-41CB-BB4C-DBCA6B103B99}.Release|x64.Build.0 = Release|Any CPU
		{C34D6358-CA52-41CB-BB4C-DBCA6B103B99}.Release|x64.Deploy.0 = Release|Any CPU
		{C34D6358-CA52-41CB-BB4C-DBCA6B103B99}.Release|x86.ActiveCfg = Release|Any CPU
		{C34D6358-CA52-41CB-BB4C-DBCA6B103B99}.Release|x86.Build.0 = Release|Any CPU
		{C34D6358-CA52-41CB-BB4C-DBCA6B103B99}.Release|x86.Deploy.0 = Release|Any CPU
		{59006901-8EA2-4CD1-A283-301563A9BCC9}.Ad-Hoc|Any CPU.ActiveCfg = Debug|Any CPU
		{59006901-8EA2-4CD1-A283-301563A9BCC9}.Ad-Hoc|Any CPU.Build.0 = Debug|Any CPU
		{59006901-8EA2-4CD1-A283-301563A9BCC9}.Ad-Hoc|ARM.ActiveCfg = Debug|Any CPU
		{59006901-8EA2-4CD1-A283-301563A9BCC9}.Ad-Hoc|ARM.Build.0 = Debug|Any CPU
		{59006901-8EA2-4CD1-A283-301563A9BCC9}.Ad-Hoc|iPhone.ActiveCfg = Debug|Any CPU
		{59006901-8EA2-4CD1-A283-301563A9BCC9}.Ad-Hoc|iPhone.Build.0 = Debug|Any CPU
		{59006901-8EA2-4CD1-A283-301563A9BCC9}.Ad-Hoc|iPhoneSimulator.ActiveCfg = Debug|Any CPU
		{59006901-8EA2-4CD1-A283-301563A9BCC9}.Ad-Hoc|iPhoneSimulator.Build.0 = Debug|Any CPU
		{59006901-8EA2-4CD1-A283-301563A9BCC9}.Ad-Hoc|x64.ActiveCfg = Debug|Any CPU
		{59006901-8EA2-4CD1-A283-301563A9BCC9}.Ad-Hoc|x64.Build.0 = Debug|Any CPU
		{59006901-8EA2-4CD1-A283-301563A9BCC9}.Ad-Hoc|x86.ActiveCfg = Debug|Any CPU
		{59006901-8EA2-4CD1-A283-301563A9BCC9}.Ad-Hoc|x86.Build.0 = Debug|Any CPU
		{59006901-8EA2-4CD1-A283-301563A9BCC9}.AppStore|Any CPU.ActiveCfg = Debug|Any CPU
		{59006901-8EA2-4CD1-A283-301563A9BCC9}.AppStore|Any CPU.Build.0 = Debug|Any CPU
		{59006901-8EA2-4CD1-A283-301563A9BCC9}.AppStore|ARM.ActiveCfg = Debug|Any CPU
		{59006901-8EA2-4CD1-A283-301563A9BCC9}.AppStore|ARM.Build.0 = Debug|Any CPU
		{59006901-8EA2-4CD1-A283-301563A9BCC9}.AppStore|iPhone.ActiveCfg = Debug|Any CPU
		{59006901-8EA2-4CD1-A283-301563A9BCC9}.AppStore|iPhone.Build.0 = Debug|Any CPU
		{59006901-8EA2-4CD1-A283-301563A9BCC9}.AppStore|iPhoneSimulator.ActiveCfg = Debug|Any CPU
		{59006901-8EA2-4CD1-A283-301563A9BCC9}.AppStore|iPhoneSimulator.Build.0 = Debug|Any CPU
		{59006901-8EA2-4CD1-A283-301563A9BCC9}.AppStore|x64.ActiveCfg = Debug|Any CPU
		{59006901-8EA2-4CD1-A283-301563A9BCC9}.AppStore|x64.Build.0 = Debug|Any CPU
		{59006901-8EA2-4CD1-A283-301563A9BCC9}.AppStore|x86.ActiveCfg = Debug|Any CPU
		{59006901-8EA2-4CD1-A283-301563A9BCC9}.AppStore|x86.Build.0 = Debug|Any CPU
		{59006901-8EA2-4CD1-A283-301563A9BCC9}.Debug|Any CPU.ActiveCfg = Debug|Any CPU
		{59006901-8EA2-4CD1-A283-301563A9BCC9}.Debug|Any CPU.Build.0 = Debug|Any CPU
		{59006901-8EA2-4CD1-A283-301563A9BCC9}.Debug|ARM.ActiveCfg = Debug|Any CPU
		{59006901-8EA2-4CD1-A283-301563A9BCC9}.Debug|ARM.Build.0 = Debug|Any CPU
		{59006901-8EA2-4CD1-A283-301563A9BCC9}.Debug|iPhone.ActiveCfg = Debug|Any CPU
		{59006901-8EA2-4CD1-A283-301563A9BCC9}.Debug|iPhone.Build.0 = Debug|Any CPU
		{59006901-8EA2-4CD1-A283-301563A9BCC9}.Debug|iPhoneSimulator.ActiveCfg = Debug|Any CPU
		{59006901-8EA2-4CD1-A283-301563A9BCC9}.Debug|iPhoneSimulator.Build.0 = Debug|Any CPU
		{59006901-8EA2-4CD1-A283-301563A9BCC9}.Debug|x64.ActiveCfg = Debug|Any CPU
		{59006901-8EA2-4CD1-A283-301563A9BCC9}.Debug|x64.Build.0 = Debug|Any CPU
		{59006901-8EA2-4CD1-A283-301563A9BCC9}.Debug|x86.ActiveCfg = Debug|Any CPU
		{59006901-8EA2-4CD1-A283-301563A9BCC9}.Debug|x86.Build.0 = Debug|Any CPU
		{59006901-8EA2-4CD1-A283-301563A9BCC9}.Release|Any CPU.ActiveCfg = Release|Any CPU
		{59006901-8EA2-4CD1-A283-301563A9BCC9}.Release|Any CPU.Build.0 = Release|Any CPU
		{59006901-8EA2-4CD1-A283-301563A9BCC9}.Release|ARM.ActiveCfg = Release|Any CPU
		{59006901-8EA2-4CD1-A283-301563A9BCC9}.Release|ARM.Build.0 = Release|Any CPU
		{59006901-8EA2-4CD1-A283-301563A9BCC9}.Release|iPhone.ActiveCfg = Release|Any CPU
		{59006901-8EA2-4CD1-A283-301563A9BCC9}.Release|iPhone.Build.0 = Release|Any CPU
		{59006901-8EA2-4CD1-A283-301563A9BCC9}.Release|iPhoneSimulator.ActiveCfg = Release|Any CPU
		{59006901-8EA2-4CD1-A283-301563A9BCC9}.Release|iPhoneSimulator.Build.0 = Release|Any CPU
		{59006901-8EA2-4CD1-A283-301563A9BCC9}.Release|x64.ActiveCfg = Release|Any CPU
		{59006901-8EA2-4CD1-A283-301563A9BCC9}.Release|x64.Build.0 = Release|Any CPU
		{59006901-8EA2-4CD1-A283-301563A9BCC9}.Release|x86.ActiveCfg = Release|Any CPU
		{59006901-8EA2-4CD1-A283-301563A9BCC9}.Release|x86.Build.0 = Release|Any CPU
		{3E255E79-4E55-45A8-B086-912A23DEBA7C}.Ad-Hoc|Any CPU.ActiveCfg = Debug|Any CPU
		{3E255E79-4E55-45A8-B086-912A23DEBA7C}.Ad-Hoc|Any CPU.Build.0 = Debug|Any CPU
		{3E255E79-4E55-45A8-B086-912A23DEBA7C}.Ad-Hoc|ARM.ActiveCfg = Debug|Any CPU
		{3E255E79-4E55-45A8-B086-912A23DEBA7C}.Ad-Hoc|ARM.Build.0 = Debug|Any CPU
		{3E255E79-4E55-45A8-B086-912A23DEBA7C}.Ad-Hoc|iPhone.ActiveCfg = Debug|Any CPU
		{3E255E79-4E55-45A8-B086-912A23DEBA7C}.Ad-Hoc|iPhone.Build.0 = Debug|Any CPU
		{3E255E79-4E55-45A8-B086-912A23DEBA7C}.Ad-Hoc|iPhoneSimulator.ActiveCfg = Debug|Any CPU
		{3E255E79-4E55-45A8-B086-912A23DEBA7C}.Ad-Hoc|iPhoneSimulator.Build.0 = Debug|Any CPU
		{3E255E79-4E55-45A8-B086-912A23DEBA7C}.Ad-Hoc|x64.ActiveCfg = Debug|Any CPU
		{3E255E79-4E55-45A8-B086-912A23DEBA7C}.Ad-Hoc|x64.Build.0 = Debug|Any CPU
		{3E255E79-4E55-45A8-B086-912A23DEBA7C}.Ad-Hoc|x86.ActiveCfg = Debug|Any CPU
		{3E255E79-4E55-45A8-B086-912A23DEBA7C}.Ad-Hoc|x86.Build.0 = Debug|Any CPU
		{3E255E79-4E55-45A8-B086-912A23DEBA7C}.AppStore|Any CPU.ActiveCfg = Debug|Any CPU
		{3E255E79-4E55-45A8-B086-912A23DEBA7C}.AppStore|Any CPU.Build.0 = Debug|Any CPU
		{3E255E79-4E55-45A8-B086-912A23DEBA7C}.AppStore|ARM.ActiveCfg = Debug|Any CPU
		{3E255E79-4E55-45A8-B086-912A23DEBA7C}.AppStore|ARM.Build.0 = Debug|Any CPU
		{3E255E79-4E55-45A8-B086-912A23DEBA7C}.AppStore|iPhone.ActiveCfg = Debug|Any CPU
		{3E255E79-4E55-45A8-B086-912A23DEBA7C}.AppStore|iPhone.Build.0 = Debug|Any CPU
		{3E255E79-4E55-45A8-B086-912A23DEBA7C}.AppStore|iPhoneSimulator.ActiveCfg = Debug|Any CPU
		{3E255E79-4E55-45A8-B086-912A23DEBA7C}.AppStore|iPhoneSimulator.Build.0 = Debug|Any CPU
		{3E255E79-4E55-45A8-B086-912A23DEBA7C}.AppStore|x64.ActiveCfg = Debug|Any CPU
		{3E255E79-4E55-45A8-B086-912A23DEBA7C}.AppStore|x64.Build.0 = Debug|Any CPU
		{3E255E79-4E55-45A8-B086-912A23DEBA7C}.AppStore|x86.ActiveCfg = Debug|Any CPU
		{3E255E79-4E55-45A8-B086-912A23DEBA7C}.AppStore|x86.Build.0 = Debug|Any CPU
		{3E255E79-4E55-45A8-B086-912A23DEBA7C}.Debug|Any CPU.ActiveCfg = Debug|Any CPU
		{3E255E79-4E55-45A8-B086-912A23DEBA7C}.Debug|Any CPU.Build.0 = Debug|Any CPU
		{3E255E79-4E55-45A8-B086-912A23DEBA7C}.Debug|ARM.ActiveCfg = Debug|Any CPU
		{3E255E79-4E55-45A8-B086-912A23DEBA7C}.Debug|ARM.Build.0 = Debug|Any CPU
		{3E255E79-4E55-45A8-B086-912A23DEBA7C}.Debug|iPhone.ActiveCfg = Debug|Any CPU
		{3E255E79-4E55-45A8-B086-912A23DEBA7C}.Debug|iPhone.Build.0 = Debug|Any CPU
		{3E255E79-4E55-45A8-B086-912A23DEBA7C}.Debug|iPhoneSimulator.ActiveCfg = Debug|Any CPU
		{3E255E79-4E55-45A8-B086-912A23DEBA7C}.Debug|iPhoneSimulator.Build.0 = Debug|Any CPU
		{3E255E79-4E55-45A8-B086-912A23DEBA7C}.Debug|x64.ActiveCfg = Debug|Any CPU
		{3E255E79-4E55-45A8-B086-912A23DEBA7C}.Debug|x64.Build.0 = Debug|Any CPU
		{3E255E79-4E55-45A8-B086-912A23DEBA7C}.Debug|x86.ActiveCfg = Debug|Any CPU
		{3E255E79-4E55-45A8-B086-912A23DEBA7C}.Debug|x86.Build.0 = Debug|Any CPU
		{3E255E79-4E55-45A8-B086-912A23DEBA7C}.Release|Any CPU.ActiveCfg = Release|Any CPU
		{3E255E79-4E55-45A8-B086-912A23DEBA7C}.Release|Any CPU.Build.0 = Release|Any CPU
		{3E255E79-4E55-45A8-B086-912A23DEBA7C}.Release|ARM.ActiveCfg = Release|Any CPU
		{3E255E79-4E55-45A8-B086-912A23DEBA7C}.Release|ARM.Build.0 = Release|Any CPU
		{3E255E79-4E55-45A8-B086-912A23DEBA7C}.Release|iPhone.ActiveCfg = Release|Any CPU
		{3E255E79-4E55-45A8-B086-912A23DEBA7C}.Release|iPhone.Build.0 = Release|Any CPU
		{3E255E79-4E55-45A8-B086-912A23DEBA7C}.Release|iPhoneSimulator.ActiveCfg = Release|Any CPU
		{3E255E79-4E55-45A8-B086-912A23DEBA7C}.Release|iPhoneSimulator.Build.0 = Release|Any CPU
		{3E255E79-4E55-45A8-B086-912A23DEBA7C}.Release|x64.ActiveCfg = Release|Any CPU
		{3E255E79-4E55-45A8-B086-912A23DEBA7C}.Release|x64.Build.0 = Release|Any CPU
		{3E255E79-4E55-45A8-B086-912A23DEBA7C}.Release|x86.ActiveCfg = Release|Any CPU
		{3E255E79-4E55-45A8-B086-912A23DEBA7C}.Release|x86.Build.0 = Release|Any CPU
		{B2A65829-856A-4134-8F1F-3E18243EBF2F}.Ad-Hoc|Any CPU.ActiveCfg = Debug|Any CPU
		{B2A65829-856A-4134-8F1F-3E18243EBF2F}.Ad-Hoc|Any CPU.Build.0 = Debug|Any CPU
		{B2A65829-856A-4134-8F1F-3E18243EBF2F}.Ad-Hoc|ARM.ActiveCfg = Debug|Any CPU
		{B2A65829-856A-4134-8F1F-3E18243EBF2F}.Ad-Hoc|ARM.Build.0 = Debug|Any CPU
		{B2A65829-856A-4134-8F1F-3E18243EBF2F}.Ad-Hoc|iPhone.ActiveCfg = Debug|Any CPU
		{B2A65829-856A-4134-8F1F-3E18243EBF2F}.Ad-Hoc|iPhone.Build.0 = Debug|Any CPU
		{B2A65829-856A-4134-8F1F-3E18243EBF2F}.Ad-Hoc|iPhoneSimulator.ActiveCfg = Debug|Any CPU
		{B2A65829-856A-4134-8F1F-3E18243EBF2F}.Ad-Hoc|iPhoneSimulator.Build.0 = Debug|Any CPU
		{B2A65829-856A-4134-8F1F-3E18243EBF2F}.Ad-Hoc|x64.ActiveCfg = Debug|Any CPU
		{B2A65829-856A-4134-8F1F-3E18243EBF2F}.Ad-Hoc|x64.Build.0 = Debug|Any CPU
		{B2A65829-856A-4134-8F1F-3E18243EBF2F}.Ad-Hoc|x86.ActiveCfg = Debug|Any CPU
		{B2A65829-856A-4134-8F1F-3E18243EBF2F}.Ad-Hoc|x86.Build.0 = Debug|Any CPU
		{B2A65829-856A-4134-8F1F-3E18243EBF2F}.AppStore|Any CPU.ActiveCfg = Debug|Any CPU
		{B2A65829-856A-4134-8F1F-3E18243EBF2F}.AppStore|Any CPU.Build.0 = Debug|Any CPU
		{B2A65829-856A-4134-8F1F-3E18243EBF2F}.AppStore|ARM.ActiveCfg = Debug|Any CPU
		{B2A65829-856A-4134-8F1F-3E18243EBF2F}.AppStore|ARM.Build.0 = Debug|Any CPU
		{B2A65829-856A-4134-8F1F-3E18243EBF2F}.AppStore|iPhone.ActiveCfg = Debug|Any CPU
		{B2A65829-856A-4134-8F1F-3E18243EBF2F}.AppStore|iPhone.Build.0 = Debug|Any CPU
		{B2A65829-856A-4134-8F1F-3E18243EBF2F}.AppStore|iPhoneSimulator.ActiveCfg = Debug|Any CPU
		{B2A65829-856A-4134-8F1F-3E18243EBF2F}.AppStore|iPhoneSimulator.Build.0 = Debug|Any CPU
		{B2A65829-856A-4134-8F1F-3E18243EBF2F}.AppStore|x64.ActiveCfg = Debug|Any CPU
		{B2A65829-856A-4134-8F1F-3E18243EBF2F}.AppStore|x64.Build.0 = Debug|Any CPU
		{B2A65829-856A-4134-8F1F-3E18243EBF2F}.AppStore|x86.ActiveCfg = Debug|Any CPU
		{B2A65829-856A-4134-8F1F-3E18243EBF2F}.AppStore|x86.Build.0 = Debug|Any CPU
		{B2A65829-856A-4134-8F1F-3E18243EBF2F}.Debug|Any CPU.ActiveCfg = Debug|Any CPU
		{B2A65829-856A-4134-8F1F-3E18243EBF2F}.Debug|Any CPU.Build.0 = Debug|Any CPU
		{B2A65829-856A-4134-8F1F-3E18243EBF2F}.Debug|ARM.ActiveCfg = Debug|Any CPU
		{B2A65829-856A-4134-8F1F-3E18243EBF2F}.Debug|ARM.Build.0 = Debug|Any CPU
		{B2A65829-856A-4134-8F1F-3E18243EBF2F}.Debug|iPhone.ActiveCfg = Debug|Any CPU
		{B2A65829-856A-4134-8F1F-3E18243EBF2F}.Debug|iPhone.Build.0 = Debug|Any CPU
		{B2A65829-856A-4134-8F1F-3E18243EBF2F}.Debug|iPhoneSimulator.ActiveCfg = Debug|Any CPU
		{B2A65829-856A-4134-8F1F-3E18243EBF2F}.Debug|iPhoneSimulator.Build.0 = Debug|Any CPU
		{B2A65829-856A-4134-8F1F-3E18243EBF2F}.Debug|x64.ActiveCfg = Debug|Any CPU
		{B2A65829-856A-4134-8F1F-3E18243EBF2F}.Debug|x64.Build.0 = Debug|Any CPU
		{B2A65829-856A-4134-8F1F-3E18243EBF2F}.Debug|x86.ActiveCfg = Debug|Any CPU
		{B2A65829-856A-4134-8F1F-3E18243EBF2F}.Debug|x86.Build.0 = Debug|Any CPU
		{B2A65829-856A-4134-8F1F-3E18243EBF2F}.Release|Any CPU.ActiveCfg = Release|Any CPU
		{B2A65829-856A-4134-8F1F-3E18243EBF2F}.Release|Any CPU.Build.0 = Release|Any CPU
		{B2A65829-856A-4134-8F1F-3E18243EBF2F}.Release|ARM.ActiveCfg = Release|Any CPU
		{B2A65829-856A-4134-8F1F-3E18243EBF2F}.Release|ARM.Build.0 = Release|Any CPU
		{B2A65829-856A-4134-8F1F-3E18243EBF2F}.Release|iPhone.ActiveCfg = Release|Any CPU
		{B2A65829-856A-4134-8F1F-3E18243EBF2F}.Release|iPhone.Build.0 = Release|Any CPU
		{B2A65829-856A-4134-8F1F-3E18243EBF2F}.Release|iPhoneSimulator.ActiveCfg = Release|Any CPU
		{B2A65829-856A-4134-8F1F-3E18243EBF2F}.Release|iPhoneSimulator.Build.0 = Release|Any CPU
		{B2A65829-856A-4134-8F1F-3E18243EBF2F}.Release|x64.ActiveCfg = Release|Any CPU
		{B2A65829-856A-4134-8F1F-3E18243EBF2F}.Release|x64.Build.0 = Release|Any CPU
		{B2A65829-856A-4134-8F1F-3E18243EBF2F}.Release|x86.ActiveCfg = Release|Any CPU
		{B2A65829-856A-4134-8F1F-3E18243EBF2F}.Release|x86.Build.0 = Release|Any CPU
		{798A380D-A201-4965-B652-1C73D24EEF6E}.Ad-Hoc|Any CPU.ActiveCfg = Debug|Any CPU
		{798A380D-A201-4965-B652-1C73D24EEF6E}.Ad-Hoc|Any CPU.Build.0 = Debug|Any CPU
		{798A380D-A201-4965-B652-1C73D24EEF6E}.Ad-Hoc|ARM.ActiveCfg = Debug|Any CPU
		{798A380D-A201-4965-B652-1C73D24EEF6E}.Ad-Hoc|ARM.Build.0 = Debug|Any CPU
		{798A380D-A201-4965-B652-1C73D24EEF6E}.Ad-Hoc|iPhone.ActiveCfg = Debug|Any CPU
		{798A380D-A201-4965-B652-1C73D24EEF6E}.Ad-Hoc|iPhone.Build.0 = Debug|Any CPU
		{798A380D-A201-4965-B652-1C73D24EEF6E}.Ad-Hoc|iPhoneSimulator.ActiveCfg = Debug|Any CPU
		{798A380D-A201-4965-B652-1C73D24EEF6E}.Ad-Hoc|iPhoneSimulator.Build.0 = Debug|Any CPU
		{798A380D-A201-4965-B652-1C73D24EEF6E}.Ad-Hoc|x64.ActiveCfg = Debug|Any CPU
		{798A380D-A201-4965-B652-1C73D24EEF6E}.Ad-Hoc|x64.Build.0 = Debug|Any CPU
		{798A380D-A201-4965-B652-1C73D24EEF6E}.Ad-Hoc|x86.ActiveCfg = Debug|Any CPU
		{798A380D-A201-4965-B652-1C73D24EEF6E}.Ad-Hoc|x86.Build.0 = Debug|Any CPU
		{798A380D-A201-4965-B652-1C73D24EEF6E}.AppStore|Any CPU.ActiveCfg = Debug|Any CPU
		{798A380D-A201-4965-B652-1C73D24EEF6E}.AppStore|Any CPU.Build.0 = Debug|Any CPU
		{798A380D-A201-4965-B652-1C73D24EEF6E}.AppStore|ARM.ActiveCfg = Debug|Any CPU
		{798A380D-A201-4965-B652-1C73D24EEF6E}.AppStore|ARM.Build.0 = Debug|Any CPU
		{798A380D-A201-4965-B652-1C73D24EEF6E}.AppStore|iPhone.ActiveCfg = Debug|Any CPU
		{798A380D-A201-4965-B652-1C73D24EEF6E}.AppStore|iPhone.Build.0 = Debug|Any CPU
		{798A380D-A201-4965-B652-1C73D24EEF6E}.AppStore|iPhoneSimulator.ActiveCfg = Debug|Any CPU
		{798A380D-A201-4965-B652-1C73D24EEF6E}.AppStore|iPhoneSimulator.Build.0 = Debug|Any CPU
		{798A380D-A201-4965-B652-1C73D24EEF6E}.AppStore|x64.ActiveCfg = Debug|Any CPU
		{798A380D-A201-4965-B652-1C73D24EEF6E}.AppStore|x64.Build.0 = Debug|Any CPU
		{798A380D-A201-4965-B652-1C73D24EEF6E}.AppStore|x86.ActiveCfg = Debug|Any CPU
		{798A380D-A201-4965-B652-1C73D24EEF6E}.AppStore|x86.Build.0 = Debug|Any CPU
		{798A380D-A201-4965-B652-1C73D24EEF6E}.Debug|Any CPU.ActiveCfg = Debug|Any CPU
		{798A380D-A201-4965-B652-1C73D24EEF6E}.Debug|Any CPU.Build.0 = Debug|Any CPU
		{798A380D-A201-4965-B652-1C73D24EEF6E}.Debug|ARM.ActiveCfg = Debug|Any CPU
		{798A380D-A201-4965-B652-1C73D24EEF6E}.Debug|ARM.Build.0 = Debug|Any CPU
		{798A380D-A201-4965-B652-1C73D24EEF6E}.Debug|iPhone.ActiveCfg = Debug|Any CPU
		{798A380D-A201-4965-B652-1C73D24EEF6E}.Debug|iPhone.Build.0 = Debug|Any CPU
		{798A380D-A201-4965-B652-1C73D24EEF6E}.Debug|iPhoneSimulator.ActiveCfg = Debug|Any CPU
		{798A380D-A201-4965-B652-1C73D24EEF6E}.Debug|iPhoneSimulator.Build.0 = Debug|Any CPU
		{798A380D-A201-4965-B652-1C73D24EEF6E}.Debug|x64.ActiveCfg = Debug|Any CPU
		{798A380D-A201-4965-B652-1C73D24EEF6E}.Debug|x64.Build.0 = Debug|Any CPU
		{798A380D-A201-4965-B652-1C73D24EEF6E}.Debug|x86.ActiveCfg = Debug|Any CPU
		{798A380D-A201-4965-B652-1C73D24EEF6E}.Debug|x86.Build.0 = Debug|Any CPU
		{798A380D-A201-4965-B652-1C73D24EEF6E}.Release|Any CPU.ActiveCfg = Release|Any CPU
		{798A380D-A201-4965-B652-1C73D24EEF6E}.Release|Any CPU.Build.0 = Release|Any CPU
		{798A380D-A201-4965-B652-1C73D24EEF6E}.Release|ARM.ActiveCfg = Release|Any CPU
		{798A380D-A201-4965-B652-1C73D24EEF6E}.Release|ARM.Build.0 = Release|Any CPU
		{798A380D-A201-4965-B652-1C73D24EEF6E}.Release|iPhone.ActiveCfg = Release|Any CPU
		{798A380D-A201-4965-B652-1C73D24EEF6E}.Release|iPhone.Build.0 = Release|Any CPU
		{798A380D-A201-4965-B652-1C73D24EEF6E}.Release|iPhoneSimulator.ActiveCfg = Release|Any CPU
		{798A380D-A201-4965-B652-1C73D24EEF6E}.Release|iPhoneSimulator.Build.0 = Release|Any CPU
		{798A380D-A201-4965-B652-1C73D24EEF6E}.Release|x64.ActiveCfg = Release|Any CPU
		{798A380D-A201-4965-B652-1C73D24EEF6E}.Release|x64.Build.0 = Release|Any CPU
		{798A380D-A201-4965-B652-1C73D24EEF6E}.Release|x86.ActiveCfg = Release|Any CPU
		{798A380D-A201-4965-B652-1C73D24EEF6E}.Release|x86.Build.0 = Release|Any CPU
	EndGlobalSection
	GlobalSection(SolutionProperties) = preSolution
		HideSolutionNode = FALSE
	EndGlobalSection
	GlobalSection(NestedProjects) = preSolution
		{59006901-8EA2-4CD1-A283-301563A9BCC9} = {C9FE465C-71B9-4637-B434-71DB4E535935}
		{3E255E79-4E55-45A8-B086-912A23DEBA7C} = {C9FE465C-71B9-4637-B434-71DB4E535935}
		{B2A65829-856A-4134-8F1F-3E18243EBF2F} = {C9FE465C-71B9-4637-B434-71DB4E535935}
		{798A380D-A201-4965-B652-1C73D24EEF6E} = {C9FE465C-71B9-4637-B434-71DB4E535935}
	EndGlobalSection
	GlobalSection(ExtensibilityGlobals) = postSolution
		SolutionGuid = {97A94740-D9ED-42A0-9A12-04A2C2BD34F2}
	EndGlobalSection
EndGlobal
