
Microsoft Visual Studio Solution File, Format Version 12.00
# Visual Studio Version 16
VisualStudioVersion = 16.0.29209.62
MinimumVisualStudioVersion = 10.0.40219.1
Project("{FAE04EC0-301F-11D3-BF4B-00C04F79EFBC}") = "Doods.Xam.MonitorMyServer.Android", "src\Android\Doods.Xam.MonitorMyServer.Android.csproj", "{252F347B-DBB7-43C8-8E96-4590B1173C14}"
EndProject
Project("{9A19103F-16F7-4668-BE54-9A1E7A4F7556}") = "Doods.Xam.MonitorMyServer", "src\MonitorMyServer\Doods.Xam.MonitorMyServer.csproj", "{C34D6358-CA52-41CB-BB4C-DBCA6B103B99}"
EndProject
Project("{2150E333-8FDC-42A3-9474-1A3956D46DE8}") = "Doods.Framework", "Doods.Framework", "{C9FE465C-71B9-4637-B434-71DB4E535935}"
EndProject
Project("{9A19103F-16F7-4668-BE54-9A1E7A4F7556}") = "Doods.Framework.Std", "Submodules\Doods.Frameworks.Std\Doods.Framework.Std\Doods.Framework.Std.csproj", "{59006901-8EA2-4CD1-A283-301563A9BCC9}"
EndProject
Project("{9A19103F-16F7-4668-BE54-9A1E7A4F7556}") = "Doods.Framework.Repository.Std", "Submodules\Doods.Frameworks.Std\Doods.Framework.Repository.Std\Doods.Framework.Repository.Std.csproj", "{3E255E79-4E55-45A8-B086-912A23DEBA7C}"
EndProject
Project("{9A19103F-16F7-4668-BE54-9A1E7A4F7556}") = "Doods.Framework.Mobile.Std", "Submodules\Doods.Frameworks.Std\Doods.Framework.Mobile.Std\Doods.Framework.Mobile.Std.csproj", "{B2A65829-856A-4134-8F1F-3E18243EBF2F}"
EndProject
Project("{9A19103F-16F7-4668-BE54-9A1E7A4F7556}") = "Doods.Framework.ApiClientBase.Std", "Submodules\Doods.Frameworks.Std\Doods.Framework.ApiClientBase.Std\Doods.Framework.ApiClientBase.Std.csproj", "{F8E5D141-294D-458D-912D-08C15275EA80}"
EndProject
Project("{9A19103F-16F7-4668-BE54-9A1E7A4F7556}") = "Doods.Framework.Ssh.Std", "Submodules\Doods.Frameworks.Std\Doods.Framework.Ssh.Std\Doods.Framework.Ssh.Std.csproj", "{AB5249FE-A8C7-4877-A5B6-0E70DC4703D1}"
EndProject
Project("{9A19103F-16F7-4668-BE54-9A1E7A4F7556}") = "Doods.Framework.Mobile.Ssh.Std", "Submodules\Doods.Frameworks.Std\Doods.Framework.Mobile.Ssh.Std\Doods.Framework.Mobile.Ssh.Std.csproj", "{A2C60D12-29F5-4289-8BB2-D817F15AC75E}"
EndProject
Project("{9A19103F-16F7-4668-BE54-9A1E7A4F7556}") = "Doods.Framework.Http.Std", "Submodules\Doods.Frameworks.Std\Doods.Framework.Http.Std\Doods.Framework.Http.Std.csproj", "{C35A9FFA-94DA-4CC0-9441-94F191C86FA7}"
EndProject
Project("{2150E333-8FDC-42A3-9474-1A3956D46DE8}") = "Doods.Openmediavault", "Doods.Openmediavault", "{F4F8BC13-018C-4DB9-9C33-8EC905435AA8}"
EndProject
Project("{2150E333-8FDC-42A3-9474-1A3956D46DE8}") = "Doods.Synology", "Doods.Synology", "{86914E97-061E-4A57-8534-65C60185F39E}"
EndProject
Project("{9A19103F-16F7-4668-BE54-9A1E7A4F7556}") = "Doods.Synology.Webapi.Std", "Doods.Synology\Doods.Synology.Webapi.Std\Doods.Synology.Webapi.Std.csproj", "{09302E8A-2B05-4A52-82A8-8A792C3A1EDF}"
EndProject
Project("{9A19103F-16F7-4668-BE54-9A1E7A4F7556}") = "Doods.Openmediavault.Mobile.Std", "Doods.Openmedivault\Doods.Openmediavault.Mobile.Std\Doods.Openmediavault.Mobile.Std.csproj", "{E4D4B09E-02F2-42C0-867A-139B49F1BF73}"
EndProject
Project("{9A19103F-16F7-4668-BE54-9A1E7A4F7556}") = "Doods.Openmediavault.Rpc.Std", "Doods.Openmedivault\Doods.Openmediavault.Rpc.std\Doods.Openmediavault.Rpc.Std.csproj", "{4404F6B7-D192-46E0-85B6-F5DA1D5389C8}"
EndProject
Project("{9A19103F-16F7-4668-BE54-9A1E7A4F7556}") = "Doods.Openmedivault.Http.Std", "Doods.Openmedivault\Doods.Openmedivault.Http.Std\Doods.Openmedivault.Http.Std.csproj", "{55CE88ED-9719-4D4E-AF06-34EDBF1F1951}"
EndProject
Project("{9A19103F-16F7-4668-BE54-9A1E7A4F7556}") = "Doods.Openmedivault.Ssh.Std", "Doods.Openmedivault\Doods.Openmedivault.Ssh.Std\Doods.Openmedivault.Ssh.Std.csproj", "{510147B0-E805-4F9D-8A36-AA6D04CC1A0F}"
EndProject
Project("{9A19103F-16F7-4668-BE54-9A1E7A4F7556}") = "Doods.Webmin.Webapi.Std", "Doods.Webmin\Doods.Webmin.Webapi.Std\Doods.Webmin.Webapi.Std.csproj", "{65073314-D01D-48FB-8F53-39A2521C9DE4}"
EndProject
Project("{2150E333-8FDC-42A3-9474-1A3956D46DE8}") = "Doods.Webmin", "Doods.Webmin", "{9DBD09DB-DBB5-4B9C-B639-9B3689102858}"
EndProject
Global
	GlobalSection(SolutionConfigurationPlatforms) = preSolution
		Ad-Hoc|Any CPU = Ad-Hoc|Any CPU
		Ad-Hoc|ARM = Ad-Hoc|ARM
		Ad-Hoc|iPhone = Ad-Hoc|iPhone
		Ad-Hoc|iPhoneSimulator = Ad-Hoc|iPhoneSimulator
		Ad-Hoc|x64 = Ad-Hoc|x64
		Ad-Hoc|x86 = Ad-Hoc|x86
		AppStore|Any CPU = AppStore|Any CPU
		AppStore|ARM = AppStore|ARM
		AppStore|iPhone = AppStore|iPhone
		AppStore|iPhoneSimulator = AppStore|iPhoneSimulator
		AppStore|x64 = AppStore|x64
		AppStore|x86 = AppStore|x86
		Debug|Any CPU = Debug|Any CPU
		Debug|ARM = Debug|ARM
		Debug|iPhone = Debug|iPhone
		Debug|iPhoneSimulator = Debug|iPhoneSimulator
		Debug|x64 = Debug|x64
		Debug|x86 = Debug|x86
		Release|Any CPU = Release|Any CPU
		Release|ARM = Release|ARM
		Release|iPhone = Release|iPhone
		Release|iPhoneSimulator = Release|iPhoneSimulator
		Release|x64 = Release|x64
		Release|x86 = Release|x86
	EndGlobalSection
	GlobalSection(ProjectConfigurationPlatforms) = postSolution
		{252F347B-DBB7-43C8-8E96-4590B1173C14}.Ad-Hoc|Any CPU.ActiveCfg = Release|Any CPU
		{252F347B-DBB7-43C8-8E96-4590B1173C14}.Ad-Hoc|Any CPU.Build.0 = Release|Any CPU
		{252F347B-DBB7-43C8-8E96-4590B1173C14}.Ad-Hoc|Any CPU.Deploy.0 = Release|Any CPU
		{252F347B-DBB7-43C8-8E96-4590B1173C14}.Ad-Hoc|ARM.ActiveCfg = Release|Any CPU
		{252F347B-DBB7-43C8-8E96-4590B1173C14}.Ad-Hoc|ARM.Build.0 = Release|Any CPU
		{252F347B-DBB7-43C8-8E96-4590B1173C14}.Ad-Hoc|ARM.Deploy.0 = Release|Any CPU
		{252F347B-DBB7-43C8-8E96-4590B1173C14}.Ad-Hoc|iPhone.ActiveCfg = Release|Any CPU
		{252F347B-DBB7-43C8-8E96-4590B1173C14}.Ad-Hoc|iPhone.Build.0 = Release|Any CPU
		{252F347B-DBB7-43C8-8E96-4590B1173C14}.Ad-Hoc|iPhone.Deploy.0 = Release|Any CPU
		{252F347B-DBB7-43C8-8E96-4590B1173C14}.Ad-Hoc|iPhoneSimulator.ActiveCfg = Release|Any CPU
		{252F347B-DBB7-43C8-8E96-4590B1173C14}.Ad-Hoc|iPhoneSimulator.Build.0 = Release|Any CPU
		{252F347B-DBB7-43C8-8E96-4590B1173C14}.Ad-Hoc|iPhoneSimulator.Deploy.0 = Release|Any CPU
		{252F347B-DBB7-43C8-8E96-4590B1173C14}.Ad-Hoc|x64.ActiveCfg = Release|Any CPU
		{252F347B-DBB7-43C8-8E96-4590B1173C14}.Ad-Hoc|x64.Build.0 = Release|Any CPU
		{252F347B-DBB7-43C8-8E96-4590B1173C14}.Ad-Hoc|x64.Deploy.0 = Release|Any CPU
		{252F347B-DBB7-43C8-8E96-4590B1173C14}.Ad-Hoc|x86.ActiveCfg = Release|Any CPU
		{252F347B-DBB7-43C8-8E96-4590B1173C14}.Ad-Hoc|x86.Build.0 = Release|Any CPU
		{252F347B-DBB7-43C8-8E96-4590B1173C14}.Ad-Hoc|x86.Deploy.0 = Release|Any CPU
		{252F347B-DBB7-43C8-8E96-4590B1173C14}.AppStore|Any CPU.ActiveCfg = Release|Any CPU
		{252F347B-DBB7-43C8-8E96-4590B1173C14}.AppStore|Any CPU.Build.0 = Release|Any CPU
		{252F347B-DBB7-43C8-8E96-4590B1173C14}.AppStore|Any CPU.Deploy.0 = Release|Any CPU
		{252F347B-DBB7-43C8-8E96-4590B1173C14}.AppStore|ARM.ActiveCfg = Release|Any CPU
		{252F347B-DBB7-43C8-8E96-4590B1173C14}.AppStore|ARM.Build.0 = Release|Any CPU
		{252F347B-DBB7-43C8-8E96-4590B1173C14}.AppStore|ARM.Deploy.0 = Release|Any CPU
		{252F347B-DBB7-43C8-8E96-4590B1173C14}.AppStore|iPhone.ActiveCfg = Release|Any CPU
		{252F347B-DBB7-43C8-8E96-4590B1173C14}.AppStore|iPhone.Build.0 = Release|Any CPU
		{252F347B-DBB7-43C8-8E96-4590B1173C14}.AppStore|iPhone.Deploy.0 = Release|Any CPU
		{252F347B-DBB7-43C8-8E96-4590B1173C14}.AppStore|iPhoneSimulator.ActiveCfg = Release|Any CPU
		{252F347B-DBB7-43C8-8E96-4590B1173C14}.AppStore|iPhoneSimulator.Build.0 = Release|Any CPU
		{252F347B-DBB7-43C8-8E96-4590B1173C14}.AppStore|iPhoneSimulator.Deploy.0 = Release|Any CPU
		{252F347B-DBB7-43C8-8E96-4590B1173C14}.AppStore|x64.ActiveCfg = Release|Any CPU
		{252F347B-DBB7-43C8-8E96-4590B1173C14}.AppStore|x64.Build.0 = Release|Any CPU
		{252F347B-DBB7-43C8-8E96-4590B1173C14}.AppStore|x64.Deploy.0 = Release|Any CPU
		{252F347B-DBB7-43C8-8E96-4590B1173C14}.AppStore|x86.ActiveCfg = Release|Any CPU
		{252F347B-DBB7-43C8-8E96-4590B1173C14}.AppStore|x86.Build.0 = Release|Any CPU
		{252F347B-DBB7-43C8-8E96-4590B1173C14}.AppStore|x86.Deploy.0 = Release|Any CPU
		{252F347B-DBB7-43C8-8E96-4590B1173C14}.Debug|Any CPU.ActiveCfg = Debug|Any CPU
		{252F347B-DBB7-43C8-8E96-4590B1173C14}.Debug|Any CPU.Build.0 = Debug|Any CPU
		{252F347B-DBB7-43C8-8E96-4590B1173C14}.Debug|Any CPU.Deploy.0 = Debug|Any CPU
		{252F347B-DBB7-43C8-8E96-4590B1173C14}.Debug|ARM.ActiveCfg = Debug|Any CPU
		{252F347B-DBB7-43C8-8E96-4590B1173C14}.Debug|ARM.Build.0 = Debug|Any CPU
		{252F347B-DBB7-43C8-8E96-4590B1173C14}.Debug|ARM.Deploy.0 = Debug|Any CPU
		{252F347B-DBB7-43C8-8E96-4590B1173C14}.Debug|iPhone.ActiveCfg = Debug|Any CPU
		{252F347B-DBB7-43C8-8E96-4590B1173C14}.Debug|iPhone.Build.0 = Debug|Any CPU
		{252F347B-DBB7-43C8-8E96-4590B1173C14}.Debug|iPhone.Deploy.0 = Debug|Any CPU
		{252F347B-DBB7-43C8-8E96-4590B1173C14}.Debug|iPhoneSimulator.ActiveCfg = Debug|Any CPU
		{252F347B-DBB7-43C8-8E96-4590B1173C14}.Debug|iPhoneSimulator.Build.0 = Debug|Any CPU
		{252F347B-DBB7-43C8-8E96-4590B1173C14}.Debug|iPhoneSimulator.Deploy.0 = Debug|Any CPU
		{252F347B-DBB7-43C8-8E96-4590B1173C14}.Debug|x64.ActiveCfg = Debug|Any CPU
		{252F347B-DBB7-43C8-8E96-4590B1173C14}.Debug|x64.Build.0 = Debug|Any CPU
		{252F347B-DBB7-43C8-8E96-4590B1173C14}.Debug|x64.Deploy.0 = Debug|Any CPU
		{252F347B-DBB7-43C8-8E96-4590B1173C14}.Debug|x86.ActiveCfg = Debug|Any CPU
		{252F347B-DBB7-43C8-8E96-4590B1173C14}.Debug|x86.Build.0 = Debug|Any CPU
		{252F347B-DBB7-43C8-8E96-4590B1173C14}.Debug|x86.Deploy.0 = Debug|Any CPU
		{252F347B-DBB7-43C8-8E96-4590B1173C14}.Release|Any CPU.ActiveCfg = Release|Any CPU
		{252F347B-DBB7-43C8-8E96-4590B1173C14}.Release|Any CPU.Build.0 = Release|Any CPU
		{252F347B-DBB7-43C8-8E96-4590B1173C14}.Release|Any CPU.Deploy.0 = Release|Any CPU
		{252F347B-DBB7-43C8-8E96-4590B1173C14}.Release|ARM.ActiveCfg = Release|Any CPU
		{252F347B-DBB7-43C8-8E96-4590B1173C14}.Release|ARM.Build.0 = Release|Any CPU
		{252F347B-DBB7-43C8-8E96-4590B1173C14}.Release|ARM.Deploy.0 = Release|Any CPU
		{252F347B-DBB7-43C8-8E96-4590B1173C14}.Release|iPhone.ActiveCfg = Release|Any CPU
		{252F347B-DBB7-43C8-8E96-4590B1173C14}.Release|iPhone.Build.0 = Release|Any CPU
		{252F347B-DBB7-43C8-8E96-4590B1173C14}.Release|iPhone.Deploy.0 = Release|Any CPU
		{252F347B-DBB7-43C8-8E96-4590B1173C14}.Release|iPhoneSimulator.ActiveCfg = Release|Any CPU
		{252F347B-DBB7-43C8-8E96-4590B1173C14}.Release|iPhoneSimulator.Build.0 = Release|Any CPU
		{252F347B-DBB7-43C8-8E96-4590B1173C14}.Release|iPhoneSimulator.Deploy.0 = Release|Any CPU
		{252F347B-DBB7-43C8-8E96-4590B1173C14}.Release|x64.ActiveCfg = Release|Any CPU
		{252F347B-DBB7-43C8-8E96-4590B1173C14}.Release|x64.Build.0 = Release|Any CPU
		{252F347B-DBB7-43C8-8E96-4590B1173C14}.Release|x64.Deploy.0 = Release|Any CPU
		{252F347B-DBB7-43C8-8E96-4590B1173C14}.Release|x86.ActiveCfg = Release|Any CPU
		{252F347B-DBB7-43C8-8E96-4590B1173C14}.Release|x86.Build.0 = Release|Any CPU
		{252F347B-DBB7-43C8-8E96-4590B1173C14}.Release|x86.Deploy.0 = Release|Any CPU
		{C34D6358-CA52-41CB-BB4C-DBCA6B103B99}.Ad-Hoc|Any CPU.ActiveCfg = Debug|Any CPU
		{C34D6358-CA52-41CB-BB4C-DBCA6B103B99}.Ad-Hoc|Any CPU.Build.0 = Debug|Any CPU
		{C34D6358-CA52-41CB-BB4C-DBCA6B103B99}.Ad-Hoc|Any CPU.Deploy.0 = Debug|Any CPU
		{C34D6358-CA52-41CB-BB4C-DBCA6B103B99}.Ad-Hoc|ARM.ActiveCfg = Debug|Any CPU
		{C34D6358-CA52-41CB-BB4C-DBCA6B103B99}.Ad-Hoc|ARM.Build.0 = Debug|Any CPU
		{C34D6358-CA52-41CB-BB4C-DBCA6B103B99}.Ad-Hoc|ARM.Deploy.0 = Debug|Any CPU
		{C34D6358-CA52-41CB-BB4C-DBCA6B103B99}.Ad-Hoc|iPhone.ActiveCfg = Debug|Any CPU
		{C34D6358-CA52-41CB-BB4C-DBCA6B103B99}.Ad-Hoc|iPhone.Build.0 = Debug|Any CPU
		{C34D6358-CA52-41CB-BB4C-DBCA6B103B99}.Ad-Hoc|iPhone.Deploy.0 = Debug|Any CPU
		{C34D6358-CA52-41CB-BB4C-DBCA6B103B99}.Ad-Hoc|iPhoneSimulator.ActiveCfg = Debug|Any CPU
		{C34D6358-CA52-41CB-BB4C-DBCA6B103B99}.Ad-Hoc|iPhoneSimulator.Build.0 = Debug|Any CPU
		{C34D6358-CA52-41CB-BB4C-DBCA6B103B99}.Ad-Hoc|iPhoneSimulator.Deploy.0 = Debug|Any CPU
		{C34D6358-CA52-41CB-BB4C-DBCA6B103B99}.Ad-Hoc|x64.ActiveCfg = Debug|Any CPU
		{C34D6358-CA52-41CB-BB4C-DBCA6B103B99}.Ad-Hoc|x64.Build.0 = Debug|Any CPU
		{C34D6358-CA52-41CB-BB4C-DBCA6B103B99}.Ad-Hoc|x64.Deploy.0 = Debug|Any CPU
		{C34D6358-CA52-41CB-BB4C-DBCA6B103B99}.Ad-Hoc|x86.ActiveCfg = Debug|Any CPU
		{C34D6358-CA52-41CB-BB4C-DBCA6B103B99}.Ad-Hoc|x86.Build.0 = Debug|Any CPU
		{C34D6358-CA52-41CB-BB4C-DBCA6B103B99}.Ad-Hoc|x86.Deploy.0 = Debug|Any CPU
		{C34D6358-CA52-41CB-BB4C-DBCA6B103B99}.AppStore|Any CPU.ActiveCfg = Debug|Any CPU
		{C34D6358-CA52-41CB-BB4C-DBCA6B103B99}.AppStore|Any CPU.Build.0 = Debug|Any CPU
		{C34D6358-CA52-41CB-BB4C-DBCA6B103B99}.AppStore|Any CPU.Deploy.0 = Debug|Any CPU
		{C34D6358-CA52-41CB-BB4C-DBCA6B103B99}.AppStore|ARM.ActiveCfg = Debug|Any CPU
		{C34D6358-CA52-41CB-BB4C-DBCA6B103B99}.AppStore|ARM.Build.0 = Debug|Any CPU
		{C34D6358-CA52-41CB-BB4C-DBCA6B103B99}.AppStore|ARM.Deploy.0 = Debug|Any CPU
		{C34D6358-CA52-41CB-BB4C-DBCA6B103B99}.AppStore|iPhone.ActiveCfg = Debug|Any CPU
		{C34D6358-CA52-41CB-BB4C-DBCA6B103B99}.AppStore|iPhone.Build.0 = Debug|Any CPU
		{C34D6358-CA52-41CB-BB4C-DBCA6B103B99}.AppStore|iPhone.Deploy.0 = Debug|Any CPU
		{C34D6358-CA52-41CB-BB4C-DBCA6B103B99}.AppStore|iPhoneSimulator.ActiveCfg = Debug|Any CPU
		{C34D6358-CA52-41CB-BB4C-DBCA6B103B99}.AppStore|iPhoneSimulator.Build.0 = Debug|Any CPU
		{C34D6358-CA52-41CB-BB4C-DBCA6B103B99}.AppStore|iPhoneSimulator.Deploy.0 = Debug|Any CPU
		{C34D6358-CA52-41CB-BB4C-DBCA6B103B99}.AppStore|x64.ActiveCfg = Debug|Any CPU
		{C34D6358-CA52-41CB-BB4C-DBCA6B103B99}.AppStore|x64.Build.0 = Debug|Any CPU
		{C34D6358-CA52-41CB-BB4C-DBCA6B103B99}.AppStore|x64.Deploy.0 = Debug|Any CPU
		{C34D6358-CA52-41CB-BB4C-DBCA6B103B99}.AppStore|x86.ActiveCfg = Debug|Any CPU
		{C34D6358-CA52-41CB-BB4C-DBCA6B103B99}.AppStore|x86.Build.0 = Debug|Any CPU
		{C34D6358-CA52-41CB-BB4C-DBCA6B103B99}.AppStore|x86.Deploy.0 = Debug|Any CPU
		{C34D6358-CA52-41CB-BB4C-DBCA6B103B99}.Debug|Any CPU.ActiveCfg = Debug|Any CPU
		{C34D6358-CA52-41CB-BB4C-DBCA6B103B99}.Debug|Any CPU.Build.0 = Debug|Any CPU
		{C34D6358-CA52-41CB-BB4C-DBCA6B103B99}.Debug|Any CPU.Deploy.0 = Debug|Any CPU
		{C34D6358-CA52-41CB-BB4C-DBCA6B103B99}.Debug|ARM.ActiveCfg = Debug|Any CPU
		{C34D6358-CA52-41CB-BB4C-DBCA6B103B99}.Debug|ARM.Build.0 = Debug|Any CPU
		{C34D6358-CA52-41CB-BB4C-DBCA6B103B99}.Debug|ARM.Deploy.0 = Debug|Any CPU
		{C34D6358-CA52-41CB-BB4C-DBCA6B103B99}.Debug|iPhone.ActiveCfg = Debug|Any CPU
		{C34D6358-CA52-41CB-BB4C-DBCA6B103B99}.Debug|iPhone.Build.0 = Debug|Any CPU
		{C34D6358-CA52-41CB-BB4C-DBCA6B103B99}.Debug|iPhone.Deploy.0 = Debug|Any CPU
		{C34D6358-CA52-41CB-BB4C-DBCA6B103B99}.Debug|iPhoneSimulator.ActiveCfg = Debug|Any CPU
		{C34D6358-CA52-41CB-BB4C-DBCA6B103B99}.Debug|iPhoneSimulator.Build.0 = Debug|Any CPU
		{C34D6358-CA52-41CB-BB4C-DBCA6B103B99}.Debug|iPhoneSimulator.Deploy.0 = Debug|Any CPU
		{C34D6358-CA52-41CB-BB4C-DBCA6B103B99}.Debug|x64.ActiveCfg = Debug|Any CPU
		{C34D6358-CA52-41CB-BB4C-DBCA6B103B99}.Debug|x64.Build.0 = Debug|Any CPU
		{C34D6358-CA52-41CB-BB4C-DBCA6B103B99}.Debug|x64.Deploy.0 = Debug|Any CPU
		{C34D6358-CA52-41CB-BB4C-DBCA6B103B99}.Debug|x86.ActiveCfg = Debug|Any CPU
		{C34D6358-CA52-41CB-BB4C-DBCA6B103B99}.Debug|x86.Build.0 = Debug|Any CPU
		{C34D6358-CA52-41CB-BB4C-DBCA6B103B99}.Debug|x86.Deploy.0 = Debug|Any CPU
		{C34D6358-CA52-41CB-BB4C-DBCA6B103B99}.Release|Any CPU.ActiveCfg = Release|Any CPU
		{C34D6358-CA52-41CB-BB4C-DBCA6B103B99}.Release|Any CPU.Build.0 = Release|Any CPU
		{C34D6358-CA52-41CB-BB4C-DBCA6B103B99}.Release|Any CPU.Deploy.0 = Release|Any CPU
		{C34D6358-CA52-41CB-BB4C-DBCA6B103B99}.Release|ARM.ActiveCfg = Release|Any CPU
		{C34D6358-CA52-41CB-BB4C-DBCA6B103B99}.Release|ARM.Build.0 = Release|Any CPU
		{C34D6358-CA52-41CB-BB4C-DBCA6B103B99}.Release|ARM.Deploy.0 = Release|Any CPU
		{C34D6358-CA52-41CB-BB4C-DBCA6B103B99}.Release|iPhone.ActiveCfg = Release|Any CPU
		{C34D6358-CA52-41CB-BB4C-DBCA6B103B99}.Release|iPhone.Build.0 = Release|Any CPU
		{C34D6358-CA52-41CB-BB4C-DBCA6B103B99}.Release|iPhone.Deploy.0 = Release|Any CPU
		{C34D6358-CA52-41CB-BB4C-DBCA6B103B99}.Release|iPhoneSimulator.ActiveCfg = Release|Any CPU
		{C34D6358-CA52-41CB-BB4C-DBCA6B103B99}.Release|iPhoneSimulator.Build.0 = Release|Any CPU
		{C34D6358-CA52-41CB-BB4C-DBCA6B103B99}.Release|iPhoneSimulator.Deploy.0 = Release|Any CPU
		{C34D6358-CA52-41CB-BB4C-DBCA6B103B99}.Release|x64.ActiveCfg = Release|Any CPU
		{C34D6358-CA52-41CB-BB4C-DBCA6B103B99}.Release|x64.Build.0 = Release|Any CPU
		{C34D6358-CA52-41CB-BB4C-DBCA6B103B99}.Release|x64.Deploy.0 = Release|Any CPU
		{C34D6358-CA52-41CB-BB4C-DBCA6B103B99}.Release|x86.ActiveCfg = Release|Any CPU
		{C34D6358-CA52-41CB-BB4C-DBCA6B103B99}.Release|x86.Build.0 = Release|Any CPU
		{C34D6358-CA52-41CB-BB4C-DBCA6B103B99}.Release|x86.Deploy.0 = Release|Any CPU
		{59006901-8EA2-4CD1-A283-301563A9BCC9}.Ad-Hoc|Any CPU.ActiveCfg = Debug|Any CPU
		{59006901-8EA2-4CD1-A283-301563A9BCC9}.Ad-Hoc|Any CPU.Build.0 = Debug|Any CPU
		{59006901-8EA2-4CD1-A283-301563A9BCC9}.Ad-Hoc|ARM.ActiveCfg = Debug|Any CPU
		{59006901-8EA2-4CD1-A283-301563A9BCC9}.Ad-Hoc|ARM.Build.0 = Debug|Any CPU
		{59006901-8EA2-4CD1-A283-301563A9BCC9}.Ad-Hoc|iPhone.ActiveCfg = Debug|Any CPU
		{59006901-8EA2-4CD1-A283-301563A9BCC9}.Ad-Hoc|iPhone.Build.0 = Debug|Any CPU
		{59006901-8EA2-4CD1-A283-301563A9BCC9}.Ad-Hoc|iPhoneSimulator.ActiveCfg = Debug|Any CPU
		{59006901-8EA2-4CD1-A283-301563A9BCC9}.Ad-Hoc|iPhoneSimulator.Build.0 = Debug|Any CPU
		{59006901-8EA2-4CD1-A283-301563A9BCC9}.Ad-Hoc|x64.ActiveCfg = Debug|Any CPU
		{59006901-8EA2-4CD1-A283-301563A9BCC9}.Ad-Hoc|x64.Build.0 = Debug|Any CPU
		{59006901-8EA2-4CD1-A283-301563A9BCC9}.Ad-Hoc|x86.ActiveCfg = Debug|Any CPU
		{59006901-8EA2-4CD1-A283-301563A9BCC9}.Ad-Hoc|x86.Build.0 = Debug|Any CPU
		{59006901-8EA2-4CD1-A283-301563A9BCC9}.AppStore|Any CPU.ActiveCfg = Debug|Any CPU
		{59006901-8EA2-4CD1-A283-301563A9BCC9}.AppStore|Any CPU.Build.0 = Debug|Any CPU
		{59006901-8EA2-4CD1-A283-301563A9BCC9}.AppStore|ARM.ActiveCfg = Debug|Any CPU
		{59006901-8EA2-4CD1-A283-301563A9BCC9}.AppStore|ARM.Build.0 = Debug|Any CPU
		{59006901-8EA2-4CD1-A283-301563A9BCC9}.AppStore|iPhone.ActiveCfg = Debug|Any CPU
		{59006901-8EA2-4CD1-A283-301563A9BCC9}.AppStore|iPhone.Build.0 = Debug|Any CPU
		{59006901-8EA2-4CD1-A283-301563A9BCC9}.AppStore|iPhoneSimulator.ActiveCfg = Debug|Any CPU
		{59006901-8EA2-4CD1-A283-301563A9BCC9}.AppStore|iPhoneSimulator.Build.0 = Debug|Any CPU
		{59006901-8EA2-4CD1-A283-301563A9BCC9}.AppStore|x64.ActiveCfg = Debug|Any CPU
		{59006901-8EA2-4CD1-A283-301563A9BCC9}.AppStore|x64.Build.0 = Debug|Any CPU
		{59006901-8EA2-4CD1-A283-301563A9BCC9}.AppStore|x86.ActiveCfg = Debug|Any CPU
		{59006901-8EA2-4CD1-A283-301563A9BCC9}.AppStore|x86.Build.0 = Debug|Any CPU
		{59006901-8EA2-4CD1-A283-301563A9BCC9}.Debug|Any CPU.ActiveCfg = Debug|Any CPU
		{59006901-8EA2-4CD1-A283-301563A9BCC9}.Debug|Any CPU.Build.0 = Debug|Any CPU
		{59006901-8EA2-4CD1-A283-301563A9BCC9}.Debug|ARM.ActiveCfg = Debug|Any CPU
		{59006901-8EA2-4CD1-A283-301563A9BCC9}.Debug|ARM.Build.0 = Debug|Any CPU
		{59006901-8EA2-4CD1-A283-301563A9BCC9}.Debug|iPhone.ActiveCfg = Debug|Any CPU
		{59006901-8EA2-4CD1-A283-301563A9BCC9}.Debug|iPhone.Build.0 = Debug|Any CPU
		{59006901-8EA2-4CD1-A283-301563A9BCC9}.Debug|iPhoneSimulator.ActiveCfg = Debug|Any CPU
		{59006901-8EA2-4CD1-A283-301563A9BCC9}.Debug|iPhoneSimulator.Build.0 = Debug|Any CPU
		{59006901-8EA2-4CD1-A283-301563A9BCC9}.Debug|x64.ActiveCfg = Debug|Any CPU
		{59006901-8EA2-4CD1-A283-301563A9BCC9}.Debug|x64.Build.0 = Debug|Any CPU
		{59006901-8EA2-4CD1-A283-301563A9BCC9}.Debug|x86.ActiveCfg = Debug|Any CPU
		{59006901-8EA2-4CD1-A283-301563A9BCC9}.Debug|x86.Build.0 = Debug|Any CPU
		{59006901-8EA2-4CD1-A283-301563A9BCC9}.Release|Any CPU.ActiveCfg = Release|Any CPU
		{59006901-8EA2-4CD1-A283-301563A9BCC9}.Release|Any CPU.Build.0 = Release|Any CPU
		{59006901-8EA2-4CD1-A283-301563A9BCC9}.Release|ARM.ActiveCfg = Release|Any CPU
		{59006901-8EA2-4CD1-A283-301563A9BCC9}.Release|ARM.Build.0 = Release|Any CPU
		{59006901-8EA2-4CD1-A283-301563A9BCC9}.Release|iPhone.ActiveCfg = Release|Any CPU
		{59006901-8EA2-4CD1-A283-301563A9BCC9}.Release|iPhone.Build.0 = Release|Any CPU
		{59006901-8EA2-4CD1-A283-301563A9BCC9}.Release|iPhoneSimulator.ActiveCfg = Release|Any CPU
		{59006901-8EA2-4CD1-A283-301563A9BCC9}.Release|iPhoneSimulator.Build.0 = Release|Any CPU
		{59006901-8EA2-4CD1-A283-301563A9BCC9}.Release|x64.ActiveCfg = Release|Any CPU
		{59006901-8EA2-4CD1-A283-301563A9BCC9}.Release|x64.Build.0 = Release|Any CPU
		{59006901-8EA2-4CD1-A283-301563A9BCC9}.Release|x86.ActiveCfg = Release|Any CPU
		{59006901-8EA2-4CD1-A283-301563A9BCC9}.Release|x86.Build.0 = Release|Any CPU
		{3E255E79-4E55-45A8-B086-912A23DEBA7C}.Ad-Hoc|Any CPU.ActiveCfg = Debug|Any CPU
		{3E255E79-4E55-45A8-B086-912A23DEBA7C}.Ad-Hoc|Any CPU.Build.0 = Debug|Any CPU
		{3E255E79-4E55-45A8-B086-912A23DEBA7C}.Ad-Hoc|ARM.ActiveCfg = Debug|Any CPU
		{3E255E79-4E55-45A8-B086-912A23DEBA7C}.Ad-Hoc|ARM.Build.0 = Debug|Any CPU
		{3E255E79-4E55-45A8-B086-912A23DEBA7C}.Ad-Hoc|iPhone.ActiveCfg = Debug|Any CPU
		{3E255E79-4E55-45A8-B086-912A23DEBA7C}.Ad-Hoc|iPhone.Build.0 = Debug|Any CPU
		{3E255E79-4E55-45A8-B086-912A23DEBA7C}.Ad-Hoc|iPhoneSimulator.ActiveCfg = Debug|Any CPU
		{3E255E79-4E55-45A8-B086-912A23DEBA7C}.Ad-Hoc|iPhoneSimulator.Build.0 = Debug|Any CPU
		{3E255E79-4E55-45A8-B086-912A23DEBA7C}.Ad-Hoc|x64.ActiveCfg = Debug|Any CPU
		{3E255E79-4E55-45A8-B086-912A23DEBA7C}.Ad-Hoc|x64.Build.0 = Debug|Any CPU
		{3E255E79-4E55-45A8-B086-912A23DEBA7C}.Ad-Hoc|x86.ActiveCfg = Debug|Any CPU
		{3E255E79-4E55-45A8-B086-912A23DEBA7C}.Ad-Hoc|x86.Build.0 = Debug|Any CPU
		{3E255E79-4E55-45A8-B086-912A23DEBA7C}.AppStore|Any CPU.ActiveCfg = Debug|Any CPU
		{3E255E79-4E55-45A8-B086-912A23DEBA7C}.AppStore|Any CPU.Build.0 = Debug|Any CPU
		{3E255E79-4E55-45A8-B086-912A23DEBA7C}.AppStore|ARM.ActiveCfg = Debug|Any CPU
		{3E255E79-4E55-45A8-B086-912A23DEBA7C}.AppStore|ARM.Build.0 = Debug|Any CPU
		{3E255E79-4E55-45A8-B086-912A23DEBA7C}.AppStore|iPhone.ActiveCfg = Debug|Any CPU
		{3E255E79-4E55-45A8-B086-912A23DEBA7C}.AppStore|iPhone.Build.0 = Debug|Any CPU
		{3E255E79-4E55-45A8-B086-912A23DEBA7C}.AppStore|iPhoneSimulator.ActiveCfg = Debug|Any CPU
		{3E255E79-4E55-45A8-B086-912A23DEBA7C}.AppStore|iPhoneSimulator.Build.0 = Debug|Any CPU
		{3E255E79-4E55-45A8-B086-912A23DEBA7C}.AppStore|x64.ActiveCfg = Debug|Any CPU
		{3E255E79-4E55-45A8-B086-912A23DEBA7C}.AppStore|x64.Build.0 = Debug|Any CPU
		{3E255E79-4E55-45A8-B086-912A23DEBA7C}.AppStore|x86.ActiveCfg = Debug|Any CPU
		{3E255E79-4E55-45A8-B086-912A23DEBA7C}.AppStore|x86.Build.0 = Debug|Any CPU
		{3E255E79-4E55-45A8-B086-912A23DEBA7C}.Debug|Any CPU.ActiveCfg = Debug|Any CPU
		{3E255E79-4E55-45A8-B086-912A23DEBA7C}.Debug|Any CPU.Build.0 = Debug|Any CPU
		{3E255E79-4E55-45A8-B086-912A23DEBA7C}.Debug|ARM.ActiveCfg = Debug|Any CPU
		{3E255E79-4E55-45A8-B086-912A23DEBA7C}.Debug|ARM.Build.0 = Debug|Any CPU
		{3E255E79-4E55-45A8-B086-912A23DEBA7C}.Debug|iPhone.ActiveCfg = Debug|Any CPU
		{3E255E79-4E55-45A8-B086-912A23DEBA7C}.Debug|iPhone.Build.0 = Debug|Any CPU
		{3E255E79-4E55-45A8-B086-912A23DEBA7C}.Debug|iPhoneSimulator.ActiveCfg = Debug|Any CPU
		{3E255E79-4E55-45A8-B086-912A23DEBA7C}.Debug|iPhoneSimulator.Build.0 = Debug|Any CPU
		{3E255E79-4E55-45A8-B086-912A23DEBA7C}.Debug|x64.ActiveCfg = Debug|Any CPU
		{3E255E79-4E55-45A8-B086-912A23DEBA7C}.Debug|x64.Build.0 = Debug|Any CPU
		{3E255E79-4E55-45A8-B086-912A23DEBA7C}.Debug|x86.ActiveCfg = Debug|Any CPU
		{3E255E79-4E55-45A8-B086-912A23DEBA7C}.Debug|x86.Build.0 = Debug|Any CPU
		{3E255E79-4E55-45A8-B086-912A23DEBA7C}.Release|Any CPU.ActiveCfg = Release|Any CPU
		{3E255E79-4E55-45A8-B086-912A23DEBA7C}.Release|Any CPU.Build.0 = Release|Any CPU
		{3E255E79-4E55-45A8-B086-912A23DEBA7C}.Release|ARM.ActiveCfg = Release|Any CPU
		{3E255E79-4E55-45A8-B086-912A23DEBA7C}.Release|ARM.Build.0 = Release|Any CPU
		{3E255E79-4E55-45A8-B086-912A23DEBA7C}.Release|iPhone.ActiveCfg = Release|Any CPU
		{3E255E79-4E55-45A8-B086-912A23DEBA7C}.Release|iPhone.Build.0 = Release|Any CPU
		{3E255E79-4E55-45A8-B086-912A23DEBA7C}.Release|iPhoneSimulator.ActiveCfg = Release|Any CPU
		{3E255E79-4E55-45A8-B086-912A23DEBA7C}.Release|iPhoneSimulator.Build.0 = Release|Any CPU
		{3E255E79-4E55-45A8-B086-912A23DEBA7C}.Release|x64.ActiveCfg = Release|Any CPU
		{3E255E79-4E55-45A8-B086-912A23DEBA7C}.Release|x64.Build.0 = Release|Any CPU
		{3E255E79-4E55-45A8-B086-912A23DEBA7C}.Release|x86.ActiveCfg = Release|Any CPU
		{3E255E79-4E55-45A8-B086-912A23DEBA7C}.Release|x86.Build.0 = Release|Any CPU
		{B2A65829-856A-4134-8F1F-3E18243EBF2F}.Ad-Hoc|Any CPU.ActiveCfg = Debug|Any CPU
		{B2A65829-856A-4134-8F1F-3E18243EBF2F}.Ad-Hoc|Any CPU.Build.0 = Debug|Any CPU
		{B2A65829-856A-4134-8F1F-3E18243EBF2F}.Ad-Hoc|ARM.ActiveCfg = Debug|Any CPU
		{B2A65829-856A-4134-8F1F-3E18243EBF2F}.Ad-Hoc|ARM.Build.0 = Debug|Any CPU
		{B2A65829-856A-4134-8F1F-3E18243EBF2F}.Ad-Hoc|iPhone.ActiveCfg = Debug|Any CPU
		{B2A65829-856A-4134-8F1F-3E18243EBF2F}.Ad-Hoc|iPhone.Build.0 = Debug|Any CPU
		{B2A65829-856A-4134-8F1F-3E18243EBF2F}.Ad-Hoc|iPhoneSimulator.ActiveCfg = Debug|Any CPU
		{B2A65829-856A-4134-8F1F-3E18243EBF2F}.Ad-Hoc|iPhoneSimulator.Build.0 = Debug|Any CPU
		{B2A65829-856A-4134-8F1F-3E18243EBF2F}.Ad-Hoc|x64.ActiveCfg = Debug|Any CPU
		{B2A65829-856A-4134-8F1F-3E18243EBF2F}.Ad-Hoc|x64.Build.0 = Debug|Any CPU
		{B2A65829-856A-4134-8F1F-3E18243EBF2F}.Ad-Hoc|x86.ActiveCfg = Debug|Any CPU
		{B2A65829-856A-4134-8F1F-3E18243EBF2F}.Ad-Hoc|x86.Build.0 = Debug|Any CPU
		{B2A65829-856A-4134-8F1F-3E18243EBF2F}.AppStore|Any CPU.ActiveCfg = Debug|Any CPU
		{B2A65829-856A-4134-8F1F-3E18243EBF2F}.AppStore|Any CPU.Build.0 = Debug|Any CPU
		{B2A65829-856A-4134-8F1F-3E18243EBF2F}.AppStore|ARM.ActiveCfg = Debug|Any CPU
		{B2A65829-856A-4134-8F1F-3E18243EBF2F}.AppStore|ARM.Build.0 = Debug|Any CPU
		{B2A65829-856A-4134-8F1F-3E18243EBF2F}.AppStore|iPhone.ActiveCfg = Debug|Any CPU
		{B2A65829-856A-4134-8F1F-3E18243EBF2F}.AppStore|iPhone.Build.0 = Debug|Any CPU
		{B2A65829-856A-4134-8F1F-3E18243EBF2F}.AppStore|iPhoneSimulator.ActiveCfg = Debug|Any CPU
		{B2A65829-856A-4134-8F1F-3E18243EBF2F}.AppStore|iPhoneSimulator.Build.0 = Debug|Any CPU
		{B2A65829-856A-4134-8F1F-3E18243EBF2F}.AppStore|x64.ActiveCfg = Debug|Any CPU
		{B2A65829-856A-4134-8F1F-3E18243EBF2F}.AppStore|x64.Build.0 = Debug|Any CPU
		{B2A65829-856A-4134-8F1F-3E18243EBF2F}.AppStore|x86.ActiveCfg = Debug|Any CPU
		{B2A65829-856A-4134-8F1F-3E18243EBF2F}.AppStore|x86.Build.0 = Debug|Any CPU
		{B2A65829-856A-4134-8F1F-3E18243EBF2F}.Debug|Any CPU.ActiveCfg = Debug|Any CPU
		{B2A65829-856A-4134-8F1F-3E18243EBF2F}.Debug|Any CPU.Build.0 = Debug|Any CPU
		{B2A65829-856A-4134-8F1F-3E18243EBF2F}.Debug|ARM.ActiveCfg = Debug|Any CPU
		{B2A65829-856A-4134-8F1F-3E18243EBF2F}.Debug|ARM.Build.0 = Debug|Any CPU
		{B2A65829-856A-4134-8F1F-3E18243EBF2F}.Debug|iPhone.ActiveCfg = Debug|Any CPU
		{B2A65829-856A-4134-8F1F-3E18243EBF2F}.Debug|iPhone.Build.0 = Debug|Any CPU
		{B2A65829-856A-4134-8F1F-3E18243EBF2F}.Debug|iPhoneSimulator.ActiveCfg = Debug|Any CPU
		{B2A65829-856A-4134-8F1F-3E18243EBF2F}.Debug|iPhoneSimulator.Build.0 = Debug|Any CPU
		{B2A65829-856A-4134-8F1F-3E18243EBF2F}.Debug|x64.ActiveCfg = Debug|Any CPU
		{B2A65829-856A-4134-8F1F-3E18243EBF2F}.Debug|x64.Build.0 = Debug|Any CPU
		{B2A65829-856A-4134-8F1F-3E18243EBF2F}.Debug|x86.ActiveCfg = Debug|Any CPU
		{B2A65829-856A-4134-8F1F-3E18243EBF2F}.Debug|x86.Build.0 = Debug|Any CPU
		{B2A65829-856A-4134-8F1F-3E18243EBF2F}.Release|Any CPU.ActiveCfg = Release|Any CPU
		{B2A65829-856A-4134-8F1F-3E18243EBF2F}.Release|Any CPU.Build.0 = Release|Any CPU
		{B2A65829-856A-4134-8F1F-3E18243EBF2F}.Release|ARM.ActiveCfg = Release|Any CPU
		{B2A65829-856A-4134-8F1F-3E18243EBF2F}.Release|ARM.Build.0 = Release|Any CPU
		{B2A65829-856A-4134-8F1F-3E18243EBF2F}.Release|iPhone.ActiveCfg = Release|Any CPU
		{B2A65829-856A-4134-8F1F-3E18243EBF2F}.Release|iPhone.Build.0 = Release|Any CPU
		{B2A65829-856A-4134-8F1F-3E18243EBF2F}.Release|iPhoneSimulator.ActiveCfg = Release|Any CPU
		{B2A65829-856A-4134-8F1F-3E18243EBF2F}.Release|iPhoneSimulator.Build.0 = Release|Any CPU
		{B2A65829-856A-4134-8F1F-3E18243EBF2F}.Release|x64.ActiveCfg = Release|Any CPU
		{B2A65829-856A-4134-8F1F-3E18243EBF2F}.Release|x64.Build.0 = Release|Any CPU
		{B2A65829-856A-4134-8F1F-3E18243EBF2F}.Release|x86.ActiveCfg = Release|Any CPU
		{B2A65829-856A-4134-8F1F-3E18243EBF2F}.Release|x86.Build.0 = Release|Any CPU
		{F8E5D141-294D-458D-912D-08C15275EA80}.Ad-Hoc|Any CPU.ActiveCfg = Debug|Any CPU
		{F8E5D141-294D-458D-912D-08C15275EA80}.Ad-Hoc|Any CPU.Build.0 = Debug|Any CPU
		{F8E5D141-294D-458D-912D-08C15275EA80}.Ad-Hoc|ARM.ActiveCfg = Debug|Any CPU
		{F8E5D141-294D-458D-912D-08C15275EA80}.Ad-Hoc|ARM.Build.0 = Debug|Any CPU
		{F8E5D141-294D-458D-912D-08C15275EA80}.Ad-Hoc|iPhone.ActiveCfg = Debug|Any CPU
		{F8E5D141-294D-458D-912D-08C15275EA80}.Ad-Hoc|iPhone.Build.0 = Debug|Any CPU
		{F8E5D141-294D-458D-912D-08C15275EA80}.Ad-Hoc|iPhoneSimulator.ActiveCfg = Debug|Any CPU
		{F8E5D141-294D-458D-912D-08C15275EA80}.Ad-Hoc|iPhoneSimulator.Build.0 = Debug|Any CPU
		{F8E5D141-294D-458D-912D-08C15275EA80}.Ad-Hoc|x64.ActiveCfg = Debug|Any CPU
		{F8E5D141-294D-458D-912D-08C15275EA80}.Ad-Hoc|x64.Build.0 = Debug|Any CPU
		{F8E5D141-294D-458D-912D-08C15275EA80}.Ad-Hoc|x86.ActiveCfg = Debug|Any CPU
		{F8E5D141-294D-458D-912D-08C15275EA80}.Ad-Hoc|x86.Build.0 = Debug|Any CPU
		{F8E5D141-294D-458D-912D-08C15275EA80}.AppStore|Any CPU.ActiveCfg = Debug|Any CPU
		{F8E5D141-294D-458D-912D-08C15275EA80}.AppStore|Any CPU.Build.0 = Debug|Any CPU
		{F8E5D141-294D-458D-912D-08C15275EA80}.AppStore|ARM.ActiveCfg = Debug|Any CPU
		{F8E5D141-294D-458D-912D-08C15275EA80}.AppStore|ARM.Build.0 = Debug|Any CPU
		{F8E5D141-294D-458D-912D-08C15275EA80}.AppStore|iPhone.ActiveCfg = Debug|Any CPU
		{F8E5D141-294D-458D-912D-08C15275EA80}.AppStore|iPhone.Build.0 = Debug|Any CPU
		{F8E5D141-294D-458D-912D-08C15275EA80}.AppStore|iPhoneSimulator.ActiveCfg = Debug|Any CPU
		{F8E5D141-294D-458D-912D-08C15275EA80}.AppStore|iPhoneSimulator.Build.0 = Debug|Any CPU
		{F8E5D141-294D-458D-912D-08C15275EA80}.AppStore|x64.ActiveCfg = Debug|Any CPU
		{F8E5D141-294D-458D-912D-08C15275EA80}.AppStore|x64.Build.0 = Debug|Any CPU
		{F8E5D141-294D-458D-912D-08C15275EA80}.AppStore|x86.ActiveCfg = Debug|Any CPU
		{F8E5D141-294D-458D-912D-08C15275EA80}.AppStore|x86.Build.0 = Debug|Any CPU
		{F8E5D141-294D-458D-912D-08C15275EA80}.Debug|Any CPU.ActiveCfg = Debug|Any CPU
		{F8E5D141-294D-458D-912D-08C15275EA80}.Debug|Any CPU.Build.0 = Debug|Any CPU
		{F8E5D141-294D-458D-912D-08C15275EA80}.Debug|ARM.ActiveCfg = Debug|Any CPU
		{F8E5D141-294D-458D-912D-08C15275EA80}.Debug|ARM.Build.0 = Debug|Any CPU
		{F8E5D141-294D-458D-912D-08C15275EA80}.Debug|iPhone.ActiveCfg = Debug|Any CPU
		{F8E5D141-294D-458D-912D-08C15275EA80}.Debug|iPhone.Build.0 = Debug|Any CPU
		{F8E5D141-294D-458D-912D-08C15275EA80}.Debug|iPhoneSimulator.ActiveCfg = Debug|Any CPU
		{F8E5D141-294D-458D-912D-08C15275EA80}.Debug|iPhoneSimulator.Build.0 = Debug|Any CPU
		{F8E5D141-294D-458D-912D-08C15275EA80}.Debug|x64.ActiveCfg = Debug|Any CPU
		{F8E5D141-294D-458D-912D-08C15275EA80}.Debug|x64.Build.0 = Debug|Any CPU
		{F8E5D141-294D-458D-912D-08C15275EA80}.Debug|x86.ActiveCfg = Debug|Any CPU
		{F8E5D141-294D-458D-912D-08C15275EA80}.Debug|x86.Build.0 = Debug|Any CPU
		{F8E5D141-294D-458D-912D-08C15275EA80}.Release|Any CPU.ActiveCfg = Release|Any CPU
		{F8E5D141-294D-458D-912D-08C15275EA80}.Release|Any CPU.Build.0 = Release|Any CPU
		{F8E5D141-294D-458D-912D-08C15275EA80}.Release|ARM.ActiveCfg = Release|Any CPU
		{F8E5D141-294D-458D-912D-08C15275EA80}.Release|ARM.Build.0 = Release|Any CPU
		{F8E5D141-294D-458D-912D-08C15275EA80}.Release|iPhone.ActiveCfg = Release|Any CPU
		{F8E5D141-294D-458D-912D-08C15275EA80}.Release|iPhone.Build.0 = Release|Any CPU
		{F8E5D141-294D-458D-912D-08C15275EA80}.Release|iPhoneSimulator.ActiveCfg = Release|Any CPU
		{F8E5D141-294D-458D-912D-08C15275EA80}.Release|iPhoneSimulator.Build.0 = Release|Any CPU
		{F8E5D141-294D-458D-912D-08C15275EA80}.Release|x64.ActiveCfg = Release|Any CPU
		{F8E5D141-294D-458D-912D-08C15275EA80}.Release|x64.Build.0 = Release|Any CPU
		{F8E5D141-294D-458D-912D-08C15275EA80}.Release|x86.ActiveCfg = Release|Any CPU
		{F8E5D141-294D-458D-912D-08C15275EA80}.Release|x86.Build.0 = Release|Any CPU
		{AB5249FE-A8C7-4877-A5B6-0E70DC4703D1}.Ad-Hoc|Any CPU.ActiveCfg = Debug|Any CPU
		{AB5249FE-A8C7-4877-A5B6-0E70DC4703D1}.Ad-Hoc|Any CPU.Build.0 = Debug|Any CPU
		{AB5249FE-A8C7-4877-A5B6-0E70DC4703D1}.Ad-Hoc|ARM.ActiveCfg = Debug|Any CPU
		{AB5249FE-A8C7-4877-A5B6-0E70DC4703D1}.Ad-Hoc|ARM.Build.0 = Debug|Any CPU
		{AB5249FE-A8C7-4877-A5B6-0E70DC4703D1}.Ad-Hoc|iPhone.ActiveCfg = Debug|Any CPU
		{AB5249FE-A8C7-4877-A5B6-0E70DC4703D1}.Ad-Hoc|iPhone.Build.0 = Debug|Any CPU
		{AB5249FE-A8C7-4877-A5B6-0E70DC4703D1}.Ad-Hoc|iPhoneSimulator.ActiveCfg = Debug|Any CPU
		{AB5249FE-A8C7-4877-A5B6-0E70DC4703D1}.Ad-Hoc|iPhoneSimulator.Build.0 = Debug|Any CPU
		{AB5249FE-A8C7-4877-A5B6-0E70DC4703D1}.Ad-Hoc|x64.ActiveCfg = Debug|Any CPU
		{AB5249FE-A8C7-4877-A5B6-0E70DC4703D1}.Ad-Hoc|x64.Build.0 = Debug|Any CPU
		{AB5249FE-A8C7-4877-A5B6-0E70DC4703D1}.Ad-Hoc|x86.ActiveCfg = Debug|Any CPU
		{AB5249FE-A8C7-4877-A5B6-0E70DC4703D1}.Ad-Hoc|x86.Build.0 = Debug|Any CPU
		{AB5249FE-A8C7-4877-A5B6-0E70DC4703D1}.AppStore|Any CPU.ActiveCfg = Debug|Any CPU
		{AB5249FE-A8C7-4877-A5B6-0E70DC4703D1}.AppStore|Any CPU.Build.0 = Debug|Any CPU
		{AB5249FE-A8C7-4877-A5B6-0E70DC4703D1}.AppStore|ARM.ActiveCfg = Debug|Any CPU
		{AB5249FE-A8C7-4877-A5B6-0E70DC4703D1}.AppStore|ARM.Build.0 = Debug|Any CPU
		{AB5249FE-A8C7-4877-A5B6-0E70DC4703D1}.AppStore|iPhone.ActiveCfg = Debug|Any CPU
		{AB5249FE-A8C7-4877-A5B6-0E70DC4703D1}.AppStore|iPhone.Build.0 = Debug|Any CPU
		{AB5249FE-A8C7-4877-A5B6-0E70DC4703D1}.AppStore|iPhoneSimulator.ActiveCfg = Debug|Any CPU
		{AB5249FE-A8C7-4877-A5B6-0E70DC4703D1}.AppStore|iPhoneSimulator.Build.0 = Debug|Any CPU
		{AB5249FE-A8C7-4877-A5B6-0E70DC4703D1}.AppStore|x64.ActiveCfg = Debug|Any CPU
		{AB5249FE-A8C7-4877-A5B6-0E70DC4703D1}.AppStore|x64.Build.0 = Debug|Any CPU
		{AB5249FE-A8C7-4877-A5B6-0E70DC4703D1}.AppStore|x86.ActiveCfg = Debug|Any CPU
		{AB5249FE-A8C7-4877-A5B6-0E70DC4703D1}.AppStore|x86.Build.0 = Debug|Any CPU
		{AB5249FE-A8C7-4877-A5B6-0E70DC4703D1}.Debug|Any CPU.ActiveCfg = Debug|Any CPU
		{AB5249FE-A8C7-4877-A5B6-0E70DC4703D1}.Debug|Any CPU.Build.0 = Debug|Any CPU
		{AB5249FE-A8C7-4877-A5B6-0E70DC4703D1}.Debug|ARM.ActiveCfg = Debug|Any CPU
		{AB5249FE-A8C7-4877-A5B6-0E70DC4703D1}.Debug|ARM.Build.0 = Debug|Any CPU
		{AB5249FE-A8C7-4877-A5B6-0E70DC4703D1}.Debug|iPhone.ActiveCfg = Debug|Any CPU
		{AB5249FE-A8C7-4877-A5B6-0E70DC4703D1}.Debug|iPhone.Build.0 = Debug|Any CPU
		{AB5249FE-A8C7-4877-A5B6-0E70DC4703D1}.Debug|iPhoneSimulator.ActiveCfg = Debug|Any CPU
		{AB5249FE-A8C7-4877-A5B6-0E70DC4703D1}.Debug|iPhoneSimulator.Build.0 = Debug|Any CPU
		{AB5249FE-A8C7-4877-A5B6-0E70DC4703D1}.Debug|x64.ActiveCfg = Debug|Any CPU
		{AB5249FE-A8C7-4877-A5B6-0E70DC4703D1}.Debug|x64.Build.0 = Debug|Any CPU
		{AB5249FE-A8C7-4877-A5B6-0E70DC4703D1}.Debug|x86.ActiveCfg = Debug|Any CPU
		{AB5249FE-A8C7-4877-A5B6-0E70DC4703D1}.Debug|x86.Build.0 = Debug|Any CPU
		{AB5249FE-A8C7-4877-A5B6-0E70DC4703D1}.Release|Any CPU.ActiveCfg = Release|Any CPU
		{AB5249FE-A8C7-4877-A5B6-0E70DC4703D1}.Release|Any CPU.Build.0 = Release|Any CPU
		{AB5249FE-A8C7-4877-A5B6-0E70DC4703D1}.Release|ARM.ActiveCfg = Release|Any CPU
		{AB5249FE-A8C7-4877-A5B6-0E70DC4703D1}.Release|ARM.Build.0 = Release|Any CPU
		{AB5249FE-A8C7-4877-A5B6-0E70DC4703D1}.Release|iPhone.ActiveCfg = Release|Any CPU
		{AB5249FE-A8C7-4877-A5B6-0E70DC4703D1}.Release|iPhone.Build.0 = Release|Any CPU
		{AB5249FE-A8C7-4877-A5B6-0E70DC4703D1}.Release|iPhoneSimulator.ActiveCfg = Release|Any CPU
		{AB5249FE-A8C7-4877-A5B6-0E70DC4703D1}.Release|iPhoneSimulator.Build.0 = Release|Any CPU
		{AB5249FE-A8C7-4877-A5B6-0E70DC4703D1}.Release|x64.ActiveCfg = Release|Any CPU
		{AB5249FE-A8C7-4877-A5B6-0E70DC4703D1}.Release|x64.Build.0 = Release|Any CPU
		{AB5249FE-A8C7-4877-A5B6-0E70DC4703D1}.Release|x86.ActiveCfg = Release|Any CPU
		{AB5249FE-A8C7-4877-A5B6-0E70DC4703D1}.Release|x86.Build.0 = Release|Any CPU
		{A2C60D12-29F5-4289-8BB2-D817F15AC75E}.Ad-Hoc|Any CPU.ActiveCfg = Debug|Any CPU
		{A2C60D12-29F5-4289-8BB2-D817F15AC75E}.Ad-Hoc|Any CPU.Build.0 = Debug|Any CPU
		{A2C60D12-29F5-4289-8BB2-D817F15AC75E}.Ad-Hoc|ARM.ActiveCfg = Debug|Any CPU
		{A2C60D12-29F5-4289-8BB2-D817F15AC75E}.Ad-Hoc|ARM.Build.0 = Debug|Any CPU
		{A2C60D12-29F5-4289-8BB2-D817F15AC75E}.Ad-Hoc|iPhone.ActiveCfg = Debug|Any CPU
		{A2C60D12-29F5-4289-8BB2-D817F15AC75E}.Ad-Hoc|iPhone.Build.0 = Debug|Any CPU
		{A2C60D12-29F5-4289-8BB2-D817F15AC75E}.Ad-Hoc|iPhoneSimulator.ActiveCfg = Debug|Any CPU
		{A2C60D12-29F5-4289-8BB2-D817F15AC75E}.Ad-Hoc|iPhoneSimulator.Build.0 = Debug|Any CPU
		{A2C60D12-29F5-4289-8BB2-D817F15AC75E}.Ad-Hoc|x64.ActiveCfg = Debug|Any CPU
		{A2C60D12-29F5-4289-8BB2-D817F15AC75E}.Ad-Hoc|x64.Build.0 = Debug|Any CPU
		{A2C60D12-29F5-4289-8BB2-D817F15AC75E}.Ad-Hoc|x86.ActiveCfg = Debug|Any CPU
		{A2C60D12-29F5-4289-8BB2-D817F15AC75E}.Ad-Hoc|x86.Build.0 = Debug|Any CPU
		{A2C60D12-29F5-4289-8BB2-D817F15AC75E}.AppStore|Any CPU.ActiveCfg = Debug|Any CPU
		{A2C60D12-29F5-4289-8BB2-D817F15AC75E}.AppStore|Any CPU.Build.0 = Debug|Any CPU
		{A2C60D12-29F5-4289-8BB2-D817F15AC75E}.AppStore|ARM.ActiveCfg = Debug|Any CPU
		{A2C60D12-29F5-4289-8BB2-D817F15AC75E}.AppStore|ARM.Build.0 = Debug|Any CPU
		{A2C60D12-29F5-4289-8BB2-D817F15AC75E}.AppStore|iPhone.ActiveCfg = Debug|Any CPU
		{A2C60D12-29F5-4289-8BB2-D817F15AC75E}.AppStore|iPhone.Build.0 = Debug|Any CPU
		{A2C60D12-29F5-4289-8BB2-D817F15AC75E}.AppStore|iPhoneSimulator.ActiveCfg = Debug|Any CPU
		{A2C60D12-29F5-4289-8BB2-D817F15AC75E}.AppStore|iPhoneSimulator.Build.0 = Debug|Any CPU
		{A2C60D12-29F5-4289-8BB2-D817F15AC75E}.AppStore|x64.ActiveCfg = Debug|Any CPU
		{A2C60D12-29F5-4289-8BB2-D817F15AC75E}.AppStore|x64.Build.0 = Debug|Any CPU
		{A2C60D12-29F5-4289-8BB2-D817F15AC75E}.AppStore|x86.ActiveCfg = Debug|Any CPU
		{A2C60D12-29F5-4289-8BB2-D817F15AC75E}.AppStore|x86.Build.0 = Debug|Any CPU
		{A2C60D12-29F5-4289-8BB2-D817F15AC75E}.Debug|Any CPU.ActiveCfg = Debug|Any CPU
		{A2C60D12-29F5-4289-8BB2-D817F15AC75E}.Debug|Any CPU.Build.0 = Debug|Any CPU
		{A2C60D12-29F5-4289-8BB2-D817F15AC75E}.Debug|ARM.ActiveCfg = Debug|Any CPU
		{A2C60D12-29F5-4289-8BB2-D817F15AC75E}.Debug|ARM.Build.0 = Debug|Any CPU
		{A2C60D12-29F5-4289-8BB2-D817F15AC75E}.Debug|iPhone.ActiveCfg = Debug|Any CPU
		{A2C60D12-29F5-4289-8BB2-D817F15AC75E}.Debug|iPhone.Build.0 = Debug|Any CPU
		{A2C60D12-29F5-4289-8BB2-D817F15AC75E}.Debug|iPhoneSimulator.ActiveCfg = Debug|Any CPU
		{A2C60D12-29F5-4289-8BB2-D817F15AC75E}.Debug|iPhoneSimulator.Build.0 = Debug|Any CPU
		{A2C60D12-29F5-4289-8BB2-D817F15AC75E}.Debug|x64.ActiveCfg = Debug|Any CPU
		{A2C60D12-29F5-4289-8BB2-D817F15AC75E}.Debug|x64.Build.0 = Debug|Any CPU
		{A2C60D12-29F5-4289-8BB2-D817F15AC75E}.Debug|x86.ActiveCfg = Debug|Any CPU
		{A2C60D12-29F5-4289-8BB2-D817F15AC75E}.Debug|x86.Build.0 = Debug|Any CPU
		{A2C60D12-29F5-4289-8BB2-D817F15AC75E}.Release|Any CPU.ActiveCfg = Release|Any CPU
		{A2C60D12-29F5-4289-8BB2-D817F15AC75E}.Release|Any CPU.Build.0 = Release|Any CPU
		{A2C60D12-29F5-4289-8BB2-D817F15AC75E}.Release|ARM.ActiveCfg = Release|Any CPU
		{A2C60D12-29F5-4289-8BB2-D817F15AC75E}.Release|ARM.Build.0 = Release|Any CPU
		{A2C60D12-29F5-4289-8BB2-D817F15AC75E}.Release|iPhone.ActiveCfg = Release|Any CPU
		{A2C60D12-29F5-4289-8BB2-D817F15AC75E}.Release|iPhone.Build.0 = Release|Any CPU
		{A2C60D12-29F5-4289-8BB2-D817F15AC75E}.Release|iPhoneSimulator.ActiveCfg = Release|Any CPU
		{A2C60D12-29F5-4289-8BB2-D817F15AC75E}.Release|iPhoneSimulator.Build.0 = Release|Any CPU
		{A2C60D12-29F5-4289-8BB2-D817F15AC75E}.Release|x64.ActiveCfg = Release|Any CPU
		{A2C60D12-29F5-4289-8BB2-D817F15AC75E}.Release|x64.Build.0 = Release|Any CPU
		{A2C60D12-29F5-4289-8BB2-D817F15AC75E}.Release|x86.ActiveCfg = Release|Any CPU
		{A2C60D12-29F5-4289-8BB2-D817F15AC75E}.Release|x86.Build.0 = Release|Any CPU
		{C35A9FFA-94DA-4CC0-9441-94F191C86FA7}.Ad-Hoc|Any CPU.ActiveCfg = Debug|Any CPU
		{C35A9FFA-94DA-4CC0-9441-94F191C86FA7}.Ad-Hoc|Any CPU.Build.0 = Debug|Any CPU
		{C35A9FFA-94DA-4CC0-9441-94F191C86FA7}.Ad-Hoc|ARM.ActiveCfg = Debug|Any CPU
		{C35A9FFA-94DA-4CC0-9441-94F191C86FA7}.Ad-Hoc|ARM.Build.0 = Debug|Any CPU
		{C35A9FFA-94DA-4CC0-9441-94F191C86FA7}.Ad-Hoc|iPhone.ActiveCfg = Debug|Any CPU
		{C35A9FFA-94DA-4CC0-9441-94F191C86FA7}.Ad-Hoc|iPhone.Build.0 = Debug|Any CPU
		{C35A9FFA-94DA-4CC0-9441-94F191C86FA7}.Ad-Hoc|iPhoneSimulator.ActiveCfg = Debug|Any CPU
		{C35A9FFA-94DA-4CC0-9441-94F191C86FA7}.Ad-Hoc|iPhoneSimulator.Build.0 = Debug|Any CPU
		{C35A9FFA-94DA-4CC0-9441-94F191C86FA7}.Ad-Hoc|x64.ActiveCfg = Debug|Any CPU
		{C35A9FFA-94DA-4CC0-9441-94F191C86FA7}.Ad-Hoc|x64.Build.0 = Debug|Any CPU
		{C35A9FFA-94DA-4CC0-9441-94F191C86FA7}.Ad-Hoc|x86.ActiveCfg = Debug|Any CPU
		{C35A9FFA-94DA-4CC0-9441-94F191C86FA7}.Ad-Hoc|x86.Build.0 = Debug|Any CPU
		{C35A9FFA-94DA-4CC0-9441-94F191C86FA7}.AppStore|Any CPU.ActiveCfg = Debug|Any CPU
		{C35A9FFA-94DA-4CC0-9441-94F191C86FA7}.AppStore|Any CPU.Build.0 = Debug|Any CPU
		{C35A9FFA-94DA-4CC0-9441-94F191C86FA7}.AppStore|ARM.ActiveCfg = Debug|Any CPU
		{C35A9FFA-94DA-4CC0-9441-94F191C86FA7}.AppStore|ARM.Build.0 = Debug|Any CPU
		{C35A9FFA-94DA-4CC0-9441-94F191C86FA7}.AppStore|iPhone.ActiveCfg = Debug|Any CPU
		{C35A9FFA-94DA-4CC0-9441-94F191C86FA7}.AppStore|iPhone.Build.0 = Debug|Any CPU
		{C35A9FFA-94DA-4CC0-9441-94F191C86FA7}.AppStore|iPhoneSimulator.ActiveCfg = Debug|Any CPU
		{C35A9FFA-94DA-4CC0-9441-94F191C86FA7}.AppStore|iPhoneSimulator.Build.0 = Debug|Any CPU
		{C35A9FFA-94DA-4CC0-9441-94F191C86FA7}.AppStore|x64.ActiveCfg = Debug|Any CPU
		{C35A9FFA-94DA-4CC0-9441-94F191C86FA7}.AppStore|x64.Build.0 = Debug|Any CPU
		{C35A9FFA-94DA-4CC0-9441-94F191C86FA7}.AppStore|x86.ActiveCfg = Debug|Any CPU
		{C35A9FFA-94DA-4CC0-9441-94F191C86FA7}.AppStore|x86.Build.0 = Debug|Any CPU
		{C35A9FFA-94DA-4CC0-9441-94F191C86FA7}.Debug|Any CPU.ActiveCfg = Debug|Any CPU
		{C35A9FFA-94DA-4CC0-9441-94F191C86FA7}.Debug|Any CPU.Build.0 = Debug|Any CPU
		{C35A9FFA-94DA-4CC0-9441-94F191C86FA7}.Debug|ARM.ActiveCfg = Debug|Any CPU
		{C35A9FFA-94DA-4CC0-9441-94F191C86FA7}.Debug|ARM.Build.0 = Debug|Any CPU
		{C35A9FFA-94DA-4CC0-9441-94F191C86FA7}.Debug|iPhone.ActiveCfg = Debug|Any CPU
		{C35A9FFA-94DA-4CC0-9441-94F191C86FA7}.Debug|iPhone.Build.0 = Debug|Any CPU
		{C35A9FFA-94DA-4CC0-9441-94F191C86FA7}.Debug|iPhoneSimulator.ActiveCfg = Debug|Any CPU
		{C35A9FFA-94DA-4CC0-9441-94F191C86FA7}.Debug|iPhoneSimulator.Build.0 = Debug|Any CPU
		{C35A9FFA-94DA-4CC0-9441-94F191C86FA7}.Debug|x64.ActiveCfg = Debug|Any CPU
		{C35A9FFA-94DA-4CC0-9441-94F191C86FA7}.Debug|x64.Build.0 = Debug|Any CPU
		{C35A9FFA-94DA-4CC0-9441-94F191C86FA7}.Debug|x86.ActiveCfg = Debug|Any CPU
		{C35A9FFA-94DA-4CC0-9441-94F191C86FA7}.Debug|x86.Build.0 = Debug|Any CPU
		{C35A9FFA-94DA-4CC0-9441-94F191C86FA7}.Release|Any CPU.ActiveCfg = Release|Any CPU
		{C35A9FFA-94DA-4CC0-9441-94F191C86FA7}.Release|Any CPU.Build.0 = Release|Any CPU
		{C35A9FFA-94DA-4CC0-9441-94F191C86FA7}.Release|ARM.ActiveCfg = Release|Any CPU
		{C35A9FFA-94DA-4CC0-9441-94F191C86FA7}.Release|ARM.Build.0 = Release|Any CPU
		{C35A9FFA-94DA-4CC0-9441-94F191C86FA7}.Release|iPhone.ActiveCfg = Release|Any CPU
		{C35A9FFA-94DA-4CC0-9441-94F191C86FA7}.Release|iPhone.Build.0 = Release|Any CPU
		{C35A9FFA-94DA-4CC0-9441-94F191C86FA7}.Release|iPhoneSimulator.ActiveCfg = Release|Any CPU
		{C35A9FFA-94DA-4CC0-9441-94F191C86FA7}.Release|iPhoneSimulator.Build.0 = Release|Any CPU
		{C35A9FFA-94DA-4CC0-9441-94F191C86FA7}.Release|x64.ActiveCfg = Release|Any CPU
		{C35A9FFA-94DA-4CC0-9441-94F191C86FA7}.Release|x64.Build.0 = Release|Any CPU
		{C35A9FFA-94DA-4CC0-9441-94F191C86FA7}.Release|x86.ActiveCfg = Release|Any CPU
		{C35A9FFA-94DA-4CC0-9441-94F191C86FA7}.Release|x86.Build.0 = Release|Any CPU
		{09302E8A-2B05-4A52-82A8-8A792C3A1EDF}.Ad-Hoc|Any CPU.ActiveCfg = Debug|Any CPU
		{09302E8A-2B05-4A52-82A8-8A792C3A1EDF}.Ad-Hoc|Any CPU.Build.0 = Debug|Any CPU
		{09302E8A-2B05-4A52-82A8-8A792C3A1EDF}.Ad-Hoc|ARM.ActiveCfg = Debug|Any CPU
		{09302E8A-2B05-4A52-82A8-8A792C3A1EDF}.Ad-Hoc|ARM.Build.0 = Debug|Any CPU
		{09302E8A-2B05-4A52-82A8-8A792C3A1EDF}.Ad-Hoc|iPhone.ActiveCfg = Debug|Any CPU
		{09302E8A-2B05-4A52-82A8-8A792C3A1EDF}.Ad-Hoc|iPhone.Build.0 = Debug|Any CPU
		{09302E8A-2B05-4A52-82A8-8A792C3A1EDF}.Ad-Hoc|iPhoneSimulator.ActiveCfg = Debug|Any CPU
		{09302E8A-2B05-4A52-82A8-8A792C3A1EDF}.Ad-Hoc|iPhoneSimulator.Build.0 = Debug|Any CPU
		{09302E8A-2B05-4A52-82A8-8A792C3A1EDF}.Ad-Hoc|x64.ActiveCfg = Debug|Any CPU
		{09302E8A-2B05-4A52-82A8-8A792C3A1EDF}.Ad-Hoc|x64.Build.0 = Debug|Any CPU
		{09302E8A-2B05-4A52-82A8-8A792C3A1EDF}.Ad-Hoc|x86.ActiveCfg = Debug|Any CPU
		{09302E8A-2B05-4A52-82A8-8A792C3A1EDF}.Ad-Hoc|x86.Build.0 = Debug|Any CPU
		{09302E8A-2B05-4A52-82A8-8A792C3A1EDF}.AppStore|Any CPU.ActiveCfg = Debug|Any CPU
		{09302E8A-2B05-4A52-82A8-8A792C3A1EDF}.AppStore|Any CPU.Build.0 = Debug|Any CPU
		{09302E8A-2B05-4A52-82A8-8A792C3A1EDF}.AppStore|ARM.ActiveCfg = Debug|Any CPU
		{09302E8A-2B05-4A52-82A8-8A792C3A1EDF}.AppStore|ARM.Build.0 = Debug|Any CPU
		{09302E8A-2B05-4A52-82A8-8A792C3A1EDF}.AppStore|iPhone.ActiveCfg = Debug|Any CPU
		{09302E8A-2B05-4A52-82A8-8A792C3A1EDF}.AppStore|iPhone.Build.0 = Debug|Any CPU
		{09302E8A-2B05-4A52-82A8-8A792C3A1EDF}.AppStore|iPhoneSimulator.ActiveCfg = Debug|Any CPU
		{09302E8A-2B05-4A52-82A8-8A792C3A1EDF}.AppStore|iPhoneSimulator.Build.0 = Debug|Any CPU
		{09302E8A-2B05-4A52-82A8-8A792C3A1EDF}.AppStore|x64.ActiveCfg = Debug|Any CPU
		{09302E8A-2B05-4A52-82A8-8A792C3A1EDF}.AppStore|x64.Build.0 = Debug|Any CPU
		{09302E8A-2B05-4A52-82A8-8A792C3A1EDF}.AppStore|x86.ActiveCfg = Debug|Any CPU
		{09302E8A-2B05-4A52-82A8-8A792C3A1EDF}.AppStore|x86.Build.0 = Debug|Any CPU
		{09302E8A-2B05-4A52-82A8-8A792C3A1EDF}.Debug|Any CPU.ActiveCfg = Debug|Any CPU
		{09302E8A-2B05-4A52-82A8-8A792C3A1EDF}.Debug|Any CPU.Build.0 = Debug|Any CPU
		{09302E8A-2B05-4A52-82A8-8A792C3A1EDF}.Debug|ARM.ActiveCfg = Debug|Any CPU
		{09302E8A-2B05-4A52-82A8-8A792C3A1EDF}.Debug|ARM.Build.0 = Debug|Any CPU
		{09302E8A-2B05-4A52-82A8-8A792C3A1EDF}.Debug|iPhone.ActiveCfg = Debug|Any CPU
		{09302E8A-2B05-4A52-82A8-8A792C3A1EDF}.Debug|iPhone.Build.0 = Debug|Any CPU
		{09302E8A-2B05-4A52-82A8-8A792C3A1EDF}.Debug|iPhoneSimulator.ActiveCfg = Debug|Any CPU
		{09302E8A-2B05-4A52-82A8-8A792C3A1EDF}.Debug|iPhoneSimulator.Build.0 = Debug|Any CPU
		{09302E8A-2B05-4A52-82A8-8A792C3A1EDF}.Debug|x64.ActiveCfg = Debug|Any CPU
		{09302E8A-2B05-4A52-82A8-8A792C3A1EDF}.Debug|x64.Build.0 = Debug|Any CPU
		{09302E8A-2B05-4A52-82A8-8A792C3A1EDF}.Debug|x86.ActiveCfg = Debug|Any CPU
		{09302E8A-2B05-4A52-82A8-8A792C3A1EDF}.Debug|x86.Build.0 = Debug|Any CPU
		{09302E8A-2B05-4A52-82A8-8A792C3A1EDF}.Release|Any CPU.ActiveCfg = Release|Any CPU
		{09302E8A-2B05-4A52-82A8-8A792C3A1EDF}.Release|Any CPU.Build.0 = Release|Any CPU
		{09302E8A-2B05-4A52-82A8-8A792C3A1EDF}.Release|ARM.ActiveCfg = Release|Any CPU
		{09302E8A-2B05-4A52-82A8-8A792C3A1EDF}.Release|ARM.Build.0 = Release|Any CPU
		{09302E8A-2B05-4A52-82A8-8A792C3A1EDF}.Release|iPhone.ActiveCfg = Release|Any CPU
		{09302E8A-2B05-4A52-82A8-8A792C3A1EDF}.Release|iPhone.Build.0 = Release|Any CPU
		{09302E8A-2B05-4A52-82A8-8A792C3A1EDF}.Release|iPhoneSimulator.ActiveCfg = Release|Any CPU
		{09302E8A-2B05-4A52-82A8-8A792C3A1EDF}.Release|iPhoneSimulator.Build.0 = Release|Any CPU
		{09302E8A-2B05-4A52-82A8-8A792C3A1EDF}.Release|x64.ActiveCfg = Release|Any CPU
		{09302E8A-2B05-4A52-82A8-8A792C3A1EDF}.Release|x64.Build.0 = Release|Any CPU
		{09302E8A-2B05-4A52-82A8-8A792C3A1EDF}.Release|x86.ActiveCfg = Release|Any CPU
		{09302E8A-2B05-4A52-82A8-8A792C3A1EDF}.Release|x86.Build.0 = Release|Any CPU
		{E4D4B09E-02F2-42C0-867A-139B49F1BF73}.Ad-Hoc|Any CPU.ActiveCfg = Debug|Any CPU
		{E4D4B09E-02F2-42C0-867A-139B49F1BF73}.Ad-Hoc|Any CPU.Build.0 = Debug|Any CPU
		{E4D4B09E-02F2-42C0-867A-139B49F1BF73}.Ad-Hoc|ARM.ActiveCfg = Debug|Any CPU
		{E4D4B09E-02F2-42C0-867A-139B49F1BF73}.Ad-Hoc|ARM.Build.0 = Debug|Any CPU
		{E4D4B09E-02F2-42C0-867A-139B49F1BF73}.Ad-Hoc|iPhone.ActiveCfg = Debug|Any CPU
		{E4D4B09E-02F2-42C0-867A-139B49F1BF73}.Ad-Hoc|iPhone.Build.0 = Debug|Any CPU
		{E4D4B09E-02F2-42C0-867A-139B49F1BF73}.Ad-Hoc|iPhoneSimulator.ActiveCfg = Debug|Any CPU
		{E4D4B09E-02F2-42C0-867A-139B49F1BF73}.Ad-Hoc|iPhoneSimulator.Build.0 = Debug|Any CPU
		{E4D4B09E-02F2-42C0-867A-139B49F1BF73}.Ad-Hoc|x64.ActiveCfg = Debug|Any CPU
		{E4D4B09E-02F2-42C0-867A-139B49F1BF73}.Ad-Hoc|x64.Build.0 = Debug|Any CPU
		{E4D4B09E-02F2-42C0-867A-139B49F1BF73}.Ad-Hoc|x86.ActiveCfg = Debug|Any CPU
		{E4D4B09E-02F2-42C0-867A-139B49F1BF73}.Ad-Hoc|x86.Build.0 = Debug|Any CPU
		{E4D4B09E-02F2-42C0-867A-139B49F1BF73}.AppStore|Any CPU.ActiveCfg = Debug|Any CPU
		{E4D4B09E-02F2-42C0-867A-139B49F1BF73}.AppStore|Any CPU.Build.0 = Debug|Any CPU
		{E4D4B09E-02F2-42C0-867A-139B49F1BF73}.AppStore|ARM.ActiveCfg = Debug|Any CPU
		{E4D4B09E-02F2-42C0-867A-139B49F1BF73}.AppStore|ARM.Build.0 = Debug|Any CPU
		{E4D4B09E-02F2-42C0-867A-139B49F1BF73}.AppStore|iPhone.ActiveCfg = Debug|Any CPU
		{E4D4B09E-02F2-42C0-867A-139B49F1BF73}.AppStore|iPhone.Build.0 = Debug|Any CPU
		{E4D4B09E-02F2-42C0-867A-139B49F1BF73}.AppStore|iPhoneSimulator.ActiveCfg = Debug|Any CPU
		{E4D4B09E-02F2-42C0-867A-139B49F1BF73}.AppStore|iPhoneSimulator.Build.0 = Debug|Any CPU
		{E4D4B09E-02F2-42C0-867A-139B49F1BF73}.AppStore|x64.ActiveCfg = Debug|Any CPU
		{E4D4B09E-02F2-42C0-867A-139B49F1BF73}.AppStore|x64.Build.0 = Debug|Any CPU
		{E4D4B09E-02F2-42C0-867A-139B49F1BF73}.AppStore|x86.ActiveCfg = Debug|Any CPU
		{E4D4B09E-02F2-42C0-867A-139B49F1BF73}.AppStore|x86.Build.0 = Debug|Any CPU
		{E4D4B09E-02F2-42C0-867A-139B49F1BF73}.Debug|Any CPU.ActiveCfg = Debug|Any CPU
		{E4D4B09E-02F2-42C0-867A-139B49F1BF73}.Debug|Any CPU.Build.0 = Debug|Any CPU
		{E4D4B09E-02F2-42C0-867A-139B49F1BF73}.Debug|ARM.ActiveCfg = Debug|Any CPU
		{E4D4B09E-02F2-42C0-867A-139B49F1BF73}.Debug|ARM.Build.0 = Debug|Any CPU
		{E4D4B09E-02F2-42C0-867A-139B49F1BF73}.Debug|iPhone.ActiveCfg = Debug|Any CPU
		{E4D4B09E-02F2-42C0-867A-139B49F1BF73}.Debug|iPhone.Build.0 = Debug|Any CPU
		{E4D4B09E-02F2-42C0-867A-139B49F1BF73}.Debug|iPhoneSimulator.ActiveCfg = Debug|Any CPU
		{E4D4B09E-02F2-42C0-867A-139B49F1BF73}.Debug|iPhoneSimulator.Build.0 = Debug|Any CPU
		{E4D4B09E-02F2-42C0-867A-139B49F1BF73}.Debug|x64.ActiveCfg = Debug|Any CPU
		{E4D4B09E-02F2-42C0-867A-139B49F1BF73}.Debug|x64.Build.0 = Debug|Any CPU
		{E4D4B09E-02F2-42C0-867A-139B49F1BF73}.Debug|x86.ActiveCfg = Debug|Any CPU
		{E4D4B09E-02F2-42C0-867A-139B49F1BF73}.Debug|x86.Build.0 = Debug|Any CPU
		{E4D4B09E-02F2-42C0-867A-139B49F1BF73}.Release|Any CPU.ActiveCfg = Release|Any CPU
		{E4D4B09E-02F2-42C0-867A-139B49F1BF73}.Release|Any CPU.Build.0 = Release|Any CPU
		{E4D4B09E-02F2-42C0-867A-139B49F1BF73}.Release|ARM.ActiveCfg = Release|Any CPU
		{E4D4B09E-02F2-42C0-867A-139B49F1BF73}.Release|ARM.Build.0 = Release|Any CPU
		{E4D4B09E-02F2-42C0-867A-139B49F1BF73}.Release|iPhone.ActiveCfg = Release|Any CPU
		{E4D4B09E-02F2-42C0-867A-139B49F1BF73}.Release|iPhone.Build.0 = Release|Any CPU
		{E4D4B09E-02F2-42C0-867A-139B49F1BF73}.Release|iPhoneSimulator.ActiveCfg = Release|Any CPU
		{E4D4B09E-02F2-42C0-867A-139B49F1BF73}.Release|iPhoneSimulator.Build.0 = Release|Any CPU
		{E4D4B09E-02F2-42C0-867A-139B49F1BF73}.Release|x64.ActiveCfg = Release|Any CPU
		{E4D4B09E-02F2-42C0-867A-139B49F1BF73}.Release|x64.Build.0 = Release|Any CPU
		{E4D4B09E-02F2-42C0-867A-139B49F1BF73}.Release|x86.ActiveCfg = Release|Any CPU
		{E4D4B09E-02F2-42C0-867A-139B49F1BF73}.Release|x86.Build.0 = Release|Any CPU
		{4404F6B7-D192-46E0-85B6-F5DA1D5389C8}.Ad-Hoc|Any CPU.ActiveCfg = Debug|Any CPU
		{4404F6B7-D192-46E0-85B6-F5DA1D5389C8}.Ad-Hoc|Any CPU.Build.0 = Debug|Any CPU
		{4404F6B7-D192-46E0-85B6-F5DA1D5389C8}.Ad-Hoc|ARM.ActiveCfg = Debug|Any CPU
		{4404F6B7-D192-46E0-85B6-F5DA1D5389C8}.Ad-Hoc|ARM.Build.0 = Debug|Any CPU
		{4404F6B7-D192-46E0-85B6-F5DA1D5389C8}.Ad-Hoc|iPhone.ActiveCfg = Debug|Any CPU
		{4404F6B7-D192-46E0-85B6-F5DA1D5389C8}.Ad-Hoc|iPhone.Build.0 = Debug|Any CPU
		{4404F6B7-D192-46E0-85B6-F5DA1D5389C8}.Ad-Hoc|iPhoneSimulator.ActiveCfg = Debug|Any CPU
		{4404F6B7-D192-46E0-85B6-F5DA1D5389C8}.Ad-Hoc|iPhoneSimulator.Build.0 = Debug|Any CPU
		{4404F6B7-D192-46E0-85B6-F5DA1D5389C8}.Ad-Hoc|x64.ActiveCfg = Debug|Any CPU
		{4404F6B7-D192-46E0-85B6-F5DA1D5389C8}.Ad-Hoc|x64.Build.0 = Debug|Any CPU
		{4404F6B7-D192-46E0-85B6-F5DA1D5389C8}.Ad-Hoc|x86.ActiveCfg = Debug|Any CPU
		{4404F6B7-D192-46E0-85B6-F5DA1D5389C8}.Ad-Hoc|x86.Build.0 = Debug|Any CPU
		{4404F6B7-D192-46E0-85B6-F5DA1D5389C8}.AppStore|Any CPU.ActiveCfg = Debug|Any CPU
		{4404F6B7-D192-46E0-85B6-F5DA1D5389C8}.AppStore|Any CPU.Build.0 = Debug|Any CPU
		{4404F6B7-D192-46E0-85B6-F5DA1D5389C8}.AppStore|ARM.ActiveCfg = Debug|Any CPU
		{4404F6B7-D192-46E0-85B6-F5DA1D5389C8}.AppStore|ARM.Build.0 = Debug|Any CPU
		{4404F6B7-D192-46E0-85B6-F5DA1D5389C8}.AppStore|iPhone.ActiveCfg = Debug|Any CPU
		{4404F6B7-D192-46E0-85B6-F5DA1D5389C8}.AppStore|iPhone.Build.0 = Debug|Any CPU
		{4404F6B7-D192-46E0-85B6-F5DA1D5389C8}.AppStore|iPhoneSimulator.ActiveCfg = Debug|Any CPU
		{4404F6B7-D192-46E0-85B6-F5DA1D5389C8}.AppStore|iPhoneSimulator.Build.0 = Debug|Any CPU
		{4404F6B7-D192-46E0-85B6-F5DA1D5389C8}.AppStore|x64.ActiveCfg = Debug|Any CPU
		{4404F6B7-D192-46E0-85B6-F5DA1D5389C8}.AppStore|x64.Build.0 = Debug|Any CPU
		{4404F6B7-D192-46E0-85B6-F5DA1D5389C8}.AppStore|x86.ActiveCfg = Debug|Any CPU
		{4404F6B7-D192-46E0-85B6-F5DA1D5389C8}.AppStore|x86.Build.0 = Debug|Any CPU
		{4404F6B7-D192-46E0-85B6-F5DA1D5389C8}.Debug|Any CPU.ActiveCfg = Debug|Any CPU
		{4404F6B7-D192-46E0-85B6-F5DA1D5389C8}.Debug|Any CPU.Build.0 = Debug|Any CPU
		{4404F6B7-D192-46E0-85B6-F5DA1D5389C8}.Debug|ARM.ActiveCfg = Debug|Any CPU
		{4404F6B7-D192-46E0-85B6-F5DA1D5389C8}.Debug|ARM.Build.0 = Debug|Any CPU
		{4404F6B7-D192-46E0-85B6-F5DA1D5389C8}.Debug|iPhone.ActiveCfg = Debug|Any CPU
		{4404F6B7-D192-46E0-85B6-F5DA1D5389C8}.Debug|iPhone.Build.0 = Debug|Any CPU
		{4404F6B7-D192-46E0-85B6-F5DA1D5389C8}.Debug|iPhoneSimulator.ActiveCfg = Debug|Any CPU
		{4404F6B7-D192-46E0-85B6-F5DA1D5389C8}.Debug|iPhoneSimulator.Build.0 = Debug|Any CPU
		{4404F6B7-D192-46E0-85B6-F5DA1D5389C8}.Debug|x64.ActiveCfg = Debug|Any CPU
		{4404F6B7-D192-46E0-85B6-F5DA1D5389C8}.Debug|x64.Build.0 = Debug|Any CPU
		{4404F6B7-D192-46E0-85B6-F5DA1D5389C8}.Debug|x86.ActiveCfg = Debug|Any CPU
		{4404F6B7-D192-46E0-85B6-F5DA1D5389C8}.Debug|x86.Build.0 = Debug|Any CPU
		{4404F6B7-D192-46E0-85B6-F5DA1D5389C8}.Release|Any CPU.ActiveCfg = Release|Any CPU
		{4404F6B7-D192-46E0-85B6-F5DA1D5389C8}.Release|Any CPU.Build.0 = Release|Any CPU
		{4404F6B7-D192-46E0-85B6-F5DA1D5389C8}.Release|ARM.ActiveCfg = Release|Any CPU
		{4404F6B7-D192-46E0-85B6-F5DA1D5389C8}.Release|ARM.Build.0 = Release|Any CPU
		{4404F6B7-D192-46E0-85B6-F5DA1D5389C8}.Release|iPhone.ActiveCfg = Release|Any CPU
		{4404F6B7-D192-46E0-85B6-F5DA1D5389C8}.Release|iPhone.Build.0 = Release|Any CPU
		{4404F6B7-D192-46E0-85B6-F5DA1D5389C8}.Release|iPhoneSimulator.ActiveCfg = Release|Any CPU
		{4404F6B7-D192-46E0-85B6-F5DA1D5389C8}.Release|iPhoneSimulator.Build.0 = Release|Any CPU
		{4404F6B7-D192-46E0-85B6-F5DA1D5389C8}.Release|x64.ActiveCfg = Release|Any CPU
		{4404F6B7-D192-46E0-85B6-F5DA1D5389C8}.Release|x64.Build.0 = Release|Any CPU
		{4404F6B7-D192-46E0-85B6-F5DA1D5389C8}.Release|x86.ActiveCfg = Release|Any CPU
		{4404F6B7-D192-46E0-85B6-F5DA1D5389C8}.Release|x86.Build.0 = Release|Any CPU
		{55CE88ED-9719-4D4E-AF06-34EDBF1F1951}.Ad-Hoc|Any CPU.ActiveCfg = Debug|Any CPU
		{55CE88ED-9719-4D4E-AF06-34EDBF1F1951}.Ad-Hoc|Any CPU.Build.0 = Debug|Any CPU
		{55CE88ED-9719-4D4E-AF06-34EDBF1F1951}.Ad-Hoc|ARM.ActiveCfg = Debug|Any CPU
		{55CE88ED-9719-4D4E-AF06-34EDBF1F1951}.Ad-Hoc|ARM.Build.0 = Debug|Any CPU
		{55CE88ED-9719-4D4E-AF06-34EDBF1F1951}.Ad-Hoc|iPhone.ActiveCfg = Debug|Any CPU
		{55CE88ED-9719-4D4E-AF06-34EDBF1F1951}.Ad-Hoc|iPhone.Build.0 = Debug|Any CPU
		{55CE88ED-9719-4D4E-AF06-34EDBF1F1951}.Ad-Hoc|iPhoneSimulator.ActiveCfg = Debug|Any CPU
		{55CE88ED-9719-4D4E-AF06-34EDBF1F1951}.Ad-Hoc|iPhoneSimulator.Build.0 = Debug|Any CPU
		{55CE88ED-9719-4D4E-AF06-34EDBF1F1951}.Ad-Hoc|x64.ActiveCfg = Debug|Any CPU
		{55CE88ED-9719-4D4E-AF06-34EDBF1F1951}.Ad-Hoc|x64.Build.0 = Debug|Any CPU
		{55CE88ED-9719-4D4E-AF06-34EDBF1F1951}.Ad-Hoc|x86.ActiveCfg = Debug|Any CPU
		{55CE88ED-9719-4D4E-AF06-34EDBF1F1951}.Ad-Hoc|x86.Build.0 = Debug|Any CPU
		{55CE88ED-9719-4D4E-AF06-34EDBF1F1951}.AppStore|Any CPU.ActiveCfg = Debug|Any CPU
		{55CE88ED-9719-4D4E-AF06-34EDBF1F1951}.AppStore|Any CPU.Build.0 = Debug|Any CPU
		{55CE88ED-9719-4D4E-AF06-34EDBF1F1951}.AppStore|ARM.ActiveCfg = Debug|Any CPU
		{55CE88ED-9719-4D4E-AF06-34EDBF1F1951}.AppStore|ARM.Build.0 = Debug|Any CPU
		{55CE88ED-9719-4D4E-AF06-34EDBF1F1951}.AppStore|iPhone.ActiveCfg = Debug|Any CPU
		{55CE88ED-9719-4D4E-AF06-34EDBF1F1951}.AppStore|iPhone.Build.0 = Debug|Any CPU
		{55CE88ED-9719-4D4E-AF06-34EDBF1F1951}.AppStore|iPhoneSimulator.ActiveCfg = Debug|Any CPU
		{55CE88ED-9719-4D4E-AF06-34EDBF1F1951}.AppStore|iPhoneSimulator.Build.0 = Debug|Any CPU
		{55CE88ED-9719-4D4E-AF06-34EDBF1F1951}.AppStore|x64.ActiveCfg = Debug|Any CPU
		{55CE88ED-9719-4D4E-AF06-34EDBF1F1951}.AppStore|x64.Build.0 = Debug|Any CPU
		{55CE88ED-9719-4D4E-AF06-34EDBF1F1951}.AppStore|x86.ActiveCfg = Debug|Any CPU
		{55CE88ED-9719-4D4E-AF06-34EDBF1F1951}.AppStore|x86.Build.0 = Debug|Any CPU
		{55CE88ED-9719-4D4E-AF06-34EDBF1F1951}.Debug|Any CPU.ActiveCfg = Debug|Any CPU
		{55CE88ED-9719-4D4E-AF06-34EDBF1F1951}.Debug|Any CPU.Build.0 = Debug|Any CPU
		{55CE88ED-9719-4D4E-AF06-34EDBF1F1951}.Debug|ARM.ActiveCfg = Debug|Any CPU
		{55CE88ED-9719-4D4E-AF06-34EDBF1F1951}.Debug|ARM.Build.0 = Debug|Any CPU
		{55CE88ED-9719-4D4E-AF06-34EDBF1F1951}.Debug|iPhone.ActiveCfg = Debug|Any CPU
		{55CE88ED-9719-4D4E-AF06-34EDBF1F1951}.Debug|iPhone.Build.0 = Debug|Any CPU
		{55CE88ED-9719-4D4E-AF06-34EDBF1F1951}.Debug|iPhoneSimulator.ActiveCfg = Debug|Any CPU
		{55CE88ED-9719-4D4E-AF06-34EDBF1F1951}.Debug|iPhoneSimulator.Build.0 = Debug|Any CPU
		{55CE88ED-9719-4D4E-AF06-34EDBF1F1951}.Debug|x64.ActiveCfg = Debug|Any CPU
		{55CE88ED-9719-4D4E-AF06-34EDBF1F1951}.Debug|x64.Build.0 = Debug|Any CPU
		{55CE88ED-9719-4D4E-AF06-34EDBF1F1951}.Debug|x86.ActiveCfg = Debug|Any CPU
		{55CE88ED-9719-4D4E-AF06-34EDBF1F1951}.Debug|x86.Build.0 = Debug|Any CPU
		{55CE88ED-9719-4D4E-AF06-34EDBF1F1951}.Release|Any CPU.ActiveCfg = Release|Any CPU
		{55CE88ED-9719-4D4E-AF06-34EDBF1F1951}.Release|Any CPU.Build.0 = Release|Any CPU
		{55CE88ED-9719-4D4E-AF06-34EDBF1F1951}.Release|ARM.ActiveCfg = Release|Any CPU
		{55CE88ED-9719-4D4E-AF06-34EDBF1F1951}.Release|ARM.Build.0 = Release|Any CPU
		{55CE88ED-9719-4D4E-AF06-34EDBF1F1951}.Release|iPhone.ActiveCfg = Release|Any CPU
		{55CE88ED-9719-4D4E-AF06-34EDBF1F1951}.Release|iPhone.Build.0 = Release|Any CPU
		{55CE88ED-9719-4D4E-AF06-34EDBF1F1951}.Release|iPhoneSimulator.ActiveCfg = Release|Any CPU
		{55CE88ED-9719-4D4E-AF06-34EDBF1F1951}.Release|iPhoneSimulator.Build.0 = Release|Any CPU
		{55CE88ED-9719-4D4E-AF06-34EDBF1F1951}.Release|x64.ActiveCfg = Release|Any CPU
		{55CE88ED-9719-4D4E-AF06-34EDBF1F1951}.Release|x64.Build.0 = Release|Any CPU
		{55CE88ED-9719-4D4E-AF06-34EDBF1F1951}.Release|x86.ActiveCfg = Release|Any CPU
		{55CE88ED-9719-4D4E-AF06-34EDBF1F1951}.Release|x86.Build.0 = Release|Any CPU
		{510147B0-E805-4F9D-8A36-AA6D04CC1A0F}.Ad-Hoc|Any CPU.ActiveCfg = Debug|Any CPU
		{510147B0-E805-4F9D-8A36-AA6D04CC1A0F}.Ad-Hoc|Any CPU.Build.0 = Debug|Any CPU
		{510147B0-E805-4F9D-8A36-AA6D04CC1A0F}.Ad-Hoc|ARM.ActiveCfg = Debug|Any CPU
		{510147B0-E805-4F9D-8A36-AA6D04CC1A0F}.Ad-Hoc|ARM.Build.0 = Debug|Any CPU
		{510147B0-E805-4F9D-8A36-AA6D04CC1A0F}.Ad-Hoc|iPhone.ActiveCfg = Debug|Any CPU
		{510147B0-E805-4F9D-8A36-AA6D04CC1A0F}.Ad-Hoc|iPhone.Build.0 = Debug|Any CPU
		{510147B0-E805-4F9D-8A36-AA6D04CC1A0F}.Ad-Hoc|iPhoneSimulator.ActiveCfg = Debug|Any CPU
		{510147B0-E805-4F9D-8A36-AA6D04CC1A0F}.Ad-Hoc|iPhoneSimulator.Build.0 = Debug|Any CPU
		{510147B0-E805-4F9D-8A36-AA6D04CC1A0F}.Ad-Hoc|x64.ActiveCfg = Debug|Any CPU
		{510147B0-E805-4F9D-8A36-AA6D04CC1A0F}.Ad-Hoc|x64.Build.0 = Debug|Any CPU
		{510147B0-E805-4F9D-8A36-AA6D04CC1A0F}.Ad-Hoc|x86.ActiveCfg = Debug|Any CPU
		{510147B0-E805-4F9D-8A36-AA6D04CC1A0F}.Ad-Hoc|x86.Build.0 = Debug|Any CPU
		{510147B0-E805-4F9D-8A36-AA6D04CC1A0F}.AppStore|Any CPU.ActiveCfg = Debug|Any CPU
		{510147B0-E805-4F9D-8A36-AA6D04CC1A0F}.AppStore|Any CPU.Build.0 = Debug|Any CPU
		{510147B0-E805-4F9D-8A36-AA6D04CC1A0F}.AppStore|ARM.ActiveCfg = Debug|Any CPU
		{510147B0-E805-4F9D-8A36-AA6D04CC1A0F}.AppStore|ARM.Build.0 = Debug|Any CPU
		{510147B0-E805-4F9D-8A36-AA6D04CC1A0F}.AppStore|iPhone.ActiveCfg = Debug|Any CPU
		{510147B0-E805-4F9D-8A36-AA6D04CC1A0F}.AppStore|iPhone.Build.0 = Debug|Any CPU
		{510147B0-E805-4F9D-8A36-AA6D04CC1A0F}.AppStore|iPhoneSimulator.ActiveCfg = Debug|Any CPU
		{510147B0-E805-4F9D-8A36-AA6D04CC1A0F}.AppStore|iPhoneSimulator.Build.0 = Debug|Any CPU
		{510147B0-E805-4F9D-8A36-AA6D04CC1A0F}.AppStore|x64.ActiveCfg = Debug|Any CPU
		{510147B0-E805-4F9D-8A36-AA6D04CC1A0F}.AppStore|x64.Build.0 = Debug|Any CPU
		{510147B0-E805-4F9D-8A36-AA6D04CC1A0F}.AppStore|x86.ActiveCfg = Debug|Any CPU
		{510147B0-E805-4F9D-8A36-AA6D04CC1A0F}.AppStore|x86.Build.0 = Debug|Any CPU
		{510147B0-E805-4F9D-8A36-AA6D04CC1A0F}.Debug|Any CPU.ActiveCfg = Debug|Any CPU
		{510147B0-E805-4F9D-8A36-AA6D04CC1A0F}.Debug|Any CPU.Build.0 = Debug|Any CPU
		{510147B0-E805-4F9D-8A36-AA6D04CC1A0F}.Debug|ARM.ActiveCfg = Debug|Any CPU
		{510147B0-E805-4F9D-8A36-AA6D04CC1A0F}.Debug|ARM.Build.0 = Debug|Any CPU
		{510147B0-E805-4F9D-8A36-AA6D04CC1A0F}.Debug|iPhone.ActiveCfg = Debug|Any CPU
		{510147B0-E805-4F9D-8A36-AA6D04CC1A0F}.Debug|iPhone.Build.0 = Debug|Any CPU
		{510147B0-E805-4F9D-8A36-AA6D04CC1A0F}.Debug|iPhoneSimulator.ActiveCfg = Debug|Any CPU
		{510147B0-E805-4F9D-8A36-AA6D04CC1A0F}.Debug|iPhoneSimulator.Build.0 = Debug|Any CPU
		{510147B0-E805-4F9D-8A36-AA6D04CC1A0F}.Debug|x64.ActiveCfg = Debug|Any CPU
		{510147B0-E805-4F9D-8A36-AA6D04CC1A0F}.Debug|x64.Build.0 = Debug|Any CPU
		{510147B0-E805-4F9D-8A36-AA6D04CC1A0F}.Debug|x86.ActiveCfg = Debug|Any CPU
		{510147B0-E805-4F9D-8A36-AA6D04CC1A0F}.Debug|x86.Build.0 = Debug|Any CPU
		{510147B0-E805-4F9D-8A36-AA6D04CC1A0F}.Release|Any CPU.ActiveCfg = Release|Any CPU
		{510147B0-E805-4F9D-8A36-AA6D04CC1A0F}.Release|Any CPU.Build.0 = Release|Any CPU
		{510147B0-E805-4F9D-8A36-AA6D04CC1A0F}.Release|ARM.ActiveCfg = Release|Any CPU
		{510147B0-E805-4F9D-8A36-AA6D04CC1A0F}.Release|ARM.Build.0 = Release|Any CPU
		{510147B0-E805-4F9D-8A36-AA6D04CC1A0F}.Release|iPhone.ActiveCfg = Release|Any CPU
		{510147B0-E805-4F9D-8A36-AA6D04CC1A0F}.Release|iPhone.Build.0 = Release|Any CPU
		{510147B0-E805-4F9D-8A36-AA6D04CC1A0F}.Release|iPhoneSimulator.ActiveCfg = Release|Any CPU
		{510147B0-E805-4F9D-8A36-AA6D04CC1A0F}.Release|iPhoneSimulator.Build.0 = Release|Any CPU
		{510147B0-E805-4F9D-8A36-AA6D04CC1A0F}.Release|x64.ActiveCfg = Release|Any CPU
		{510147B0-E805-4F9D-8A36-AA6D04CC1A0F}.Release|x64.Build.0 = Release|Any CPU
		{510147B0-E805-4F9D-8A36-AA6D04CC1A0F}.Release|x86.ActiveCfg = Release|Any CPU
		{510147B0-E805-4F9D-8A36-AA6D04CC1A0F}.Release|x86.Build.0 = Release|Any CPU
		{65073314-D01D-48FB-8F53-39A2521C9DE4}.Ad-Hoc|Any CPU.ActiveCfg = Debug|Any CPU
		{65073314-D01D-48FB-8F53-39A2521C9DE4}.Ad-Hoc|Any CPU.Build.0 = Debug|Any CPU
		{65073314-D01D-48FB-8F53-39A2521C9DE4}.Ad-Hoc|ARM.ActiveCfg = Debug|Any CPU
		{65073314-D01D-48FB-8F53-39A2521C9DE4}.Ad-Hoc|ARM.Build.0 = Debug|Any CPU
		{65073314-D01D-48FB-8F53-39A2521C9DE4}.Ad-Hoc|iPhone.ActiveCfg = Debug|Any CPU
		{65073314-D01D-48FB-8F53-39A2521C9DE4}.Ad-Hoc|iPhone.Build.0 = Debug|Any CPU
		{65073314-D01D-48FB-8F53-39A2521C9DE4}.Ad-Hoc|iPhoneSimulator.ActiveCfg = Debug|Any CPU
		{65073314-D01D-48FB-8F53-39A2521C9DE4}.Ad-Hoc|iPhoneSimulator.Build.0 = Debug|Any CPU
		{65073314-D01D-48FB-8F53-39A2521C9DE4}.Ad-Hoc|x64.ActiveCfg = Debug|Any CPU
		{65073314-D01D-48FB-8F53-39A2521C9DE4}.Ad-Hoc|x64.Build.0 = Debug|Any CPU
		{65073314-D01D-48FB-8F53-39A2521C9DE4}.Ad-Hoc|x86.ActiveCfg = Debug|Any CPU
		{65073314-D01D-48FB-8F53-39A2521C9DE4}.Ad-Hoc|x86.Build.0 = Debug|Any CPU
		{65073314-D01D-48FB-8F53-39A2521C9DE4}.AppStore|Any CPU.ActiveCfg = Debug|Any CPU
		{65073314-D01D-48FB-8F53-39A2521C9DE4}.AppStore|Any CPU.Build.0 = Debug|Any CPU
		{65073314-D01D-48FB-8F53-39A2521C9DE4}.AppStore|ARM.ActiveCfg = Debug|Any CPU
		{65073314-D01D-48FB-8F53-39A2521C9DE4}.AppStore|ARM.Build.0 = Debug|Any CPU
		{65073314-D01D-48FB-8F53-39A2521C9DE4}.AppStore|iPhone.ActiveCfg = Debug|Any CPU
		{65073314-D01D-48FB-8F53-39A2521C9DE4}.AppStore|iPhone.Build.0 = Debug|Any CPU
		{65073314-D01D-48FB-8F53-39A2521C9DE4}.AppStore|iPhoneSimulator.ActiveCfg = Debug|Any CPU
		{65073314-D01D-48FB-8F53-39A2521C9DE4}.AppStore|iPhoneSimulator.Build.0 = Debug|Any CPU
		{65073314-D01D-48FB-8F53-39A2521C9DE4}.AppStore|x64.ActiveCfg = Debug|Any CPU
		{65073314-D01D-48FB-8F53-39A2521C9DE4}.AppStore|x64.Build.0 = Debug|Any CPU
		{65073314-D01D-48FB-8F53-39A2521C9DE4}.AppStore|x86.ActiveCfg = Debug|Any CPU
		{65073314-D01D-48FB-8F53-39A2521C9DE4}.AppStore|x86.Build.0 = Debug|Any CPU
		{65073314-D01D-48FB-8F53-39A2521C9DE4}.Debug|Any CPU.ActiveCfg = Debug|Any CPU
		{65073314-D01D-48FB-8F53-39A2521C9DE4}.Debug|Any CPU.Build.0 = Debug|Any CPU
		{65073314-D01D-48FB-8F53-39A2521C9DE4}.Debug|ARM.ActiveCfg = Debug|Any CPU
		{65073314-D01D-48FB-8F53-39A2521C9DE4}.Debug|ARM.Build.0 = Debug|Any CPU
		{65073314-D01D-48FB-8F53-39A2521C9DE4}.Debug|iPhone.ActiveCfg = Debug|Any CPU
		{65073314-D01D-48FB-8F53-39A2521C9DE4}.Debug|iPhone.Build.0 = Debug|Any CPU
		{65073314-D01D-48FB-8F53-39A2521C9DE4}.Debug|iPhoneSimulator.ActiveCfg = Debug|Any CPU
		{65073314-D01D-48FB-8F53-39A2521C9DE4}.Debug|iPhoneSimulator.Build.0 = Debug|Any CPU
		{65073314-D01D-48FB-8F53-39A2521C9DE4}.Debug|x64.ActiveCfg = Debug|Any CPU
		{65073314-D01D-48FB-8F53-39A2521C9DE4}.Debug|x64.Build.0 = Debug|Any CPU
		{65073314-D01D-48FB-8F53-39A2521C9DE4}.Debug|x86.ActiveCfg = Debug|Any CPU
		{65073314-D01D-48FB-8F53-39A2521C9DE4}.Debug|x86.Build.0 = Debug|Any CPU
		{65073314-D01D-48FB-8F53-39A2521C9DE4}.Release|Any CPU.ActiveCfg = Release|Any CPU
		{65073314-D01D-48FB-8F53-39A2521C9DE4}.Release|Any CPU.Build.0 = Release|Any CPU
		{65073314-D01D-48FB-8F53-39A2521C9DE4}.Release|ARM.ActiveCfg = Release|Any CPU
		{65073314-D01D-48FB-8F53-39A2521C9DE4}.Release|ARM.Build.0 = Release|Any CPU
		{65073314-D01D-48FB-8F53-39A2521C9DE4}.Release|iPhone.ActiveCfg = Release|Any CPU
		{65073314-D01D-48FB-8F53-39A2521C9DE4}.Release|iPhone.Build.0 = Release|Any CPU
		{65073314-D01D-48FB-8F53-39A2521C9DE4}.Release|iPhoneSimulator.ActiveCfg = Release|Any CPU
		{65073314-D01D-48FB-8F53-39A2521C9DE4}.Release|iPhoneSimulator.Build.0 = Release|Any CPU
		{65073314-D01D-48FB-8F53-39A2521C9DE4}.Release|x64.ActiveCfg = Release|Any CPU
		{65073314-D01D-48FB-8F53-39A2521C9DE4}.Release|x64.Build.0 = Release|Any CPU
		{65073314-D01D-48FB-8F53-39A2521C9DE4}.Release|x86.ActiveCfg = Release|Any CPU
		{65073314-D01D-48FB-8F53-39A2521C9DE4}.Release|x86.Build.0 = Release|Any CPU
	EndGlobalSection
	GlobalSection(SolutionProperties) = preSolution
		HideSolutionNode = FALSE
	EndGlobalSection
	GlobalSection(NestedProjects) = preSolution
		{59006901-8EA2-4CD1-A283-301563A9BCC9} = {C9FE465C-71B9-4637-B434-71DB4E535935}
		{3E255E79-4E55-45A8-B086-912A23DEBA7C} = {C9FE465C-71B9-4637-B434-71DB4E535935}
		{B2A65829-856A-4134-8F1F-3E18243EBF2F} = {C9FE465C-71B9-4637-B434-71DB4E535935}
		{F8E5D141-294D-458D-912D-08C15275EA80} = {C9FE465C-71B9-4637-B434-71DB4E535935}
		{AB5249FE-A8C7-4877-A5B6-0E70DC4703D1} = {C9FE465C-71B9-4637-B434-71DB4E535935}
		{A2C60D12-29F5-4289-8BB2-D817F15AC75E} = {C9FE465C-71B9-4637-B434-71DB4E535935}
		{C35A9FFA-94DA-4CC0-9441-94F191C86FA7} = {C9FE465C-71B9-4637-B434-71DB4E535935}
		{09302E8A-2B05-4A52-82A8-8A792C3A1EDF} = {86914E97-061E-4A57-8534-65C60185F39E}
		{E4D4B09E-02F2-42C0-867A-139B49F1BF73} = {F4F8BC13-018C-4DB9-9C33-8EC905435AA8}
		{4404F6B7-D192-46E0-85B6-F5DA1D5389C8} = {F4F8BC13-018C-4DB9-9C33-8EC905435AA8}
		{55CE88ED-9719-4D4E-AF06-34EDBF1F1951} = {F4F8BC13-018C-4DB9-9C33-8EC905435AA8}
		{510147B0-E805-4F9D-8A36-AA6D04CC1A0F} = {F4F8BC13-018C-4DB9-9C33-8EC905435AA8}
		{65073314-D01D-48FB-8F53-39A2521C9DE4} = {9DBD09DB-DBB5-4B9C-B639-9B3689102858}
	EndGlobalSection
	GlobalSection(ExtensibilityGlobals) = postSolution
		SolutionGuid = {97A94740-D9ED-42A0-9A12-04A2C2BD34F2}
	EndGlobalSection
EndGlobal
