
Microsoft Visual Studio Solution File, Format Version 12.00
# Visual Studio Version 16
VisualStudioVersion = 16.0.29709.97
MinimumVisualStudioVersion = 10.0.40219.1
Project("{FAE04EC0-301F-11D3-BF4B-00C04F79EFBC}") = "Doods.Openmediavault.Project.Test", "Doods.Openmediavault.Project.Test\Doods.Openmediavault.Project.Test.csproj", "{A0739097-A6C4-46F8-85F1-DC1618668642}"
EndProject
Project("{9A19103F-16F7-4668-BE54-9A1E7A4F7556}") = "Doods.Openmediavault.Rpc.Std", "..\..\Doods.Openmediavault.Rpc.std\Doods.Openmediavault.Rpc.Std.csproj", "{D369B378-2925-47AB-B3F1-C1E27FE0E27E}"
EndProject
Project("{9A19103F-16F7-4668-BE54-9A1E7A4F7556}") = "Doods.Openmedivault.Http.Std", "..\..\Doods.Openmedivault.Http.Std\Doods.Openmedivault.Http.Std.csproj", "{432739EE-0BD3-4415-BE33-FF3612C3DBD2}"
EndProject
Project("{9A19103F-16F7-4668-BE54-9A1E7A4F7556}") = "Doods.Openmedivault.Ssh.Std", "..\..\Doods.Openmedivault.Ssh.Std\Doods.Openmedivault.Ssh.Std.csproj", "{51FE0D08-1EA8-44C6-8F19-D8871B22DE68}"
EndProject
Project("{9A19103F-16F7-4668-BE54-9A1E7A4F7556}") = "Doods.Framework.Http.Std", "..\..\..\Submodules\Doods.Frameworks.Std\Doods.Framework.Http.Std\Doods.Framework.Http.Std.csproj", "{A7EB2CE0-5532-4E37-91F8-56B0214D24AB}"
EndProject
Project("{9A19103F-16F7-4668-BE54-9A1E7A4F7556}") = "Doods.Framework.Std", "..\..\..\Submodules\Doods.Frameworks.Std\Doods.Framework.Std\Doods.Framework.Std.csproj", "{03EFAD40-19E1-47F5-A4BE-ABF90166916A}"
EndProject
Project("{9A19103F-16F7-4668-BE54-9A1E7A4F7556}") = "Doods.Framework.ApiClientBase.Std", "..\..\..\Submodules\Doods.Frameworks.Std\Doods.Framework.ApiClientBase.Std\Doods.Framework.ApiClientBase.Std.csproj", "{2AC35B70-7D17-41A0-B1E8-DAE84CD208F8}"
EndProject
Project("{9A19103F-16F7-4668-BE54-9A1E7A4F7556}") = "Doods.Framework.Ssh.Std", "..\..\..\Submodules\Doods.Frameworks.Std\Doods.Framework.Ssh.Std\Doods.Framework.Ssh.Std.csproj", "{AF60C2AA-EE0B-4CF8-860A-75DBCF832108}"
EndProject
Project("{2150E333-8FDC-42A3-9474-1A3956D46DE8}") = "Framework", "Framework", "{1733E6ED-671A-4EBB-8057-C3A51E63CA3D}"
EndProject
Project("{2150E333-8FDC-42A3-9474-1A3956D46DE8}") = "Openmediavault.Rpc", "Openmediavault.Rpc", "{524BDB0E-167D-4032-8871-CEBB23D8EE05}"
EndProject
Global
	GlobalSection(SolutionConfigurationPlatforms) = preSolution
		Debug|Any CPU = Debug|Any CPU
		Release|Any CPU = Release|Any CPU
	EndGlobalSection
	GlobalSection(ProjectConfigurationPlatforms) = postSolution
		{A0739097-A6C4-46F8-85F1-DC1618668642}.Debug|Any CPU.ActiveCfg = Debug|Any CPU
		{A0739097-A6C4-46F8-85F1-DC1618668642}.Debug|Any CPU.Build.0 = Debug|Any CPU
		{A0739097-A6C4-46F8-85F1-DC1618668642}.Release|Any CPU.ActiveCfg = Release|Any CPU
		{A0739097-A6C4-46F8-85F1-DC1618668642}.Release|Any CPU.Build.0 = Release|Any CPU
		{D369B378-2925-47AB-B3F1-C1E27FE0E27E}.Debug|Any CPU.ActiveCfg = Debug|Any CPU
		{D369B378-2925-47AB-B3F1-C1E27FE0E27E}.Debug|Any CPU.Build.0 = Debug|Any CPU
		{D369B378-2925-47AB-B3F1-C1E27FE0E27E}.Release|Any CPU.ActiveCfg = Release|Any CPU
		{D369B378-2925-47AB-B3F1-C1E27FE0E27E}.Release|Any CPU.Build.0 = Release|Any CPU
		{432739EE-0BD3-4415-BE33-FF3612C3DBD2}.Debug|Any CPU.ActiveCfg = Debug|Any CPU
		{432739EE-0BD3-4415-BE33-FF3612C3DBD2}.Debug|Any CPU.Build.0 = Debug|Any CPU
		{432739EE-0BD3-4415-BE33-FF3612C3DBD2}.Release|Any CPU.ActiveCfg = Release|Any CPU
		{432739EE-0BD3-4415-BE33-FF3612C3DBD2}.Release|Any CPU.Build.0 = Release|Any CPU
		{51FE0D08-1EA8-44C6-8F19-D8871B22DE68}.Debug|Any CPU.ActiveCfg = Debug|Any CPU
		{51FE0D08-1EA8-44C6-8F19-D8871B22DE68}.Debug|Any CPU.Build.0 = Debug|Any CPU
		{51FE0D08-1EA8-44C6-8F19-D8871B22DE68}.Release|Any CPU.ActiveCfg = Release|Any CPU
		{51FE0D08-1EA8-44C6-8F19-D8871B22DE68}.Release|Any CPU.Build.0 = Release|Any CPU
		{A7EB2CE0-5532-4E37-91F8-56B0214D24AB}.Debug|Any CPU.ActiveCfg = Debug|Any CPU
		{A7EB2CE0-5532-4E37-91F8-56B0214D24AB}.Debug|Any CPU.Build.0 = Debug|Any CPU
		{A7EB2CE0-5532-4E37-91F8-56B0214D24AB}.Release|Any CPU.ActiveCfg = Release|Any CPU
		{A7EB2CE0-5532-4E37-91F8-56B0214D24AB}.Release|Any CPU.Build.0 = Release|Any CPU
		{03EFAD40-19E1-47F5-A4BE-ABF90166916A}.Debug|Any CPU.ActiveCfg = Debug|Any CPU
		{03EFAD40-19E1-47F5-A4BE-ABF90166916A}.Debug|Any CPU.Build.0 = Debug|Any CPU
		{03EFAD40-19E1-47F5-A4BE-ABF90166916A}.Release|Any CPU.ActiveCfg = Release|Any CPU
		{03EFAD40-19E1-47F5-A4BE-ABF90166916A}.Release|Any CPU.Build.0 = Release|Any CPU
		{2AC35B70-7D17-41A0-B1E8-DAE84CD208F8}.Debug|Any CPU.ActiveCfg = Debug|Any CPU
		{2AC35B70-7D17-41A0-B1E8-DAE84CD208F8}.Debug|Any CPU.Build.0 = Debug|Any CPU
		{2AC35B70-7D17-41A0-B1E8-DAE84CD208F8}.Release|Any CPU.ActiveCfg = Release|Any CPU
		{2AC35B70-7D17-41A0-B1E8-DAE84CD208F8}.Release|Any CPU.Build.0 = Release|Any CPU
		{AF60C2AA-EE0B-4CF8-860A-75DBCF832108}.Debug|Any CPU.ActiveCfg = Debug|Any CPU
		{AF60C2AA-EE0B-4CF8-860A-75DBCF832108}.Debug|Any CPU.Build.0 = Debug|Any CPU
		{AF60C2AA-EE0B-4CF8-860A-75DBCF832108}.Release|Any CPU.ActiveCfg = Release|Any CPU
		{AF60C2AA-EE0B-4CF8-860A-75DBCF832108}.Release|Any CPU.Build.0 = Release|Any CPU
	EndGlobalSection
	GlobalSection(SolutionProperties) = preSolution
		HideSolutionNode = FALSE
	EndGlobalSection
	GlobalSection(NestedProjects) = preSolution
		{D369B378-2925-47AB-B3F1-C1E27FE0E27E} = {524BDB0E-167D-4032-8871-CEBB23D8EE05}
		{432739EE-0BD3-4415-BE33-FF3612C3DBD2} = {524BDB0E-167D-4032-8871-CEBB23D8EE05}
		{51FE0D08-1EA8-44C6-8F19-D8871B22DE68} = {524BDB0E-167D-4032-8871-CEBB23D8EE05}
		{A7EB2CE0-5532-4E37-91F8-56B0214D24AB} = {1733E6ED-671A-4EBB-8057-C3A51E63CA3D}
		{03EFAD40-19E1-47F5-A4BE-ABF90166916A} = {1733E6ED-671A-4EBB-8057-C3A51E63CA3D}
		{2AC35B70-7D17-41A0-B1E8-DAE84CD208F8} = {1733E6ED-671A-4EBB-8057-C3A51E63CA3D}
		{AF60C2AA-EE0B-4CF8-860A-75DBCF832108} = {1733E6ED-671A-4EBB-8057-C3A51E63CA3D}
	EndGlobalSection
	GlobalSection(ExtensibilityGlobals) = postSolution
		SolutionGuid = {8FA829FF-7917-4A6C-B9D0-5A403691ED55}
	EndGlobalSection
EndGlobal
