
Microsoft Visual Studio Solution File, Format Version 12.00
# Visual Studio Version 16
VisualStudioVersion = 16.0.29905.134
MinimumVisualStudioVersion = 10.0.40219.1
Project("{2150E333-8FDC-42A3-9474-1A3956D46DE8}") = "Doods.Framework", "Doods.Framework", "{17B0D4B2-122A-4053-8EA0-907BA7C8923C}"
EndProject
Project("{9A19103F-16F7-4668-BE54-9A1E7A4F7556}") = "Doods.Framework.Std", "..\..\Submodules\Doods.Frameworks.Std\Doods.Framework.Std\Doods.Framework.Std.csproj", "{FD5153DC-B490-43E2-BE77-A5EAE8D1DF31}"
EndProject
Project("{9A19103F-16F7-4668-BE54-9A1E7A4F7556}") = "Doods.Framework.Http.Std", "..\..\Submodules\Doods.Frameworks.Std\Doods.Framework.Http.Std\Doods.Framework.Http.Std.csproj", "{04D9C1E8-8D2D-44DD-A439-C9F3D1D621DB}"
EndProject
Project("{9A19103F-16F7-4668-BE54-9A1E7A4F7556}") = "Doods.Framework.ApiClientBase.Std", "..\..\Submodules\Doods.Frameworks.Std\Doods.Framework.ApiClientBase.Std\Doods.Framework.ApiClientBase.Std.csproj", "{8F264998-9EE3-4F22-BB0F-16CEF56A51EA}"
EndProject
Project("{FAE04EC0-301F-11D3-BF4B-00C04F79EFBC}") = "Doods.Webmin.Project.Test", "Doods.Webmin.Project.Test\Doods.Webmin.Project.Test.csproj", "{B3E91E0A-B02E-47C5-9334-D4FC11B49323}"
EndProject
Project("{9A19103F-16F7-4668-BE54-9A1E7A4F7556}") = "Doods.Webmin.Webapi.Std", "..\Doods.Webmin.Webapi.Std\Doods.Webmin.Webapi.Std.csproj", "{8DA6C1FC-B09B-4090-A2C2-DC7707F38296}"
EndProject
Global
	GlobalSection(SolutionConfigurationPlatforms) = preSolution
		Debug|Any CPU = Debug|Any CPU
		Release|Any CPU = Release|Any CPU
	EndGlobalSection
	GlobalSection(ProjectConfigurationPlatforms) = postSolution
		{FD5153DC-B490-43E2-BE77-A5EAE8D1DF31}.Debug|Any CPU.ActiveCfg = Debug|Any CPU
		{FD5153DC-B490-43E2-BE77-A5EAE8D1DF31}.Debug|Any CPU.Build.0 = Debug|Any CPU
		{FD5153DC-B490-43E2-BE77-A5EAE8D1DF31}.Release|Any CPU.ActiveCfg = Release|Any CPU
		{FD5153DC-B490-43E2-BE77-A5EAE8D1DF31}.Release|Any CPU.Build.0 = Release|Any CPU
		{04D9C1E8-8D2D-44DD-A439-C9F3D1D621DB}.Debug|Any CPU.ActiveCfg = Debug|Any CPU
		{04D9C1E8-8D2D-44DD-A439-C9F3D1D621DB}.Debug|Any CPU.Build.0 = Debug|Any CPU
		{04D9C1E8-8D2D-44DD-A439-C9F3D1D621DB}.Release|Any CPU.ActiveCfg = Release|Any CPU
		{04D9C1E8-8D2D-44DD-A439-C9F3D1D621DB}.Release|Any CPU.Build.0 = Release|Any CPU
		{8F264998-9EE3-4F22-BB0F-16CEF56A51EA}.Debug|Any CPU.ActiveCfg = Debug|Any CPU
		{8F264998-9EE3-4F22-BB0F-16CEF56A51EA}.Debug|Any CPU.Build.0 = Debug|Any CPU
		{8F264998-9EE3-4F22-BB0F-16CEF56A51EA}.Release|Any CPU.ActiveCfg = Release|Any CPU
		{8F264998-9EE3-4F22-BB0F-16CEF56A51EA}.Release|Any CPU.Build.0 = Release|Any CPU
		{B3E91E0A-B02E-47C5-9334-D4FC11B49323}.Debug|Any CPU.ActiveCfg = Debug|Any CPU
		{B3E91E0A-B02E-47C5-9334-D4FC11B49323}.Debug|Any CPU.Build.0 = Debug|Any CPU
		{B3E91E0A-B02E-47C5-9334-D4FC11B49323}.Release|Any CPU.ActiveCfg = Release|Any CPU
		{B3E91E0A-B02E-47C5-9334-D4FC11B49323}.Release|Any CPU.Build.0 = Release|Any CPU
		{8DA6C1FC-B09B-4090-A2C2-DC7707F38296}.Debug|Any CPU.ActiveCfg = Debug|Any CPU
		{8DA6C1FC-B09B-4090-A2C2-DC7707F38296}.Debug|Any CPU.Build.0 = Debug|Any CPU
		{8DA6C1FC-B09B-4090-A2C2-DC7707F38296}.Release|Any CPU.ActiveCfg = Release|Any CPU
		{8DA6C1FC-B09B-4090-A2C2-DC7707F38296}.Release|Any CPU.Build.0 = Release|Any CPU
	EndGlobalSection
	GlobalSection(SolutionProperties) = preSolution
		HideSolutionNode = FALSE
	EndGlobalSection
	GlobalSection(NestedProjects) = preSolution
		{FD5153DC-B490-43E2-BE77-A5EAE8D1DF31} = {17B0D4B2-122A-4053-8EA0-907BA7C8923C}
		{04D9C1E8-8D2D-44DD-A439-C9F3D1D621DB} = {17B0D4B2-122A-4053-8EA0-907BA7C8923C}
		{8F264998-9EE3-4F22-BB0F-16CEF56A51EA} = {17B0D4B2-122A-4053-8EA0-907BA7C8923C}
	EndGlobalSection
	GlobalSection(ExtensibilityGlobals) = postSolution
		SolutionGuid = {EEAE9943-B5D7-4696-8429-4A196B0D8B9E}
	EndGlobalSection
EndGlobal
