
Microsoft Visual Studio Solution File, Format Version 12.00
# Visual Studio Version 16
VisualStudioVersion = 16.0.29709.97
MinimumVisualStudioVersion = 10.0.40219.1
Project("{FAE04EC0-301F-11D3-BF4B-00C04F79EFBC}") = "Doods.StdLibSsh", "Doods.StdLibSsh\Doods.StdLibSsh.csproj", "{67F9D3A8-F71E-4428-913F-C37AE82CDB24}"
EndProject
Project("{9A19103F-16F7-4668-BE54-9A1E7A4F7556}") = "Doods.Framework.Std", "Doods.Framework.Std\Doods.Framework.Std.csproj", "{6C0A598A-7E1D-499E-8834-BA570988E22D}"
EndProject
Project("{9A19103F-16F7-4668-BE54-9A1E7A4F7556}") = "Doods.Framework.Repository.Std", "Doods.Framework.Repository.Std\Doods.Framework.Repository.Std.csproj", "{AFCAE1FA-8B69-4CD7-B7BC-56C4EB6206DA}"
EndProject
Project("{9A19103F-16F7-4668-BE54-9A1E7A4F7556}") = "Doods.Framework.Mobile.Std", "Doods.Framework.Mobile.Std\Doods.Framework.Mobile.Std.csproj", "{FC479AC3-6FDB-4D2D-957D-F4840FC4C23E}"
EndProject
Project("{9A19103F-16F7-4668-BE54-9A1E7A4F7556}") = "Doods.Framework.Ssh.Std", "Doods.Framework.Ssh.Std\Doods.Framework.Ssh.Std.csproj", "{4CC083CA-2F11-4533-8746-4E34CBF0817B}"
EndProject
Project("{9A19103F-16F7-4668-BE54-9A1E7A4F7556}") = "Doods.Framework.ApiClientBase.Std", "Doods.Framework.ApiClientBase.Std\Doods.Framework.ApiClientBase.Std.csproj", "{64792C87-F060-4627-AD0C-E48F9D13886B}"
EndProject
Project("{9A19103F-16F7-4668-BE54-9A1E7A4F7556}") = "Doods.Framework.Std.UnitTest", "Doods.Framework.Std.UnitTest\Doods.Framework.Std.UnitTest.csproj", "{24BCD85F-30DA-40D5-9F24-7CF387B09C95}"
EndProject
Project("{FAE04EC0-301F-11D3-BF4B-00C04F79EFBC}") = "Doods.Framework.Android", "Doods.Framework.Android\Doods.Framework.Android.csproj", "{60D6BE2E-E0B1-472F-9C8C-209219EBA7EE}"
EndProject
Project("{9A19103F-16F7-4668-BE54-9A1E7A4F7556}") = "Doods.Framework.Mobile.Ssh.Std", "Doods.Framework.Mobile.Ssh.Std\Doods.Framework.Mobile.Ssh.Std.csproj", "{79593A88-C16A-4361-98B8-5879F027888E}"
EndProject
Project("{FAE04EC0-301F-11D3-BF4B-00C04F79EFBC}") = "Doods.Framework.Http.Std", "Doods.Framework.Http.Std\Doods.Framework.Http.Std.csproj", "{B0D318AB-4EB1-4221-9F52-F5683A8A3F95}"
EndProject
Global
	GlobalSection(SolutionConfigurationPlatforms) = preSolution
		Debug|Any CPU = Debug|Any CPU
		Release|Any CPU = Release|Any CPU
	EndGlobalSection
	GlobalSection(ProjectConfigurationPlatforms) = postSolution
		{67F9D3A8-F71E-4428-913F-C37AE82CDB24}.Debug|Any CPU.ActiveCfg = Debug|Any CPU
		{67F9D3A8-F71E-4428-913F-C37AE82CDB24}.Debug|Any CPU.Build.0 = Debug|Any CPU
		{67F9D3A8-F71E-4428-913F-C37AE82CDB24}.Release|Any CPU.ActiveCfg = Release|Any CPU
		{67F9D3A8-F71E-4428-913F-C37AE82CDB24}.Release|Any CPU.Build.0 = Release|Any CPU
		{6C0A598A-7E1D-499E-8834-BA570988E22D}.Debug|Any CPU.ActiveCfg = Debug|Any CPU
		{6C0A598A-7E1D-499E-8834-BA570988E22D}.Debug|Any CPU.Build.0 = Debug|Any CPU
		{6C0A598A-7E1D-499E-8834-BA570988E22D}.Release|Any CPU.ActiveCfg = Release|Any CPU
		{6C0A598A-7E1D-499E-8834-BA570988E22D}.Release|Any CPU.Build.0 = Release|Any CPU
		{AFCAE1FA-8B69-4CD7-B7BC-56C4EB6206DA}.Debug|Any CPU.ActiveCfg = Debug|Any CPU
		{AFCAE1FA-8B69-4CD7-B7BC-56C4EB6206DA}.Debug|Any CPU.Build.0 = Debug|Any CPU
		{AFCAE1FA-8B69-4CD7-B7BC-56C4EB6206DA}.Release|Any CPU.ActiveCfg = Release|Any CPU
		{AFCAE1FA-8B69-4CD7-B7BC-56C4EB6206DA}.Release|Any CPU.Build.0 = Release|Any CPU
		{FC479AC3-6FDB-4D2D-957D-F4840FC4C23E}.Debug|Any CPU.ActiveCfg = Debug|Any CPU
		{FC479AC3-6FDB-4D2D-957D-F4840FC4C23E}.Debug|Any CPU.Build.0 = Debug|Any CPU
		{FC479AC3-6FDB-4D2D-957D-F4840FC4C23E}.Release|Any CPU.ActiveCfg = Release|Any CPU
		{FC479AC3-6FDB-4D2D-957D-F4840FC4C23E}.Release|Any CPU.Build.0 = Release|Any CPU
		{4CC083CA-2F11-4533-8746-4E34CBF0817B}.Debug|Any CPU.ActiveCfg = Debug|Any CPU
		{4CC083CA-2F11-4533-8746-4E34CBF0817B}.Debug|Any CPU.Build.0 = Debug|Any CPU
		{4CC083CA-2F11-4533-8746-4E34CBF0817B}.Release|Any CPU.ActiveCfg = Release|Any CPU
		{4CC083CA-2F11-4533-8746-4E34CBF0817B}.Release|Any CPU.Build.0 = Release|Any CPU
		{64792C87-F060-4627-AD0C-E48F9D13886B}.Debug|Any CPU.ActiveCfg = Debug|Any CPU
		{64792C87-F060-4627-AD0C-E48F9D13886B}.Debug|Any CPU.Build.0 = Debug|Any CPU
		{64792C87-F060-4627-AD0C-E48F9D13886B}.Release|Any CPU.ActiveCfg = Release|Any CPU
		{64792C87-F060-4627-AD0C-E48F9D13886B}.Release|Any CPU.Build.0 = Release|Any CPU
		{24BCD85F-30DA-40D5-9F24-7CF387B09C95}.Debug|Any CPU.ActiveCfg = Debug|Any CPU
		{24BCD85F-30DA-40D5-9F24-7CF387B09C95}.Debug|Any CPU.Build.0 = Debug|Any CPU
		{24BCD85F-30DA-40D5-9F24-7CF387B09C95}.Release|Any CPU.ActiveCfg = Release|Any CPU
		{24BCD85F-30DA-40D5-9F24-7CF387B09C95}.Release|Any CPU.Build.0 = Release|Any CPU
		{60D6BE2E-E0B1-472F-9C8C-209219EBA7EE}.Debug|Any CPU.ActiveCfg = Debug|Any CPU
		{60D6BE2E-E0B1-472F-9C8C-209219EBA7EE}.Debug|Any CPU.Build.0 = Debug|Any CPU
		{60D6BE2E-E0B1-472F-9C8C-209219EBA7EE}.Release|Any CPU.ActiveCfg = Release|Any CPU
		{60D6BE2E-E0B1-472F-9C8C-209219EBA7EE}.Release|Any CPU.Build.0 = Release|Any CPU
		{79593A88-C16A-4361-98B8-5879F027888E}.Debug|Any CPU.ActiveCfg = Debug|Any CPU
		{79593A88-C16A-4361-98B8-5879F027888E}.Debug|Any CPU.Build.0 = Debug|Any CPU
		{79593A88-C16A-4361-98B8-5879F027888E}.Release|Any CPU.ActiveCfg = Release|Any CPU
		{79593A88-C16A-4361-98B8-5879F027888E}.Release|Any CPU.Build.0 = Release|Any CPU
		{B0D318AB-4EB1-4221-9F52-F5683A8A3F95}.Debug|Any CPU.ActiveCfg = Debug|Any CPU
		{B0D318AB-4EB1-4221-9F52-F5683A8A3F95}.Debug|Any CPU.Build.0 = Debug|Any CPU
		{B0D318AB-4EB1-4221-9F52-F5683A8A3F95}.Release|Any CPU.ActiveCfg = Release|Any CPU
		{B0D318AB-4EB1-4221-9F52-F5683A8A3F95}.Release|Any CPU.Build.0 = Release|Any CPU
	EndGlobalSection
	GlobalSection(SolutionProperties) = preSolution
		HideSolutionNode = FALSE
	EndGlobalSection
	GlobalSection(ExtensibilityGlobals) = postSolution
		SolutionGuid = {71019A5A-ADDB-4B5C-803C-0AC6B0BA26D0}
	EndGlobalSection
EndGlobal
